
Microsoft Visual Studio Solution File, Format Version 12.00
# Visual Studio 14
VisualStudioVersion = 14.0.25420.1
MinimumVisualStudioVersion = 10.0.40219.1
Project("{FAE04EC0-301F-11D3-BF4B-00C04F79EFBC}") = "HorizontalListView.Droid", "HorizontalListView\HorizontalListView.Droid\HorizontalListView.Droid.csproj", "{02426503-BB08-4FCB-9757-FEFF38E8445C}"
EndProject
Project("{FAE04EC0-301F-11D3-BF4B-00C04F79EFBC}") = "HorizontalListView.iOS", "HorizontalListView\HorizontalListView.iOS\HorizontalListView.iOS.csproj", "{EF13A38F-B744-494A-BC94-E29F5A3963C2}"
EndProject
Project("{FAE04EC0-301F-11D3-BF4B-00C04F79EFBC}") = "HorizontalListView.WinPhone", "HorizontalListView\HorizontalListView.WinPhone\HorizontalListView.WinPhone.csproj", "{D7ADC947-61D8-4D5D-929C-BD2C96814051}"
EndProject
Project("{FAE04EC0-301F-11D3-BF4B-00C04F79EFBC}") = "HorizontalListView.UWP", "HorizontalListView\HorizontalListView.UWP\HorizontalListView.UWP.csproj", "{B18D6F4A-99DD-48BE-BEA2-2F63ACD0EE3F}"
EndProject
Project("{FAE04EC0-301F-11D3-BF4B-00C04F79EFBC}") = "HorizontalListView.Windows", "HorizontalListView\HorizontalListView.Windows\HorizontalListView.Windows.csproj", "{C9110C31-B877-42B3-8E74-7D8B97329992}"
EndProject
Project("{2150E333-8FDC-42A3-9474-1A3956D46DE8}") = "App", "App", "{08D94B59-5488-4F35-99FD-FFA7D1F0DA89}"
EndProject
Project("{2150E333-8FDC-42A3-9474-1A3956D46DE8}") = "Control", "Control", "{2B13E407-F477-418D-BE44-814DF7014E5F}"
EndProject
Project("{FAE04EC0-301F-11D3-BF4B-00C04F79EFBC}") = "HorizontalListView.Sample", "HorizontalListView\HorizontalListView.Sample\HorizontalListView.Sample.csproj", "{75D1BB13-8C8E-4D3B-B0EE-95DAF0FEE3A0}"
EndProject
Project("{FAE04EC0-301F-11D3-BF4B-00C04F79EFBC}") = "HorizontalListView", "HorizontalListView\HorizontalListView\HorizontalListView.csproj", "{67F9D3A8-F71E-4428-913F-C37AE82CDB24}"
EndProject
Global
	GlobalSection(SolutionConfigurationPlatforms) = preSolution
		Ad-Hoc|Any CPU = Ad-Hoc|Any CPU
		Ad-Hoc|ARM = Ad-Hoc|ARM
		Ad-Hoc|iPhone = Ad-Hoc|iPhone
		Ad-Hoc|iPhoneSimulator = Ad-Hoc|iPhoneSimulator
		Ad-Hoc|x64 = Ad-Hoc|x64
		Ad-Hoc|x86 = Ad-Hoc|x86
		AppStore|Any CPU = AppStore|Any CPU
		AppStore|ARM = AppStore|ARM
		AppStore|iPhone = AppStore|iPhone
		AppStore|iPhoneSimulator = AppStore|iPhoneSimulator
		AppStore|x64 = AppStore|x64
		AppStore|x86 = AppStore|x86
		Debug|Any CPU = Debug|Any CPU
		Debug|ARM = Debug|ARM
		Debug|iPhone = Debug|iPhone
		Debug|iPhoneSimulator = Debug|iPhoneSimulator
		Debug|x64 = Debug|x64
		Debug|x86 = Debug|x86
		Release|Any CPU = Release|Any CPU
		Release|ARM = Release|ARM
		Release|iPhone = Release|iPhone
		Release|iPhoneSimulator = Release|iPhoneSimulator
		Release|x64 = Release|x64
		Release|x86 = Release|x86
	EndGlobalSection
	GlobalSection(ProjectConfigurationPlatforms) = postSolution
		{02426503-BB08-4FCB-9757-FEFF38E8445C}.Ad-Hoc|Any CPU.ActiveCfg = Release|Any CPU
		{02426503-BB08-4FCB-9757-FEFF38E8445C}.Ad-Hoc|Any CPU.Build.0 = Release|Any CPU
		{02426503-BB08-4FCB-9757-FEFF38E8445C}.Ad-Hoc|Any CPU.Deploy.0 = Release|Any CPU
		{02426503-BB08-4FCB-9757-FEFF38E8445C}.Ad-Hoc|ARM.ActiveCfg = Release|Any CPU
		{02426503-BB08-4FCB-9757-FEFF38E8445C}.Ad-Hoc|ARM.Build.0 = Release|Any CPU
		{02426503-BB08-4FCB-9757-FEFF38E8445C}.Ad-Hoc|ARM.Deploy.0 = Release|Any CPU
		{02426503-BB08-4FCB-9757-FEFF38E8445C}.Ad-Hoc|iPhone.ActiveCfg = Release|Any CPU
		{02426503-BB08-4FCB-9757-FEFF38E8445C}.Ad-Hoc|iPhone.Build.0 = Release|Any CPU
		{02426503-BB08-4FCB-9757-FEFF38E8445C}.Ad-Hoc|iPhone.Deploy.0 = Release|Any CPU
		{02426503-BB08-4FCB-9757-FEFF38E8445C}.Ad-Hoc|iPhoneSimulator.ActiveCfg = Release|Any CPU
		{02426503-BB08-4FCB-9757-FEFF38E8445C}.Ad-Hoc|iPhoneSimulator.Build.0 = Release|Any CPU
		{02426503-BB08-4FCB-9757-FEFF38E8445C}.Ad-Hoc|iPhoneSimulator.Deploy.0 = Release|Any CPU
		{02426503-BB08-4FCB-9757-FEFF38E8445C}.Ad-Hoc|x64.ActiveCfg = Release|Any CPU
		{02426503-BB08-4FCB-9757-FEFF38E8445C}.Ad-Hoc|x64.Build.0 = Release|Any CPU
		{02426503-BB08-4FCB-9757-FEFF38E8445C}.Ad-Hoc|x64.Deploy.0 = Release|Any CPU
		{02426503-BB08-4FCB-9757-FEFF38E8445C}.Ad-Hoc|x86.ActiveCfg = Release|Any CPU
		{02426503-BB08-4FCB-9757-FEFF38E8445C}.Ad-Hoc|x86.Build.0 = Release|Any CPU
		{02426503-BB08-4FCB-9757-FEFF38E8445C}.Ad-Hoc|x86.Deploy.0 = Release|Any CPU
		{02426503-BB08-4FCB-9757-FEFF38E8445C}.AppStore|Any CPU.ActiveCfg = Release|Any CPU
		{02426503-BB08-4FCB-9757-FEFF38E8445C}.AppStore|Any CPU.Build.0 = Release|Any CPU
		{02426503-BB08-4FCB-9757-FEFF38E8445C}.AppStore|Any CPU.Deploy.0 = Release|Any CPU
		{02426503-BB08-4FCB-9757-FEFF38E8445C}.AppStore|ARM.ActiveCfg = Release|Any CPU
		{02426503-BB08-4FCB-9757-FEFF38E8445C}.AppStore|ARM.Build.0 = Release|Any CPU
		{02426503-BB08-4FCB-9757-FEFF38E8445C}.AppStore|ARM.Deploy.0 = Release|Any CPU
		{02426503-BB08-4FCB-9757-FEFF38E8445C}.AppStore|iPhone.ActiveCfg = Release|Any CPU
		{02426503-BB08-4FCB-9757-FEFF38E8445C}.AppStore|iPhone.Build.0 = Release|Any CPU
		{02426503-BB08-4FCB-9757-FEFF38E8445C}.AppStore|iPhone.Deploy.0 = Release|Any CPU
		{02426503-BB08-4FCB-9757-FEFF38E8445C}.AppStore|iPhoneSimulator.ActiveCfg = Release|Any CPU
		{02426503-BB08-4FCB-9757-FEFF38E8445C}.AppStore|iPhoneSimulator.Build.0 = Release|Any CPU
		{02426503-BB08-4FCB-9757-FEFF38E8445C}.AppStore|iPhoneSimulator.Deploy.0 = Release|Any CPU
		{02426503-BB08-4FCB-9757-FEFF38E8445C}.AppStore|x64.ActiveCfg = Release|Any CPU
		{02426503-BB08-4FCB-9757-FEFF38E8445C}.AppStore|x64.Build.0 = Release|Any CPU
		{02426503-BB08-4FCB-9757-FEFF38E8445C}.AppStore|x64.Deploy.0 = Release|Any CPU
		{02426503-BB08-4FCB-9757-FEFF38E8445C}.AppStore|x86.ActiveCfg = Release|Any CPU
		{02426503-BB08-4FCB-9757-FEFF38E8445C}.AppStore|x86.Build.0 = Release|Any CPU
		{02426503-BB08-4FCB-9757-FEFF38E8445C}.AppStore|x86.Deploy.0 = Release|Any CPU
		{02426503-BB08-4FCB-9757-FEFF38E8445C}.Debug|Any CPU.ActiveCfg = Debug|Any CPU
		{02426503-BB08-4FCB-9757-FEFF38E8445C}.Debug|Any CPU.Build.0 = Debug|Any CPU
		{02426503-BB08-4FCB-9757-FEFF38E8445C}.Debug|Any CPU.Deploy.0 = Debug|Any CPU
		{02426503-BB08-4FCB-9757-FEFF38E8445C}.Debug|ARM.ActiveCfg = Debug|Any CPU
		{02426503-BB08-4FCB-9757-FEFF38E8445C}.Debug|ARM.Build.0 = Debug|Any CPU
		{02426503-BB08-4FCB-9757-FEFF38E8445C}.Debug|ARM.Deploy.0 = Debug|Any CPU
		{02426503-BB08-4FCB-9757-FEFF38E8445C}.Debug|iPhone.ActiveCfg = Debug|Any CPU
		{02426503-BB08-4FCB-9757-FEFF38E8445C}.Debug|iPhone.Build.0 = Debug|Any CPU
		{02426503-BB08-4FCB-9757-FEFF38E8445C}.Debug|iPhone.Deploy.0 = Debug|Any CPU
		{02426503-BB08-4FCB-9757-FEFF38E8445C}.Debug|iPhoneSimulator.ActiveCfg = Debug|Any CPU
		{02426503-BB08-4FCB-9757-FEFF38E8445C}.Debug|iPhoneSimulator.Build.0 = Debug|Any CPU
		{02426503-BB08-4FCB-9757-FEFF38E8445C}.Debug|iPhoneSimulator.Deploy.0 = Debug|Any CPU
		{02426503-BB08-4FCB-9757-FEFF38E8445C}.Debug|x64.ActiveCfg = Debug|Any CPU
		{02426503-BB08-4FCB-9757-FEFF38E8445C}.Debug|x64.Build.0 = Debug|Any CPU
		{02426503-BB08-4FCB-9757-FEFF38E8445C}.Debug|x64.Deploy.0 = Debug|Any CPU
		{02426503-BB08-4FCB-9757-FEFF38E8445C}.Debug|x86.ActiveCfg = Debug|Any CPU
		{02426503-BB08-4FCB-9757-FEFF38E8445C}.Debug|x86.Build.0 = Debug|Any CPU
		{02426503-BB08-4FCB-9757-FEFF38E8445C}.Debug|x86.Deploy.0 = Debug|Any CPU
		{02426503-BB08-4FCB-9757-FEFF38E8445C}.Release|Any CPU.ActiveCfg = Release|Any CPU
		{02426503-BB08-4FCB-9757-FEFF38E8445C}.Release|Any CPU.Build.0 = Release|Any CPU
		{02426503-BB08-4FCB-9757-FEFF38E8445C}.Release|Any CPU.Deploy.0 = Release|Any CPU
		{02426503-BB08-4FCB-9757-FEFF38E8445C}.Release|ARM.ActiveCfg = Release|Any CPU
		{02426503-BB08-4FCB-9757-FEFF38E8445C}.Release|ARM.Build.0 = Release|Any CPU
		{02426503-BB08-4FCB-9757-FEFF38E8445C}.Release|ARM.Deploy.0 = Release|Any CPU
		{02426503-BB08-4FCB-9757-FEFF38E8445C}.Release|iPhone.ActiveCfg = Release|Any CPU
		{02426503-BB08-4FCB-9757-FEFF38E8445C}.Release|iPhone.Build.0 = Release|Any CPU
		{02426503-BB08-4FCB-9757-FEFF38E8445C}.Release|iPhone.Deploy.0 = Release|Any CPU
		{02426503-BB08-4FCB-9757-FEFF38E8445C}.Release|iPhoneSimulator.ActiveCfg = Release|Any CPU
		{02426503-BB08-4FCB-9757-FEFF38E8445C}.Release|iPhoneSimulator.Build.0 = Release|Any CPU
		{02426503-BB08-4FCB-9757-FEFF38E8445C}.Release|iPhoneSimulator.Deploy.0 = Release|Any CPU
		{02426503-BB08-4FCB-9757-FEFF38E8445C}.Release|x64.ActiveCfg = Release|Any CPU
		{02426503-BB08-4FCB-9757-FEFF38E8445C}.Release|x64.Build.0 = Release|Any CPU
		{02426503-BB08-4FCB-9757-FEFF38E8445C}.Release|x64.Deploy.0 = Release|Any CPU
		{02426503-BB08-4FCB-9757-FEFF38E8445C}.Release|x86.ActiveCfg = Release|Any CPU
		{02426503-BB08-4FCB-9757-FEFF38E8445C}.Release|x86.Build.0 = Release|Any CPU
		{02426503-BB08-4FCB-9757-FEFF38E8445C}.Release|x86.Deploy.0 = Release|Any CPU
		{EF13A38F-B744-494A-BC94-E29F5A3963C2}.Ad-Hoc|Any CPU.ActiveCfg = Ad-Hoc|iPhone
		{EF13A38F-B744-494A-BC94-E29F5A3963C2}.Ad-Hoc|ARM.ActiveCfg = Ad-Hoc|iPhone
		{EF13A38F-B744-494A-BC94-E29F5A3963C2}.Ad-Hoc|iPhone.ActiveCfg = Ad-Hoc|iPhone
		{EF13A38F-B744-494A-BC94-E29F5A3963C2}.Ad-Hoc|iPhone.Build.0 = Ad-Hoc|iPhone
		{EF13A38F-B744-494A-BC94-E29F5A3963C2}.Ad-Hoc|iPhoneSimulator.ActiveCfg = Ad-Hoc|iPhoneSimulator
		{EF13A38F-B744-494A-BC94-E29F5A3963C2}.Ad-Hoc|iPhoneSimulator.Build.0 = Ad-Hoc|iPhoneSimulator
		{EF13A38F-B744-494A-BC94-E29F5A3963C2}.Ad-Hoc|x64.ActiveCfg = Ad-Hoc|iPhone
		{EF13A38F-B744-494A-BC94-E29F5A3963C2}.Ad-Hoc|x86.ActiveCfg = Ad-Hoc|iPhone
		{EF13A38F-B744-494A-BC94-E29F5A3963C2}.AppStore|Any CPU.ActiveCfg = AppStore|iPhone
		{EF13A38F-B744-494A-BC94-E29F5A3963C2}.AppStore|ARM.ActiveCfg = AppStore|iPhone
		{EF13A38F-B744-494A-BC94-E29F5A3963C2}.AppStore|iPhone.ActiveCfg = AppStore|iPhone
		{EF13A38F-B744-494A-BC94-E29F5A3963C2}.AppStore|iPhone.Build.0 = AppStore|iPhone
		{EF13A38F-B744-494A-BC94-E29F5A3963C2}.AppStore|iPhoneSimulator.ActiveCfg = AppStore|iPhoneSimulator
		{EF13A38F-B744-494A-BC94-E29F5A3963C2}.AppStore|iPhoneSimulator.Build.0 = AppStore|iPhoneSimulator
		{EF13A38F-B744-494A-BC94-E29F5A3963C2}.AppStore|x64.ActiveCfg = AppStore|iPhone
		{EF13A38F-B744-494A-BC94-E29F5A3963C2}.AppStore|x86.ActiveCfg = AppStore|iPhone
		{EF13A38F-B744-494A-BC94-E29F5A3963C2}.Debug|Any CPU.ActiveCfg = Debug|iPhone
		{EF13A38F-B744-494A-BC94-E29F5A3963C2}.Debug|ARM.ActiveCfg = Debug|iPhone
		{EF13A38F-B744-494A-BC94-E29F5A3963C2}.Debug|iPhone.ActiveCfg = Debug|iPhone
		{EF13A38F-B744-494A-BC94-E29F5A3963C2}.Debug|iPhone.Build.0 = Debug|iPhone
		{EF13A38F-B744-494A-BC94-E29F5A3963C2}.Debug|iPhoneSimulator.ActiveCfg = Debug|iPhoneSimulator
		{EF13A38F-B744-494A-BC94-E29F5A3963C2}.Debug|iPhoneSimulator.Build.0 = Debug|iPhoneSimulator
		{EF13A38F-B744-494A-BC94-E29F5A3963C2}.Debug|x64.ActiveCfg = Debug|iPhone
		{EF13A38F-B744-494A-BC94-E29F5A3963C2}.Debug|x86.ActiveCfg = Debug|iPhone
		{EF13A38F-B744-494A-BC94-E29F5A3963C2}.Release|Any CPU.ActiveCfg = Release|iPhone
		{EF13A38F-B744-494A-BC94-E29F5A3963C2}.Release|ARM.ActiveCfg = Release|iPhone
		{EF13A38F-B744-494A-BC94-E29F5A3963C2}.Release|iPhone.ActiveCfg = Release|iPhone
		{EF13A38F-B744-494A-BC94-E29F5A3963C2}.Release|iPhone.Build.0 = Release|iPhone
		{EF13A38F-B744-494A-BC94-E29F5A3963C2}.Release|iPhoneSimulator.ActiveCfg = Release|iPhoneSimulator
		{EF13A38F-B744-494A-BC94-E29F5A3963C2}.Release|iPhoneSimulator.Build.0 = Release|iPhoneSimulator
		{EF13A38F-B744-494A-BC94-E29F5A3963C2}.Release|x64.ActiveCfg = Release|iPhone
		{EF13A38F-B744-494A-BC94-E29F5A3963C2}.Release|x86.ActiveCfg = Release|iPhone
		{D7ADC947-61D8-4D5D-929C-BD2C96814051}.Ad-Hoc|Any CPU.ActiveCfg = Release|Any CPU
		{D7ADC947-61D8-4D5D-929C-BD2C96814051}.Ad-Hoc|Any CPU.Build.0 = Release|Any CPU
		{D7ADC947-61D8-4D5D-929C-BD2C96814051}.Ad-Hoc|Any CPU.Deploy.0 = Release|Any CPU
		{D7ADC947-61D8-4D5D-929C-BD2C96814051}.Ad-Hoc|ARM.ActiveCfg = Release|ARM
		{D7ADC947-61D8-4D5D-929C-BD2C96814051}.Ad-Hoc|ARM.Build.0 = Release|ARM
		{D7ADC947-61D8-4D5D-929C-BD2C96814051}.Ad-Hoc|ARM.Deploy.0 = Release|ARM
		{D7ADC947-61D8-4D5D-929C-BD2C96814051}.Ad-Hoc|iPhone.ActiveCfg = Release|Any CPU
		{D7ADC947-61D8-4D5D-929C-BD2C96814051}.Ad-Hoc|iPhone.Build.0 = Release|Any CPU
		{D7ADC947-61D8-4D5D-929C-BD2C96814051}.Ad-Hoc|iPhone.Deploy.0 = Release|Any CPU
		{D7ADC947-61D8-4D5D-929C-BD2C96814051}.Ad-Hoc|iPhoneSimulator.ActiveCfg = Release|Any CPU
		{D7ADC947-61D8-4D5D-929C-BD2C96814051}.Ad-Hoc|iPhoneSimulator.Build.0 = Release|Any CPU
		{D7ADC947-61D8-4D5D-929C-BD2C96814051}.Ad-Hoc|iPhoneSimulator.Deploy.0 = Release|Any CPU
		{D7ADC947-61D8-4D5D-929C-BD2C96814051}.Ad-Hoc|x64.ActiveCfg = Release|Any CPU
		{D7ADC947-61D8-4D5D-929C-BD2C96814051}.Ad-Hoc|x64.Build.0 = Release|Any CPU
		{D7ADC947-61D8-4D5D-929C-BD2C96814051}.Ad-Hoc|x64.Deploy.0 = Release|Any CPU
		{D7ADC947-61D8-4D5D-929C-BD2C96814051}.Ad-Hoc|x86.ActiveCfg = Release|x86
		{D7ADC947-61D8-4D5D-929C-BD2C96814051}.Ad-Hoc|x86.Build.0 = Release|x86
		{D7ADC947-61D8-4D5D-929C-BD2C96814051}.Ad-Hoc|x86.Deploy.0 = Release|x86
		{D7ADC947-61D8-4D5D-929C-BD2C96814051}.AppStore|Any CPU.ActiveCfg = Release|Any CPU
		{D7ADC947-61D8-4D5D-929C-BD2C96814051}.AppStore|Any CPU.Build.0 = Release|Any CPU
		{D7ADC947-61D8-4D5D-929C-BD2C96814051}.AppStore|Any CPU.Deploy.0 = Release|Any CPU
		{D7ADC947-61D8-4D5D-929C-BD2C96814051}.AppStore|ARM.ActiveCfg = Release|ARM
		{D7ADC947-61D8-4D5D-929C-BD2C96814051}.AppStore|ARM.Build.0 = Release|ARM
		{D7ADC947-61D8-4D5D-929C-BD2C96814051}.AppStore|ARM.Deploy.0 = Release|ARM
		{D7ADC947-61D8-4D5D-929C-BD2C96814051}.AppStore|iPhone.ActiveCfg = Release|Any CPU
		{D7ADC947-61D8-4D5D-929C-BD2C96814051}.AppStore|iPhone.Build.0 = Release|Any CPU
		{D7ADC947-61D8-4D5D-929C-BD2C96814051}.AppStore|iPhone.Deploy.0 = Release|Any CPU
		{D7ADC947-61D8-4D5D-929C-BD2C96814051}.AppStore|iPhoneSimulator.ActiveCfg = Release|Any CPU
		{D7ADC947-61D8-4D5D-929C-BD2C96814051}.AppStore|iPhoneSimulator.Build.0 = Release|Any CPU
		{D7ADC947-61D8-4D5D-929C-BD2C96814051}.AppStore|iPhoneSimulator.Deploy.0 = Release|Any CPU
		{D7ADC947-61D8-4D5D-929C-BD2C96814051}.AppStore|x64.ActiveCfg = Release|Any CPU
		{D7ADC947-61D8-4D5D-929C-BD2C96814051}.AppStore|x64.Build.0 = Release|Any CPU
		{D7ADC947-61D8-4D5D-929C-BD2C96814051}.AppStore|x64.Deploy.0 = Release|Any CPU
		{D7ADC947-61D8-4D5D-929C-BD2C96814051}.AppStore|x86.ActiveCfg = Release|x86
		{D7ADC947-61D8-4D5D-929C-BD2C96814051}.AppStore|x86.Build.0 = Release|x86
		{D7ADC947-61D8-4D5D-929C-BD2C96814051}.AppStore|x86.Deploy.0 = Release|x86
		{D7ADC947-61D8-4D5D-929C-BD2C96814051}.Debug|Any CPU.ActiveCfg = Debug|Any CPU
		{D7ADC947-61D8-4D5D-929C-BD2C96814051}.Debug|Any CPU.Build.0 = Debug|Any CPU
		{D7ADC947-61D8-4D5D-929C-BD2C96814051}.Debug|Any CPU.Deploy.0 = Debug|Any CPU
		{D7ADC947-61D8-4D5D-929C-BD2C96814051}.Debug|ARM.ActiveCfg = Debug|ARM
		{D7ADC947-61D8-4D5D-929C-BD2C96814051}.Debug|ARM.Build.0 = Debug|ARM
		{D7ADC947-61D8-4D5D-929C-BD2C96814051}.Debug|ARM.Deploy.0 = Debug|ARM
		{D7ADC947-61D8-4D5D-929C-BD2C96814051}.Debug|iPhone.ActiveCfg = Debug|Any CPU
		{D7ADC947-61D8-4D5D-929C-BD2C96814051}.Debug|iPhone.Build.0 = Debug|Any CPU
		{D7ADC947-61D8-4D5D-929C-BD2C96814051}.Debug|iPhone.Deploy.0 = Debug|Any CPU
		{D7ADC947-61D8-4D5D-929C-BD2C96814051}.Debug|iPhoneSimulator.ActiveCfg = Debug|Any CPU
		{D7ADC947-61D8-4D5D-929C-BD2C96814051}.Debug|iPhoneSimulator.Build.0 = Debug|Any CPU
		{D7ADC947-61D8-4D5D-929C-BD2C96814051}.Debug|iPhoneSimulator.Deploy.0 = Debug|Any CPU
		{D7ADC947-61D8-4D5D-929C-BD2C96814051}.Debug|x64.ActiveCfg = Debug|Any CPU
		{D7ADC947-61D8-4D5D-929C-BD2C96814051}.Debug|x64.Build.0 = Debug|Any CPU
		{D7ADC947-61D8-4D5D-929C-BD2C96814051}.Debug|x64.Deploy.0 = Debug|Any CPU
		{D7ADC947-61D8-4D5D-929C-BD2C96814051}.Debug|x86.ActiveCfg = Debug|x86
		{D7ADC947-61D8-4D5D-929C-BD2C96814051}.Debug|x86.Build.0 = Debug|x86
		{D7ADC947-61D8-4D5D-929C-BD2C96814051}.Debug|x86.Deploy.0 = Debug|x86
		{D7ADC947-61D8-4D5D-929C-BD2C96814051}.Release|Any CPU.ActiveCfg = Release|Any CPU
		{D7ADC947-61D8-4D5D-929C-BD2C96814051}.Release|Any CPU.Build.0 = Release|Any CPU
		{D7ADC947-61D8-4D5D-929C-BD2C96814051}.Release|Any CPU.Deploy.0 = Release|Any CPU
		{D7ADC947-61D8-4D5D-929C-BD2C96814051}.Release|ARM.ActiveCfg = Release|ARM
		{D7ADC947-61D8-4D5D-929C-BD2C96814051}.Release|ARM.Build.0 = Release|ARM
		{D7ADC947-61D8-4D5D-929C-BD2C96814051}.Release|ARM.Deploy.0 = Release|ARM
		{D7ADC947-61D8-4D5D-929C-BD2C96814051}.Release|iPhone.ActiveCfg = Release|Any CPU
		{D7ADC947-61D8-4D5D-929C-BD2C96814051}.Release|iPhone.Build.0 = Release|Any CPU
		{D7ADC947-61D8-4D5D-929C-BD2C96814051}.Release|iPhone.Deploy.0 = Release|Any CPU
		{D7ADC947-61D8-4D5D-929C-BD2C96814051}.Release|iPhoneSimulator.ActiveCfg = Release|Any CPU
		{D7ADC947-61D8-4D5D-929C-BD2C96814051}.Release|iPhoneSimulator.Build.0 = Release|Any CPU
		{D7ADC947-61D8-4D5D-929C-BD2C96814051}.Release|iPhoneSimulator.Deploy.0 = Release|Any CPU
		{D7ADC947-61D8-4D5D-929C-BD2C96814051}.Release|x64.ActiveCfg = Release|Any CPU
		{D7ADC947-61D8-4D5D-929C-BD2C96814051}.Release|x64.Build.0 = Release|Any CPU
		{D7ADC947-61D8-4D5D-929C-BD2C96814051}.Release|x64.Deploy.0 = Release|Any CPU
		{D7ADC947-61D8-4D5D-929C-BD2C96814051}.Release|x86.ActiveCfg = Release|x86
		{D7ADC947-61D8-4D5D-929C-BD2C96814051}.Release|x86.Build.0 = Release|x86
		{D7ADC947-61D8-4D5D-929C-BD2C96814051}.Release|x86.Deploy.0 = Release|x86
		{B18D6F4A-99DD-48BE-BEA2-2F63ACD0EE3F}.Ad-Hoc|Any CPU.ActiveCfg = Release|x86
		{B18D6F4A-99DD-48BE-BEA2-2F63ACD0EE3F}.Ad-Hoc|Any CPU.Build.0 = Release|x86
		{B18D6F4A-99DD-48BE-BEA2-2F63ACD0EE3F}.Ad-Hoc|Any CPU.Deploy.0 = Release|x86
		{B18D6F4A-99DD-48BE-BEA2-2F63ACD0EE3F}.Ad-Hoc|ARM.ActiveCfg = Release|ARM
		{B18D6F4A-99DD-48BE-BEA2-2F63ACD0EE3F}.Ad-Hoc|ARM.Build.0 = Release|ARM
		{B18D6F4A-99DD-48BE-BEA2-2F63ACD0EE3F}.Ad-Hoc|ARM.Deploy.0 = Release|ARM
		{B18D6F4A-99DD-48BE-BEA2-2F63ACD0EE3F}.Ad-Hoc|iPhone.ActiveCfg = Release|x86
		{B18D6F4A-99DD-48BE-BEA2-2F63ACD0EE3F}.Ad-Hoc|iPhone.Build.0 = Release|x86
		{B18D6F4A-99DD-48BE-BEA2-2F63ACD0EE3F}.Ad-Hoc|iPhone.Deploy.0 = Release|x86
		{B18D6F4A-99DD-48BE-BEA2-2F63ACD0EE3F}.Ad-Hoc|iPhoneSimulator.ActiveCfg = Release|x86
		{B18D6F4A-99DD-48BE-BEA2-2F63ACD0EE3F}.Ad-Hoc|iPhoneSimulator.Build.0 = Release|x86
		{B18D6F4A-99DD-48BE-BEA2-2F63ACD0EE3F}.Ad-Hoc|iPhoneSimulator.Deploy.0 = Release|x86
		{B18D6F4A-99DD-48BE-BEA2-2F63ACD0EE3F}.Ad-Hoc|x64.ActiveCfg = Release|x64
		{B18D6F4A-99DD-48BE-BEA2-2F63ACD0EE3F}.Ad-Hoc|x64.Build.0 = Release|x64
		{B18D6F4A-99DD-48BE-BEA2-2F63ACD0EE3F}.Ad-Hoc|x64.Deploy.0 = Release|x64
		{B18D6F4A-99DD-48BE-BEA2-2F63ACD0EE3F}.Ad-Hoc|x86.ActiveCfg = Release|x86
		{B18D6F4A-99DD-48BE-BEA2-2F63ACD0EE3F}.Ad-Hoc|x86.Build.0 = Release|x86
		{B18D6F4A-99DD-48BE-BEA2-2F63ACD0EE3F}.Ad-Hoc|x86.Deploy.0 = Release|x86
		{B18D6F4A-99DD-48BE-BEA2-2F63ACD0EE3F}.AppStore|Any CPU.ActiveCfg = Release|x86
		{B18D6F4A-99DD-48BE-BEA2-2F63ACD0EE3F}.AppStore|Any CPU.Build.0 = Release|x86
		{B18D6F4A-99DD-48BE-BEA2-2F63ACD0EE3F}.AppStore|Any CPU.Deploy.0 = Release|x86
		{B18D6F4A-99DD-48BE-BEA2-2F63ACD0EE3F}.AppStore|ARM.ActiveCfg = Release|ARM
		{B18D6F4A-99DD-48BE-BEA2-2F63ACD0EE3F}.AppStore|ARM.Build.0 = Release|ARM
		{B18D6F4A-99DD-48BE-BEA2-2F63ACD0EE3F}.AppStore|ARM.Deploy.0 = Release|ARM
		{B18D6F4A-99DD-48BE-BEA2-2F63ACD0EE3F}.AppStore|iPhone.ActiveCfg = Release|x86
		{B18D6F4A-99DD-48BE-BEA2-2F63ACD0EE3F}.AppStore|iPhone.Build.0 = Release|x86
		{B18D6F4A-99DD-48BE-BEA2-2F63ACD0EE3F}.AppStore|iPhone.Deploy.0 = Release|x86
		{B18D6F4A-99DD-48BE-BEA2-2F63ACD0EE3F}.AppStore|iPhoneSimulator.ActiveCfg = Release|x86
		{B18D6F4A-99DD-48BE-BEA2-2F63ACD0EE3F}.AppStore|iPhoneSimulator.Build.0 = Release|x86
		{B18D6F4A-99DD-48BE-BEA2-2F63ACD0EE3F}.AppStore|iPhoneSimulator.Deploy.0 = Release|x86
		{B18D6F4A-99DD-48BE-BEA2-2F63ACD0EE3F}.AppStore|x64.ActiveCfg = Release|x64
		{B18D6F4A-99DD-48BE-BEA2-2F63ACD0EE3F}.AppStore|x64.Build.0 = Release|x64
		{B18D6F4A-99DD-48BE-BEA2-2F63ACD0EE3F}.AppStore|x64.Deploy.0 = Release|x64
		{B18D6F4A-99DD-48BE-BEA2-2F63ACD0EE3F}.AppStore|x86.ActiveCfg = Release|x86
		{B18D6F4A-99DD-48BE-BEA2-2F63ACD0EE3F}.AppStore|x86.Build.0 = Release|x86
		{B18D6F4A-99DD-48BE-BEA2-2F63ACD0EE3F}.AppStore|x86.Deploy.0 = Release|x86
		{B18D6F4A-99DD-48BE-BEA2-2F63ACD0EE3F}.Debug|Any CPU.ActiveCfg = Debug|x86
		{B18D6F4A-99DD-48BE-BEA2-2F63ACD0EE3F}.Debug|ARM.ActiveCfg = Debug|ARM
		{B18D6F4A-99DD-48BE-BEA2-2F63ACD0EE3F}.Debug|ARM.Build.0 = Debug|ARM
		{B18D6F4A-99DD-48BE-BEA2-2F63ACD0EE3F}.Debug|ARM.Deploy.0 = Debug|ARM
		{B18D6F4A-99DD-48BE-BEA2-2F63ACD0EE3F}.Debug|iPhone.ActiveCfg = Debug|x86
		{B18D6F4A-99DD-48BE-BEA2-2F63ACD0EE3F}.Debug|iPhoneSimulator.ActiveCfg = Debug|x86
		{B18D6F4A-99DD-48BE-BEA2-2F63ACD0EE3F}.Debug|x64.ActiveCfg = Debug|x64
		{B18D6F4A-99DD-48BE-BEA2-2F63ACD0EE3F}.Debug|x64.Build.0 = Debug|x64
		{B18D6F4A-99DD-48BE-BEA2-2F63ACD0EE3F}.Debug|x64.Deploy.0 = Debug|x64
		{B18D6F4A-99DD-48BE-BEA2-2F63ACD0EE3F}.Debug|x86.ActiveCfg = Debug|x86
		{B18D6F4A-99DD-48BE-BEA2-2F63ACD0EE3F}.Debug|x86.Build.0 = Debug|x86
		{B18D6F4A-99DD-48BE-BEA2-2F63ACD0EE3F}.Debug|x86.Deploy.0 = Debug|x86
		{B18D6F4A-99DD-48BE-BEA2-2F63ACD0EE3F}.Release|Any CPU.ActiveCfg = Release|x86
		{B18D6F4A-99DD-48BE-BEA2-2F63ACD0EE3F}.Release|ARM.ActiveCfg = Release|ARM
		{B18D6F4A-99DD-48BE-BEA2-2F63ACD0EE3F}.Release|ARM.Build.0 = Release|ARM
		{B18D6F4A-99DD-48BE-BEA2-2F63ACD0EE3F}.Release|ARM.Deploy.0 = Release|ARM
		{B18D6F4A-99DD-48BE-BEA2-2F63ACD0EE3F}.Release|iPhone.ActiveCfg = Release|x86
		{B18D6F4A-99DD-48BE-BEA2-2F63ACD0EE3F}.Release|iPhoneSimulator.ActiveCfg = Release|x86
		{B18D6F4A-99DD-48BE-BEA2-2F63ACD0EE3F}.Release|x64.ActiveCfg = Release|x64
		{B18D6F4A-99DD-48BE-BEA2-2F63ACD0EE3F}.Release|x64.Build.0 = Release|x64
		{B18D6F4A-99DD-48BE-BEA2-2F63ACD0EE3F}.Release|x64.Deploy.0 = Release|x64
		{B18D6F4A-99DD-48BE-BEA2-2F63ACD0EE3F}.Release|x86.ActiveCfg = Release|x86
		{B18D6F4A-99DD-48BE-BEA2-2F63ACD0EE3F}.Release|x86.Build.0 = Release|x86
		{B18D6F4A-99DD-48BE-BEA2-2F63ACD0EE3F}.Release|x86.Deploy.0 = Release|x86
		{C9110C31-B877-42B3-8E74-7D8B97329992}.Ad-Hoc|Any CPU.ActiveCfg = Release|Any CPU
		{C9110C31-B877-42B3-8E74-7D8B97329992}.Ad-Hoc|Any CPU.Build.0 = Release|Any CPU
		{C9110C31-B877-42B3-8E74-7D8B97329992}.Ad-Hoc|Any CPU.Deploy.0 = Release|Any CPU
		{C9110C31-B877-42B3-8E74-7D8B97329992}.Ad-Hoc|ARM.ActiveCfg = Release|ARM
		{C9110C31-B877-42B3-8E74-7D8B97329992}.Ad-Hoc|ARM.Build.0 = Release|ARM
		{C9110C31-B877-42B3-8E74-7D8B97329992}.Ad-Hoc|ARM.Deploy.0 = Release|ARM
		{C9110C31-B877-42B3-8E74-7D8B97329992}.Ad-Hoc|iPhone.ActiveCfg = Release|Any CPU
		{C9110C31-B877-42B3-8E74-7D8B97329992}.Ad-Hoc|iPhone.Build.0 = Release|Any CPU
		{C9110C31-B877-42B3-8E74-7D8B97329992}.Ad-Hoc|iPhone.Deploy.0 = Release|Any CPU
		{C9110C31-B877-42B3-8E74-7D8B97329992}.Ad-Hoc|iPhoneSimulator.ActiveCfg = Release|Any CPU
		{C9110C31-B877-42B3-8E74-7D8B97329992}.Ad-Hoc|iPhoneSimulator.Build.0 = Release|Any CPU
		{C9110C31-B877-42B3-8E74-7D8B97329992}.Ad-Hoc|iPhoneSimulator.Deploy.0 = Release|Any CPU
		{C9110C31-B877-42B3-8E74-7D8B97329992}.Ad-Hoc|x64.ActiveCfg = Release|x64
		{C9110C31-B877-42B3-8E74-7D8B97329992}.Ad-Hoc|x64.Build.0 = Release|x64
		{C9110C31-B877-42B3-8E74-7D8B97329992}.Ad-Hoc|x64.Deploy.0 = Release|x64
		{C9110C31-B877-42B3-8E74-7D8B97329992}.Ad-Hoc|x86.ActiveCfg = Release|x86
		{C9110C31-B877-42B3-8E74-7D8B97329992}.Ad-Hoc|x86.Build.0 = Release|x86
		{C9110C31-B877-42B3-8E74-7D8B97329992}.Ad-Hoc|x86.Deploy.0 = Release|x86
		{C9110C31-B877-42B3-8E74-7D8B97329992}.AppStore|Any CPU.ActiveCfg = Release|Any CPU
		{C9110C31-B877-42B3-8E74-7D8B97329992}.AppStore|Any CPU.Build.0 = Release|Any CPU
		{C9110C31-B877-42B3-8E74-7D8B97329992}.AppStore|Any CPU.Deploy.0 = Release|Any CPU
		{C9110C31-B877-42B3-8E74-7D8B97329992}.AppStore|ARM.ActiveCfg = Release|ARM
		{C9110C31-B877-42B3-8E74-7D8B97329992}.AppStore|ARM.Build.0 = Release|ARM
		{C9110C31-B877-42B3-8E74-7D8B97329992}.AppStore|ARM.Deploy.0 = Release|ARM
		{C9110C31-B877-42B3-8E74-7D8B97329992}.AppStore|iPhone.ActiveCfg = Release|Any CPU
		{C9110C31-B877-42B3-8E74-7D8B97329992}.AppStore|iPhone.Build.0 = Release|Any CPU
		{C9110C31-B877-42B3-8E74-7D8B97329992}.AppStore|iPhone.Deploy.0 = Release|Any CPU
		{C9110C31-B877-42B3-8E74-7D8B97329992}.AppStore|iPhoneSimulator.ActiveCfg = Release|Any CPU
		{C9110C31-B877-42B3-8E74-7D8B97329992}.AppStore|iPhoneSimulator.Build.0 = Release|Any CPU
		{C9110C31-B877-42B3-8E74-7D8B97329992}.AppStore|iPhoneSimulator.Deploy.0 = Release|Any CPU
		{C9110C31-B877-42B3-8E74-7D8B97329992}.AppStore|x64.ActiveCfg = Release|x64
		{C9110C31-B877-42B3-8E74-7D8B97329992}.AppStore|x64.Build.0 = Release|x64
		{C9110C31-B877-42B3-8E74-7D8B97329992}.AppStore|x64.Deploy.0 = Release|x64
		{C9110C31-B877-42B3-8E74-7D8B97329992}.AppStore|x86.ActiveCfg = Release|x86
		{C9110C31-B877-42B3-8E74-7D8B97329992}.AppStore|x86.Build.0 = Release|x86
		{C9110C31-B877-42B3-8E74-7D8B97329992}.AppStore|x86.Deploy.0 = Release|x86
		{C9110C31-B877-42B3-8E74-7D8B97329992}.Debug|Any CPU.ActiveCfg = Debug|Any CPU
		{C9110C31-B877-42B3-8E74-7D8B97329992}.Debug|Any CPU.Build.0 = Debug|Any CPU
		{C9110C31-B877-42B3-8E74-7D8B97329992}.Debug|Any CPU.Deploy.0 = Debug|Any CPU
		{C9110C31-B877-42B3-8E74-7D8B97329992}.Debug|ARM.ActiveCfg = Debug|ARM
		{C9110C31-B877-42B3-8E74-7D8B97329992}.Debug|ARM.Build.0 = Debug|ARM
		{C9110C31-B877-42B3-8E74-7D8B97329992}.Debug|ARM.Deploy.0 = Debug|ARM
		{C9110C31-B877-42B3-8E74-7D8B97329992}.Debug|iPhone.ActiveCfg = Debug|Any CPU
		{C9110C31-B877-42B3-8E74-7D8B97329992}.Debug|iPhone.Build.0 = Debug|Any CPU
		{C9110C31-B877-42B3-8E74-7D8B97329992}.Debug|iPhone.Deploy.0 = Debug|Any CPU
		{C9110C31-B877-42B3-8E74-7D8B97329992}.Debug|iPhoneSimulator.ActiveCfg = Debug|Any CPU
		{C9110C31-B877-42B3-8E74-7D8B97329992}.Debug|iPhoneSimulator.Build.0 = Debug|Any CPU
		{C9110C31-B877-42B3-8E74-7D8B97329992}.Debug|iPhoneSimulator.Deploy.0 = Debug|Any CPU
		{C9110C31-B877-42B3-8E74-7D8B97329992}.Debug|x64.ActiveCfg = Debug|x64
		{C9110C31-B877-42B3-8E74-7D8B97329992}.Debug|x64.Build.0 = Debug|x64
		{C9110C31-B877-42B3-8E74-7D8B97329992}.Debug|x64.Deploy.0 = Debug|x64
		{C9110C31-B877-42B3-8E74-7D8B97329992}.Debug|x86.ActiveCfg = Debug|x86
		{C9110C31-B877-42B3-8E74-7D8B97329992}.Debug|x86.Build.0 = Debug|x86
		{C9110C31-B877-42B3-8E74-7D8B97329992}.Debug|x86.Deploy.0 = Debug|x86
		{C9110C31-B877-42B3-8E74-7D8B97329992}.Release|Any CPU.ActiveCfg = Release|Any CPU
		{C9110C31-B877-42B3-8E74-7D8B97329992}.Release|Any CPU.Build.0 = Release|Any CPU
		{C9110C31-B877-42B3-8E74-7D8B97329992}.Release|Any CPU.Deploy.0 = Release|Any CPU
		{C9110C31-B877-42B3-8E74-7D8B97329992}.Release|ARM.ActiveCfg = Release|ARM
		{C9110C31-B877-42B3-8E74-7D8B97329992}.Release|ARM.Build.0 = Release|ARM
		{C9110C31-B877-42B3-8E74-7D8B97329992}.Release|ARM.Deploy.0 = Release|ARM
		{C9110C31-B877-42B3-8E74-7D8B97329992}.Release|iPhone.ActiveCfg = Release|Any CPU
		{C9110C31-B877-42B3-8E74-7D8B97329992}.Release|iPhone.Build.0 = Release|Any CPU
		{C9110C31-B877-42B3-8E74-7D8B97329992}.Release|iPhone.Deploy.0 = Release|Any CPU
		{C9110C31-B877-42B3-8E74-7D8B97329992}.Release|iPhoneSimulator.ActiveCfg = Release|Any CPU
		{C9110C31-B877-42B3-8E74-7D8B97329992}.Release|iPhoneSimulator.Build.0 = Release|Any CPU
		{C9110C31-B877-42B3-8E74-7D8B97329992}.Release|iPhoneSimulator.Deploy.0 = Release|Any CPU
		{C9110C31-B877-42B3-8E74-7D8B97329992}.Release|x64.ActiveCfg = Release|x64
		{C9110C31-B877-42B3-8E74-7D8B97329992}.Release|x64.Build.0 = Release|x64
		{C9110C31-B877-42B3-8E74-7D8B97329992}.Release|x64.Deploy.0 = Release|x64
		{C9110C31-B877-42B3-8E74-7D8B97329992}.Release|x86.ActiveCfg = Release|x86
		{C9110C31-B877-42B3-8E74-7D8B97329992}.Release|x86.Build.0 = Release|x86
		{C9110C31-B877-42B3-8E74-7D8B97329992}.Release|x86.Deploy.0 = Release|x86
		{75D1BB13-8C8E-4D3B-B0EE-95DAF0FEE3A0}.Ad-Hoc|Any CPU.ActiveCfg = Release|Any CPU
		{75D1BB13-8C8E-4D3B-B0EE-95DAF0FEE3A0}.Ad-Hoc|Any CPU.Build.0 = Release|Any CPU
		{75D1BB13-8C8E-4D3B-B0EE-95DAF0FEE3A0}.Ad-Hoc|ARM.ActiveCfg = Release|Any CPU
		{75D1BB13-8C8E-4D3B-B0EE-95DAF0FEE3A0}.Ad-Hoc|ARM.Build.0 = Release|Any CPU
		{75D1BB13-8C8E-4D3B-B0EE-95DAF0FEE3A0}.Ad-Hoc|iPhone.ActiveCfg = Release|Any CPU
		{75D1BB13-8C8E-4D3B-B0EE-95DAF0FEE3A0}.Ad-Hoc|iPhone.Build.0 = Release|Any CPU
		{75D1BB13-8C8E-4D3B-B0EE-95DAF0FEE3A0}.Ad-Hoc|iPhoneSimulator.ActiveCfg = Release|Any CPU
		{75D1BB13-8C8E-4D3B-B0EE-95DAF0FEE3A0}.Ad-Hoc|iPhoneSimulator.Build.0 = Release|Any CPU
		{75D1BB13-8C8E-4D3B-B0EE-95DAF0FEE3A0}.Ad-Hoc|x64.ActiveCfg = Release|Any CPU
		{75D1BB13-8C8E-4D3B-B0EE-95DAF0FEE3A0}.Ad-Hoc|x64.Build.0 = Release|Any CPU
		{75D1BB13-8C8E-4D3B-B0EE-95DAF0FEE3A0}.Ad-Hoc|x86.ActiveCfg = Release|Any CPU
		{75D1BB13-8C8E-4D3B-B0EE-95DAF0FEE3A0}.Ad-Hoc|x86.Build.0 = Release|Any CPU
		{75D1BB13-8C8E-4D3B-B0EE-95DAF0FEE3A0}.AppStore|Any CPU.ActiveCfg = Release|Any CPU
		{75D1BB13-8C8E-4D3B-B0EE-95DAF0FEE3A0}.AppStore|Any CPU.Build.0 = Release|Any CPU
		{75D1BB13-8C8E-4D3B-B0EE-95DAF0FEE3A0}.AppStore|ARM.ActiveCfg = Release|Any CPU
		{75D1BB13-8C8E-4D3B-B0EE-95DAF0FEE3A0}.AppStore|ARM.Build.0 = Release|Any CPU
		{75D1BB13-8C8E-4D3B-B0EE-95DAF0FEE3A0}.AppStore|iPhone.ActiveCfg = Release|Any CPU
		{75D1BB13-8C8E-4D3B-B0EE-95DAF0FEE3A0}.AppStore|iPhone.Build.0 = Release|Any CPU
		{75D1BB13-8C8E-4D3B-B0EE-95DAF0FEE3A0}.AppStore|iPhoneSimulator.ActiveCfg = Release|Any CPU
		{75D1BB13-8C8E-4D3B-B0EE-95DAF0FEE3A0}.AppStore|iPhoneSimulator.Build.0 = Release|Any CPU
		{75D1BB13-8C8E-4D3B-B0EE-95DAF0FEE3A0}.AppStore|x64.ActiveCfg = Release|Any CPU
		{75D1BB13-8C8E-4D3B-B0EE-95DAF0FEE3A0}.AppStore|x64.Build.0 = Release|Any CPU
		{75D1BB13-8C8E-4D3B-B0EE-95DAF0FEE3A0}.AppStore|x86.ActiveCfg = Release|Any CPU
		{75D1BB13-8C8E-4D3B-B0EE-95DAF0FEE3A0}.AppStore|x86.Build.0 = Release|Any CPU
		{75D1BB13-8C8E-4D3B-B0EE-95DAF0FEE3A0}.Debug|Any CPU.ActiveCfg = Debug|Any CPU
		{75D1BB13-8C8E-4D3B-B0EE-95DAF0FEE3A0}.Debug|Any CPU.Build.0 = Debug|Any CPU
		{75D1BB13-8C8E-4D3B-B0EE-95DAF0FEE3A0}.Debug|ARM.ActiveCfg = Debug|Any CPU
		{75D1BB13-8C8E-4D3B-B0EE-95DAF0FEE3A0}.Debug|ARM.Build.0 = Debug|Any CPU
		{75D1BB13-8C8E-4D3B-B0EE-95DAF0FEE3A0}.Debug|iPhone.ActiveCfg = Debug|Any CPU
		{75D1BB13-8C8E-4D3B-B0EE-95DAF0FEE3A0}.Debug|iPhone.Build.0 = Debug|Any CPU
		{75D1BB13-8C8E-4D3B-B0EE-95DAF0FEE3A0}.Debug|iPhoneSimulator.ActiveCfg = Debug|Any CPU
		{75D1BB13-8C8E-4D3B-B0EE-95DAF0FEE3A0}.Debug|iPhoneSimulator.Build.0 = Debug|Any CPU
		{75D1BB13-8C8E-4D3B-B0EE-95DAF0FEE3A0}.Debug|x64.ActiveCfg = Debug|Any CPU
		{75D1BB13-8C8E-4D3B-B0EE-95DAF0FEE3A0}.Debug|x64.Build.0 = Debug|Any CPU
		{75D1BB13-8C8E-4D3B-B0EE-95DAF0FEE3A0}.Debug|x86.ActiveCfg = Debug|Any CPU
		{75D1BB13-8C8E-4D3B-B0EE-95DAF0FEE3A0}.Debug|x86.Build.0 = Debug|Any CPU
		{75D1BB13-8C8E-4D3B-B0EE-95DAF0FEE3A0}.Release|Any CPU.ActiveCfg = Release|Any CPU
		{75D1BB13-8C8E-4D3B-B0EE-95DAF0FEE3A0}.Release|Any CPU.Build.0 = Release|Any CPU
		{75D1BB13-8C8E-4D3B-B0EE-95DAF0FEE3A0}.Release|ARM.ActiveCfg = Release|Any CPU
		{75D1BB13-8C8E-4D3B-B0EE-95DAF0FEE3A0}.Release|ARM.Build.0 = Release|Any CPU
		{75D1BB13-8C8E-4D3B-B0EE-95DAF0FEE3A0}.Release|iPhone.ActiveCfg = Release|Any CPU
		{75D1BB13-8C8E-4D3B-B0EE-95DAF0FEE3A0}.Release|iPhone.Build.0 = Release|Any CPU
		{75D1BB13-8C8E-4D3B-B0EE-95DAF0FEE3A0}.Release|iPhoneSimulator.ActiveCfg = Release|Any CPU
		{75D1BB13-8C8E-4D3B-B0EE-95DAF0FEE3A0}.Release|iPhoneSimulator.Build.0 = Release|Any CPU
		{75D1BB13-8C8E-4D3B-B0EE-95DAF0FEE3A0}.Release|x64.ActiveCfg = Release|Any CPU
		{75D1BB13-8C8E-4D3B-B0EE-95DAF0FEE3A0}.Release|x64.Build.0 = Release|Any CPU
		{75D1BB13-8C8E-4D3B-B0EE-95DAF0FEE3A0}.Release|x86.ActiveCfg = Release|Any CPU
		{75D1BB13-8C8E-4D3B-B0EE-95DAF0FEE3A0}.Release|x86.Build.0 = Release|Any CPU
		{67F9D3A8-F71E-4428-913F-C37AE82CDB24}.Ad-Hoc|Any CPU.ActiveCfg = Release|Any CPU
		{67F9D3A8-F71E-4428-913F-C37AE82CDB24}.Ad-Hoc|Any CPU.Build.0 = Release|Any CPU
		{67F9D3A8-F71E-4428-913F-C37AE82CDB24}.Ad-Hoc|ARM.ActiveCfg = Release|Any CPU
		{67F9D3A8-F71E-4428-913F-C37AE82CDB24}.Ad-Hoc|ARM.Build.0 = Release|Any CPU
		{67F9D3A8-F71E-4428-913F-C37AE82CDB24}.Ad-Hoc|iPhone.ActiveCfg = Release|Any CPU
		{67F9D3A8-F71E-4428-913F-C37AE82CDB24}.Ad-Hoc|iPhone.Build.0 = Release|Any CPU
		{67F9D3A8-F71E-4428-913F-C37AE82CDB24}.Ad-Hoc|iPhoneSimulator.ActiveCfg = Release|Any CPU
		{67F9D3A8-F71E-4428-913F-C37AE82CDB24}.Ad-Hoc|iPhoneSimulator.Build.0 = Release|Any CPU
		{67F9D3A8-F71E-4428-913F-C37AE82CDB24}.Ad-Hoc|x64.ActiveCfg = Release|Any CPU
		{67F9D3A8-F71E-4428-913F-C37AE82CDB24}.Ad-Hoc|x64.Build.0 = Release|Any CPU
		{67F9D3A8-F71E-4428-913F-C37AE82CDB24}.Ad-Hoc|x86.ActiveCfg = Release|Any CPU
		{67F9D3A8-F71E-4428-913F-C37AE82CDB24}.Ad-Hoc|x86.Build.0 = Release|Any CPU
		{67F9D3A8-F71E-4428-913F-C37AE82CDB24}.AppStore|Any CPU.ActiveCfg = Release|Any CPU
		{67F9D3A8-F71E-4428-913F-C37AE82CDB24}.AppStore|Any CPU.Build.0 = Release|Any CPU
		{67F9D3A8-F71E-4428-913F-C37AE82CDB24}.AppStore|ARM.ActiveCfg = Release|Any CPU
		{67F9D3A8-F71E-4428-913F-C37AE82CDB24}.AppStore|ARM.Build.0 = Release|Any CPU
		{67F9D3A8-F71E-4428-913F-C37AE82CDB24}.AppStore|iPhone.ActiveCfg = Release|Any CPU
		{67F9D3A8-F71E-4428-913F-C37AE82CDB24}.AppStore|iPhone.Build.0 = Release|Any CPU
		{67F9D3A8-F71E-4428-913F-C37AE82CDB24}.AppStore|iPhoneSimulator.ActiveCfg = Release|Any CPU
		{67F9D3A8-F71E-4428-913F-C37AE82CDB24}.AppStore|iPhoneSimulator.Build.0 = Release|Any CPU
		{67F9D3A8-F71E-4428-913F-C37AE82CDB24}.AppStore|x64.ActiveCfg = Release|Any CPU
		{67F9D3A8-F71E-4428-913F-C37AE82CDB24}.AppStore|x64.Build.0 = Release|Any CPU
		{67F9D3A8-F71E-4428-913F-C37AE82CDB24}.AppStore|x86.ActiveCfg = Release|Any CPU
		{67F9D3A8-F71E-4428-913F-C37AE82CDB24}.AppStore|x86.Build.0 = Release|Any CPU
		{67F9D3A8-F71E-4428-913F-C37AE82CDB24}.Debug|Any CPU.ActiveCfg = Debug|Any CPU
		{67F9D3A8-F71E-4428-913F-C37AE82CDB24}.Debug|Any CPU.Build.0 = Debug|Any CPU
		{67F9D3A8-F71E-4428-913F-C37AE82CDB24}.Debug|ARM.ActiveCfg = Debug|Any CPU
		{67F9D3A8-F71E-4428-913F-C37AE82CDB24}.Debug|ARM.Build.0 = Debug|Any CPU
		{67F9D3A8-F71E-4428-913F-C37AE82CDB24}.Debug|iPhone.ActiveCfg = Debug|Any CPU
		{67F9D3A8-F71E-4428-913F-C37AE82CDB24}.Debug|iPhone.Build.0 = Debug|Any CPU
		{67F9D3A8-F71E-4428-913F-C37AE82CDB24}.Debug|iPhoneSimulator.ActiveCfg = Debug|Any CPU
		{67F9D3A8-F71E-4428-913F-C37AE82CDB24}.Debug|iPhoneSimulator.Build.0 = Debug|Any CPU
		{67F9D3A8-F71E-4428-913F-C37AE82CDB24}.Debug|x64.ActiveCfg = Debug|Any CPU
		{67F9D3A8-F71E-4428-913F-C37AE82CDB24}.Debug|x64.Build.0 = Debug|Any CPU
		{67F9D3A8-F71E-4428-913F-C37AE82CDB24}.Debug|x86.ActiveCfg = Debug|Any CPU
		{67F9D3A8-F71E-4428-913F-C37AE82CDB24}.Debug|x86.Build.0 = Debug|Any CPU
		{67F9D3A8-F71E-4428-913F-C37AE82CDB24}.Release|Any CPU.ActiveCfg = Release|Any CPU
		{67F9D3A8-F71E-4428-913F-C37AE82CDB24}.Release|Any CPU.Build.0 = Release|Any CPU
		{67F9D3A8-F71E-4428-913F-C37AE82CDB24}.Release|ARM.ActiveCfg = Release|Any CPU
		{67F9D3A8-F71E-4428-913F-C37AE82CDB24}.Release|ARM.Build.0 = Release|Any CPU
		{67F9D3A8-F71E-4428-913F-C37AE82CDB24}.Release|iPhone.ActiveCfg = Release|Any CPU
		{67F9D3A8-F71E-4428-913F-C37AE82CDB24}.Release|iPhone.Build.0 = Release|Any CPU
		{67F9D3A8-F71E-4428-913F-C37AE82CDB24}.Release|iPhoneSimulator.ActiveCfg = Release|Any CPU
		{67F9D3A8-F71E-4428-913F-C37AE82CDB24}.Release|iPhoneSimulator.Build.0 = Release|Any CPU
		{67F9D3A8-F71E-4428-913F-C37AE82CDB24}.Release|x64.ActiveCfg = Release|Any CPU
		{67F9D3A8-F71E-4428-913F-C37AE82CDB24}.Release|x64.Build.0 = Release|Any CPU
		{67F9D3A8-F71E-4428-913F-C37AE82CDB24}.Release|x86.ActiveCfg = Release|Any CPU
		{67F9D3A8-F71E-4428-913F-C37AE82CDB24}.Release|x86.Build.0 = Release|Any CPU
	EndGlobalSection
	GlobalSection(SolutionProperties) = preSolution
		HideSolutionNode = FALSE
	EndGlobalSection
	GlobalSection(NestedProjects) = preSolution
		{02426503-BB08-4FCB-9757-FEFF38E8445C} = {08D94B59-5488-4F35-99FD-FFA7D1F0DA89}
		{EF13A38F-B744-494A-BC94-E29F5A3963C2} = {08D94B59-5488-4F35-99FD-FFA7D1F0DA89}
		{D7ADC947-61D8-4D5D-929C-BD2C96814051} = {08D94B59-5488-4F35-99FD-FFA7D1F0DA89}
		{B18D6F4A-99DD-48BE-BEA2-2F63ACD0EE3F} = {08D94B59-5488-4F35-99FD-FFA7D1F0DA89}
		{C9110C31-B877-42B3-8E74-7D8B97329992} = {08D94B59-5488-4F35-99FD-FFA7D1F0DA89}
		{75D1BB13-8C8E-4D3B-B0EE-95DAF0FEE3A0} = {08D94B59-5488-4F35-99FD-FFA7D1F0DA89}
		{67F9D3A8-F71E-4428-913F-C37AE82CDB24} = {2B13E407-F477-418D-BE44-814DF7014E5F}
	EndGlobalSection
EndGlobal
