
Microsoft Visual Studio Solution File, Format Version 12.00
# Visual Studio 14
VisualStudioVersion = 14.0.25420.1
MinimumVisualStudioVersion = 10.0.40219.1
Project("{FAE04EC0-301F-11D3-BF4B-00C04F79EFBC}") = "InfiniteScrollingBehavior", "InfiniteScrollingBehavior\InfiniteScrollingBehavior\InfiniteScrollingBehavior.csproj", "{DCC33C24-AD6B-4D0E-9974-F5DCE4B36CAD}"
EndProject
Project("{FAE04EC0-301F-11D3-BF4B-00C04F79EFBC}") = "InfiniteScrollingBehavior.Droid", "InfiniteScrollingBehavior\InfiniteScrollingBehavior.Droid\InfiniteScrollingBehavior.Droid.csproj", "{54DEC2EE-DB42-44DA-90B6-C5573BD82919}"
EndProject
Project("{FAE04EC0-301F-11D3-BF4B-00C04F79EFBC}") = "InfiniteScrollingBehavior.iOS", "InfiniteScrollingBehavior\InfiniteScrollingBehavior.iOS\InfiniteScrollingBehavior.iOS.csproj", "{AB80DE76-163E-4449-B8AA-C1CE093F07BF}"
EndProject
Project("{FAE04EC0-301F-11D3-BF4B-00C04F79EFBC}") = "InfiniteScrollingBehavior.WinPhone", "InfiniteScrollingBehavior\InfiniteScrollingBehavior.WinPhone\InfiniteScrollingBehavior.WinPhone.csproj", "{D2B22C84-B6D6-4720-AB92-7417C2AB42FD}"
EndProject
Project("{FAE04EC0-301F-11D3-BF4B-00C04F79EFBC}") = "InfiniteScrollingBehavior.UWP", "InfiniteScrollingBehavior\InfiniteScrollingBehavior.UWP\InfiniteScrollingBehavior.UWP.csproj", "{F42AC733-6539-427F-B7A7-BEB8ADCA2D03}"
EndProject
Project("{FAE04EC0-301F-11D3-BF4B-00C04F79EFBC}") = "InfiniteScrollingBehavior.Windows", "InfiniteScrollingBehavior\InfiniteScrollingBehavior.Windows\InfiniteScrollingBehavior.Windows.csproj", "{AB9A08C9-26C4-4D85-8083-6E01244C8161}"
EndProject
Global
	GlobalSection(SolutionConfigurationPlatforms) = preSolution
		Ad-Hoc|Any CPU = Ad-Hoc|Any CPU
		Ad-Hoc|ARM = Ad-Hoc|ARM
		Ad-Hoc|iPhone = Ad-Hoc|iPhone
		Ad-Hoc|iPhoneSimulator = Ad-Hoc|iPhoneSimulator
		Ad-Hoc|x64 = Ad-Hoc|x64
		Ad-Hoc|x86 = Ad-Hoc|x86
		AppStore|Any CPU = AppStore|Any CPU
		AppStore|ARM = AppStore|ARM
		AppStore|iPhone = AppStore|iPhone
		AppStore|iPhoneSimulator = AppStore|iPhoneSimulator
		AppStore|x64 = AppStore|x64
		AppStore|x86 = AppStore|x86
		Debug|Any CPU = Debug|Any CPU
		Debug|ARM = Debug|ARM
		Debug|iPhone = Debug|iPhone
		Debug|iPhoneSimulator = Debug|iPhoneSimulator
		Debug|x64 = Debug|x64
		Debug|x86 = Debug|x86
		Release|Any CPU = Release|Any CPU
		Release|ARM = Release|ARM
		Release|iPhone = Release|iPhone
		Release|iPhoneSimulator = Release|iPhoneSimulator
		Release|x64 = Release|x64
		Release|x86 = Release|x86
	EndGlobalSection
	GlobalSection(ProjectConfigurationPlatforms) = postSolution
		{DCC33C24-AD6B-4D0E-9974-F5DCE4B36CAD}.Ad-Hoc|Any CPU.ActiveCfg = Release|Any CPU
		{DCC33C24-AD6B-4D0E-9974-F5DCE4B36CAD}.Ad-Hoc|Any CPU.Build.0 = Release|Any CPU
		{DCC33C24-AD6B-4D0E-9974-F5DCE4B36CAD}.Ad-Hoc|ARM.ActiveCfg = Release|Any CPU
		{DCC33C24-AD6B-4D0E-9974-F5DCE4B36CAD}.Ad-Hoc|ARM.Build.0 = Release|Any CPU
		{DCC33C24-AD6B-4D0E-9974-F5DCE4B36CAD}.Ad-Hoc|iPhone.ActiveCfg = Release|Any CPU
		{DCC33C24-AD6B-4D0E-9974-F5DCE4B36CAD}.Ad-Hoc|iPhone.Build.0 = Release|Any CPU
		{DCC33C24-AD6B-4D0E-9974-F5DCE4B36CAD}.Ad-Hoc|iPhoneSimulator.ActiveCfg = Release|Any CPU
		{DCC33C24-AD6B-4D0E-9974-F5DCE4B36CAD}.Ad-Hoc|iPhoneSimulator.Build.0 = Release|Any CPU
		{DCC33C24-AD6B-4D0E-9974-F5DCE4B36CAD}.Ad-Hoc|x64.ActiveCfg = Release|Any CPU
		{DCC33C24-AD6B-4D0E-9974-F5DCE4B36CAD}.Ad-Hoc|x64.Build.0 = Release|Any CPU
		{DCC33C24-AD6B-4D0E-9974-F5DCE4B36CAD}.Ad-Hoc|x86.ActiveCfg = Release|Any CPU
		{DCC33C24-AD6B-4D0E-9974-F5DCE4B36CAD}.Ad-Hoc|x86.Build.0 = Release|Any CPU
		{DCC33C24-AD6B-4D0E-9974-F5DCE4B36CAD}.AppStore|Any CPU.ActiveCfg = Release|Any CPU
		{DCC33C24-AD6B-4D0E-9974-F5DCE4B36CAD}.AppStore|Any CPU.Build.0 = Release|Any CPU
		{DCC33C24-AD6B-4D0E-9974-F5DCE4B36CAD}.AppStore|ARM.ActiveCfg = Release|Any CPU
		{DCC33C24-AD6B-4D0E-9974-F5DCE4B36CAD}.AppStore|ARM.Build.0 = Release|Any CPU
		{DCC33C24-AD6B-4D0E-9974-F5DCE4B36CAD}.AppStore|iPhone.ActiveCfg = Release|Any CPU
		{DCC33C24-AD6B-4D0E-9974-F5DCE4B36CAD}.AppStore|iPhone.Build.0 = Release|Any CPU
		{DCC33C24-AD6B-4D0E-9974-F5DCE4B36CAD}.AppStore|iPhoneSimulator.ActiveCfg = Release|Any CPU
		{DCC33C24-AD6B-4D0E-9974-F5DCE4B36CAD}.AppStore|iPhoneSimulator.Build.0 = Release|Any CPU
		{DCC33C24-AD6B-4D0E-9974-F5DCE4B36CAD}.AppStore|x64.ActiveCfg = Release|Any CPU
		{DCC33C24-AD6B-4D0E-9974-F5DCE4B36CAD}.AppStore|x64.Build.0 = Release|Any CPU
		{DCC33C24-AD6B-4D0E-9974-F5DCE4B36CAD}.AppStore|x86.ActiveCfg = Release|Any CPU
		{DCC33C24-AD6B-4D0E-9974-F5DCE4B36CAD}.AppStore|x86.Build.0 = Release|Any CPU
		{DCC33C24-AD6B-4D0E-9974-F5DCE4B36CAD}.Debug|Any CPU.ActiveCfg = Debug|Any CPU
		{DCC33C24-AD6B-4D0E-9974-F5DCE4B36CAD}.Debug|Any CPU.Build.0 = Debug|Any CPU
		{DCC33C24-AD6B-4D0E-9974-F5DCE4B36CAD}.Debug|ARM.ActiveCfg = Debug|Any CPU
		{DCC33C24-AD6B-4D0E-9974-F5DCE4B36CAD}.Debug|ARM.Build.0 = Debug|Any CPU
		{DCC33C24-AD6B-4D0E-9974-F5DCE4B36CAD}.Debug|iPhone.ActiveCfg = Debug|Any CPU
		{DCC33C24-AD6B-4D0E-9974-F5DCE4B36CAD}.Debug|iPhone.Build.0 = Debug|Any CPU
		{DCC33C24-AD6B-4D0E-9974-F5DCE4B36CAD}.Debug|iPhoneSimulator.ActiveCfg = Debug|Any CPU
		{DCC33C24-AD6B-4D0E-9974-F5DCE4B36CAD}.Debug|iPhoneSimulator.Build.0 = Debug|Any CPU
		{DCC33C24-AD6B-4D0E-9974-F5DCE4B36CAD}.Debug|x64.ActiveCfg = Debug|Any CPU
		{DCC33C24-AD6B-4D0E-9974-F5DCE4B36CAD}.Debug|x64.Build.0 = Debug|Any CPU
		{DCC33C24-AD6B-4D0E-9974-F5DCE4B36CAD}.Debug|x86.ActiveCfg = Debug|Any CPU
		{DCC33C24-AD6B-4D0E-9974-F5DCE4B36CAD}.Debug|x86.Build.0 = Debug|Any CPU
		{DCC33C24-AD6B-4D0E-9974-F5DCE4B36CAD}.Release|Any CPU.ActiveCfg = Release|Any CPU
		{DCC33C24-AD6B-4D0E-9974-F5DCE4B36CAD}.Release|Any CPU.Build.0 = Release|Any CPU
		{DCC33C24-AD6B-4D0E-9974-F5DCE4B36CAD}.Release|ARM.ActiveCfg = Release|Any CPU
		{DCC33C24-AD6B-4D0E-9974-F5DCE4B36CAD}.Release|ARM.Build.0 = Release|Any CPU
		{DCC33C24-AD6B-4D0E-9974-F5DCE4B36CAD}.Release|iPhone.ActiveCfg = Release|Any CPU
		{DCC33C24-AD6B-4D0E-9974-F5DCE4B36CAD}.Release|iPhone.Build.0 = Release|Any CPU
		{DCC33C24-AD6B-4D0E-9974-F5DCE4B36CAD}.Release|iPhoneSimulator.ActiveCfg = Release|Any CPU
		{DCC33C24-AD6B-4D0E-9974-F5DCE4B36CAD}.Release|iPhoneSimulator.Build.0 = Release|Any CPU
		{DCC33C24-AD6B-4D0E-9974-F5DCE4B36CAD}.Release|x64.ActiveCfg = Release|Any CPU
		{DCC33C24-AD6B-4D0E-9974-F5DCE4B36CAD}.Release|x64.Build.0 = Release|Any CPU
		{DCC33C24-AD6B-4D0E-9974-F5DCE4B36CAD}.Release|x86.ActiveCfg = Release|Any CPU
		{DCC33C24-AD6B-4D0E-9974-F5DCE4B36CAD}.Release|x86.Build.0 = Release|Any CPU
		{54DEC2EE-DB42-44DA-90B6-C5573BD82919}.Ad-Hoc|Any CPU.ActiveCfg = Release|Any CPU
		{54DEC2EE-DB42-44DA-90B6-C5573BD82919}.Ad-Hoc|Any CPU.Build.0 = Release|Any CPU
		{54DEC2EE-DB42-44DA-90B6-C5573BD82919}.Ad-Hoc|Any CPU.Deploy.0 = Release|Any CPU
		{54DEC2EE-DB42-44DA-90B6-C5573BD82919}.Ad-Hoc|ARM.ActiveCfg = Release|Any CPU
		{54DEC2EE-DB42-44DA-90B6-C5573BD82919}.Ad-Hoc|ARM.Build.0 = Release|Any CPU
		{54DEC2EE-DB42-44DA-90B6-C5573BD82919}.Ad-Hoc|ARM.Deploy.0 = Release|Any CPU
		{54DEC2EE-DB42-44DA-90B6-C5573BD82919}.Ad-Hoc|iPhone.ActiveCfg = Release|Any CPU
		{54DEC2EE-DB42-44DA-90B6-C5573BD82919}.Ad-Hoc|iPhone.Build.0 = Release|Any CPU
		{54DEC2EE-DB42-44DA-90B6-C5573BD82919}.Ad-Hoc|iPhone.Deploy.0 = Release|Any CPU
		{54DEC2EE-DB42-44DA-90B6-C5573BD82919}.Ad-Hoc|iPhoneSimulator.ActiveCfg = Release|Any CPU
		{54DEC2EE-DB42-44DA-90B6-C5573BD82919}.Ad-Hoc|iPhoneSimulator.Build.0 = Release|Any CPU
		{54DEC2EE-DB42-44DA-90B6-C5573BD82919}.Ad-Hoc|iPhoneSimulator.Deploy.0 = Release|Any CPU
		{54DEC2EE-DB42-44DA-90B6-C5573BD82919}.Ad-Hoc|x64.ActiveCfg = Release|Any CPU
		{54DEC2EE-DB42-44DA-90B6-C5573BD82919}.Ad-Hoc|x64.Build.0 = Release|Any CPU
		{54DEC2EE-DB42-44DA-90B6-C5573BD82919}.Ad-Hoc|x64.Deploy.0 = Release|Any CPU
		{54DEC2EE-DB42-44DA-90B6-C5573BD82919}.Ad-Hoc|x86.ActiveCfg = Release|Any CPU
		{54DEC2EE-DB42-44DA-90B6-C5573BD82919}.Ad-Hoc|x86.Build.0 = Release|Any CPU
		{54DEC2EE-DB42-44DA-90B6-C5573BD82919}.Ad-Hoc|x86.Deploy.0 = Release|Any CPU
		{54DEC2EE-DB42-44DA-90B6-C5573BD82919}.AppStore|Any CPU.ActiveCfg = Release|Any CPU
		{54DEC2EE-DB42-44DA-90B6-C5573BD82919}.AppStore|Any CPU.Build.0 = Release|Any CPU
		{54DEC2EE-DB42-44DA-90B6-C5573BD82919}.AppStore|Any CPU.Deploy.0 = Release|Any CPU
		{54DEC2EE-DB42-44DA-90B6-C5573BD82919}.AppStore|ARM.ActiveCfg = Release|Any CPU
		{54DEC2EE-DB42-44DA-90B6-C5573BD82919}.AppStore|ARM.Build.0 = Release|Any CPU
		{54DEC2EE-DB42-44DA-90B6-C5573BD82919}.AppStore|ARM.Deploy.0 = Release|Any CPU
		{54DEC2EE-DB42-44DA-90B6-C5573BD82919}.AppStore|iPhone.ActiveCfg = Release|Any CPU
		{54DEC2EE-DB42-44DA-90B6-C5573BD82919}.AppStore|iPhone.Build.0 = Release|Any CPU
		{54DEC2EE-DB42-44DA-90B6-C5573BD82919}.AppStore|iPhone.Deploy.0 = Release|Any CPU
		{54DEC2EE-DB42-44DA-90B6-C5573BD82919}.AppStore|iPhoneSimulator.ActiveCfg = Release|Any CPU
		{54DEC2EE-DB42-44DA-90B6-C5573BD82919}.AppStore|iPhoneSimulator.Build.0 = Release|Any CPU
		{54DEC2EE-DB42-44DA-90B6-C5573BD82919}.AppStore|iPhoneSimulator.Deploy.0 = Release|Any CPU
		{54DEC2EE-DB42-44DA-90B6-C5573BD82919}.AppStore|x64.ActiveCfg = Release|Any CPU
		{54DEC2EE-DB42-44DA-90B6-C5573BD82919}.AppStore|x64.Build.0 = Release|Any CPU
		{54DEC2EE-DB42-44DA-90B6-C5573BD82919}.AppStore|x64.Deploy.0 = Release|Any CPU
		{54DEC2EE-DB42-44DA-90B6-C5573BD82919}.AppStore|x86.ActiveCfg = Release|Any CPU
		{54DEC2EE-DB42-44DA-90B6-C5573BD82919}.AppStore|x86.Build.0 = Release|Any CPU
		{54DEC2EE-DB42-44DA-90B6-C5573BD82919}.AppStore|x86.Deploy.0 = Release|Any CPU
		{54DEC2EE-DB42-44DA-90B6-C5573BD82919}.Debug|Any CPU.ActiveCfg = Debug|Any CPU
		{54DEC2EE-DB42-44DA-90B6-C5573BD82919}.Debug|Any CPU.Build.0 = Debug|Any CPU
		{54DEC2EE-DB42-44DA-90B6-C5573BD82919}.Debug|Any CPU.Deploy.0 = Debug|Any CPU
		{54DEC2EE-DB42-44DA-90B6-C5573BD82919}.Debug|ARM.ActiveCfg = Debug|Any CPU
		{54DEC2EE-DB42-44DA-90B6-C5573BD82919}.Debug|ARM.Build.0 = Debug|Any CPU
		{54DEC2EE-DB42-44DA-90B6-C5573BD82919}.Debug|ARM.Deploy.0 = Debug|Any CPU
		{54DEC2EE-DB42-44DA-90B6-C5573BD82919}.Debug|iPhone.ActiveCfg = Debug|Any CPU
		{54DEC2EE-DB42-44DA-90B6-C5573BD82919}.Debug|iPhone.Build.0 = Debug|Any CPU
		{54DEC2EE-DB42-44DA-90B6-C5573BD82919}.Debug|iPhone.Deploy.0 = Debug|Any CPU
		{54DEC2EE-DB42-44DA-90B6-C5573BD82919}.Debug|iPhoneSimulator.ActiveCfg = Debug|Any CPU
		{54DEC2EE-DB42-44DA-90B6-C5573BD82919}.Debug|iPhoneSimulator.Build.0 = Debug|Any CPU
		{54DEC2EE-DB42-44DA-90B6-C5573BD82919}.Debug|iPhoneSimulator.Deploy.0 = Debug|Any CPU
		{54DEC2EE-DB42-44DA-90B6-C5573BD82919}.Debug|x64.ActiveCfg = Debug|Any CPU
		{54DEC2EE-DB42-44DA-90B6-C5573BD82919}.Debug|x64.Build.0 = Debug|Any CPU
		{54DEC2EE-DB42-44DA-90B6-C5573BD82919}.Debug|x64.Deploy.0 = Debug|Any CPU
		{54DEC2EE-DB42-44DA-90B6-C5573BD82919}.Debug|x86.ActiveCfg = Debug|Any CPU
		{54DEC2EE-DB42-44DA-90B6-C5573BD82919}.Debug|x86.Build.0 = Debug|Any CPU
		{54DEC2EE-DB42-44DA-90B6-C5573BD82919}.Debug|x86.Deploy.0 = Debug|Any CPU
		{54DEC2EE-DB42-44DA-90B6-C5573BD82919}.Release|Any CPU.ActiveCfg = Release|Any CPU
		{54DEC2EE-DB42-44DA-90B6-C5573BD82919}.Release|Any CPU.Build.0 = Release|Any CPU
		{54DEC2EE-DB42-44DA-90B6-C5573BD82919}.Release|Any CPU.Deploy.0 = Release|Any CPU
		{54DEC2EE-DB42-44DA-90B6-C5573BD82919}.Release|ARM.ActiveCfg = Release|Any CPU
		{54DEC2EE-DB42-44DA-90B6-C5573BD82919}.Release|ARM.Build.0 = Release|Any CPU
		{54DEC2EE-DB42-44DA-90B6-C5573BD82919}.Release|ARM.Deploy.0 = Release|Any CPU
		{54DEC2EE-DB42-44DA-90B6-C5573BD82919}.Release|iPhone.ActiveCfg = Release|Any CPU
		{54DEC2EE-DB42-44DA-90B6-C5573BD82919}.Release|iPhone.Build.0 = Release|Any CPU
		{54DEC2EE-DB42-44DA-90B6-C5573BD82919}.Release|iPhone.Deploy.0 = Release|Any CPU
		{54DEC2EE-DB42-44DA-90B6-C5573BD82919}.Release|iPhoneSimulator.ActiveCfg = Release|Any CPU
		{54DEC2EE-DB42-44DA-90B6-C5573BD82919}.Release|iPhoneSimulator.Build.0 = Release|Any CPU
		{54DEC2EE-DB42-44DA-90B6-C5573BD82919}.Release|iPhoneSimulator.Deploy.0 = Release|Any CPU
		{54DEC2EE-DB42-44DA-90B6-C5573BD82919}.Release|x64.ActiveCfg = Release|Any CPU
		{54DEC2EE-DB42-44DA-90B6-C5573BD82919}.Release|x64.Build.0 = Release|Any CPU
		{54DEC2EE-DB42-44DA-90B6-C5573BD82919}.Release|x64.Deploy.0 = Release|Any CPU
		{54DEC2EE-DB42-44DA-90B6-C5573BD82919}.Release|x86.ActiveCfg = Release|Any CPU
		{54DEC2EE-DB42-44DA-90B6-C5573BD82919}.Release|x86.Build.0 = Release|Any CPU
		{54DEC2EE-DB42-44DA-90B6-C5573BD82919}.Release|x86.Deploy.0 = Release|Any CPU
		{AB80DE76-163E-4449-B8AA-C1CE093F07BF}.Ad-Hoc|Any CPU.ActiveCfg = Ad-Hoc|iPhone
		{AB80DE76-163E-4449-B8AA-C1CE093F07BF}.Ad-Hoc|ARM.ActiveCfg = Ad-Hoc|iPhone
		{AB80DE76-163E-4449-B8AA-C1CE093F07BF}.Ad-Hoc|iPhone.ActiveCfg = Ad-Hoc|iPhone
		{AB80DE76-163E-4449-B8AA-C1CE093F07BF}.Ad-Hoc|iPhone.Build.0 = Ad-Hoc|iPhone
		{AB80DE76-163E-4449-B8AA-C1CE093F07BF}.Ad-Hoc|iPhoneSimulator.ActiveCfg = Ad-Hoc|iPhoneSimulator
		{AB80DE76-163E-4449-B8AA-C1CE093F07BF}.Ad-Hoc|iPhoneSimulator.Build.0 = Ad-Hoc|iPhoneSimulator
		{AB80DE76-163E-4449-B8AA-C1CE093F07BF}.Ad-Hoc|x64.ActiveCfg = Ad-Hoc|iPhone
		{AB80DE76-163E-4449-B8AA-C1CE093F07BF}.Ad-Hoc|x86.ActiveCfg = Ad-Hoc|iPhone
		{AB80DE76-163E-4449-B8AA-C1CE093F07BF}.AppStore|Any CPU.ActiveCfg = AppStore|iPhone
		{AB80DE76-163E-4449-B8AA-C1CE093F07BF}.AppStore|ARM.ActiveCfg = AppStore|iPhone
		{AB80DE76-163E-4449-B8AA-C1CE093F07BF}.AppStore|iPhone.ActiveCfg = AppStore|iPhone
		{AB80DE76-163E-4449-B8AA-C1CE093F07BF}.AppStore|iPhone.Build.0 = AppStore|iPhone
		{AB80DE76-163E-4449-B8AA-C1CE093F07BF}.AppStore|iPhoneSimulator.ActiveCfg = AppStore|iPhoneSimulator
		{AB80DE76-163E-4449-B8AA-C1CE093F07BF}.AppStore|iPhoneSimulator.Build.0 = AppStore|iPhoneSimulator
		{AB80DE76-163E-4449-B8AA-C1CE093F07BF}.AppStore|x64.ActiveCfg = AppStore|iPhone
		{AB80DE76-163E-4449-B8AA-C1CE093F07BF}.AppStore|x86.ActiveCfg = AppStore|iPhone
		{AB80DE76-163E-4449-B8AA-C1CE093F07BF}.Debug|Any CPU.ActiveCfg = Debug|iPhone
		{AB80DE76-163E-4449-B8AA-C1CE093F07BF}.Debug|ARM.ActiveCfg = Debug|iPhone
		{AB80DE76-163E-4449-B8AA-C1CE093F07BF}.Debug|iPhone.ActiveCfg = Debug|iPhone
		{AB80DE76-163E-4449-B8AA-C1CE093F07BF}.Debug|iPhone.Build.0 = Debug|iPhone
		{AB80DE76-163E-4449-B8AA-C1CE093F07BF}.Debug|iPhoneSimulator.ActiveCfg = Debug|iPhoneSimulator
		{AB80DE76-163E-4449-B8AA-C1CE093F07BF}.Debug|iPhoneSimulator.Build.0 = Debug|iPhoneSimulator
		{AB80DE76-163E-4449-B8AA-C1CE093F07BF}.Debug|x64.ActiveCfg = Debug|iPhone
		{AB80DE76-163E-4449-B8AA-C1CE093F07BF}.Debug|x86.ActiveCfg = Debug|iPhone
		{AB80DE76-163E-4449-B8AA-C1CE093F07BF}.Release|Any CPU.ActiveCfg = Release|iPhone
		{AB80DE76-163E-4449-B8AA-C1CE093F07BF}.Release|ARM.ActiveCfg = Release|iPhone
		{AB80DE76-163E-4449-B8AA-C1CE093F07BF}.Release|iPhone.ActiveCfg = Release|iPhone
		{AB80DE76-163E-4449-B8AA-C1CE093F07BF}.Release|iPhone.Build.0 = Release|iPhone
		{AB80DE76-163E-4449-B8AA-C1CE093F07BF}.Release|iPhoneSimulator.ActiveCfg = Release|iPhoneSimulator
		{AB80DE76-163E-4449-B8AA-C1CE093F07BF}.Release|iPhoneSimulator.Build.0 = Release|iPhoneSimulator
		{AB80DE76-163E-4449-B8AA-C1CE093F07BF}.Release|x64.ActiveCfg = Release|iPhone
		{AB80DE76-163E-4449-B8AA-C1CE093F07BF}.Release|x86.ActiveCfg = Release|iPhone
		{D2B22C84-B6D6-4720-AB92-7417C2AB42FD}.Ad-Hoc|Any CPU.ActiveCfg = Release|Any CPU
		{D2B22C84-B6D6-4720-AB92-7417C2AB42FD}.Ad-Hoc|Any CPU.Build.0 = Release|Any CPU
		{D2B22C84-B6D6-4720-AB92-7417C2AB42FD}.Ad-Hoc|Any CPU.Deploy.0 = Release|Any CPU
		{D2B22C84-B6D6-4720-AB92-7417C2AB42FD}.Ad-Hoc|ARM.ActiveCfg = Release|ARM
		{D2B22C84-B6D6-4720-AB92-7417C2AB42FD}.Ad-Hoc|ARM.Build.0 = Release|ARM
		{D2B22C84-B6D6-4720-AB92-7417C2AB42FD}.Ad-Hoc|ARM.Deploy.0 = Release|ARM
		{D2B22C84-B6D6-4720-AB92-7417C2AB42FD}.Ad-Hoc|iPhone.ActiveCfg = Release|Any CPU
		{D2B22C84-B6D6-4720-AB92-7417C2AB42FD}.Ad-Hoc|iPhone.Build.0 = Release|Any CPU
		{D2B22C84-B6D6-4720-AB92-7417C2AB42FD}.Ad-Hoc|iPhone.Deploy.0 = Release|Any CPU
		{D2B22C84-B6D6-4720-AB92-7417C2AB42FD}.Ad-Hoc|iPhoneSimulator.ActiveCfg = Release|Any CPU
		{D2B22C84-B6D6-4720-AB92-7417C2AB42FD}.Ad-Hoc|iPhoneSimulator.Build.0 = Release|Any CPU
		{D2B22C84-B6D6-4720-AB92-7417C2AB42FD}.Ad-Hoc|iPhoneSimulator.Deploy.0 = Release|Any CPU
		{D2B22C84-B6D6-4720-AB92-7417C2AB42FD}.Ad-Hoc|x64.ActiveCfg = Release|Any CPU
		{D2B22C84-B6D6-4720-AB92-7417C2AB42FD}.Ad-Hoc|x64.Build.0 = Release|Any CPU
		{D2B22C84-B6D6-4720-AB92-7417C2AB42FD}.Ad-Hoc|x64.Deploy.0 = Release|Any CPU
		{D2B22C84-B6D6-4720-AB92-7417C2AB42FD}.Ad-Hoc|x86.ActiveCfg = Release|x86
		{D2B22C84-B6D6-4720-AB92-7417C2AB42FD}.Ad-Hoc|x86.Build.0 = Release|x86
		{D2B22C84-B6D6-4720-AB92-7417C2AB42FD}.Ad-Hoc|x86.Deploy.0 = Release|x86
		{D2B22C84-B6D6-4720-AB92-7417C2AB42FD}.AppStore|Any CPU.ActiveCfg = Release|Any CPU
		{D2B22C84-B6D6-4720-AB92-7417C2AB42FD}.AppStore|Any CPU.Build.0 = Release|Any CPU
		{D2B22C84-B6D6-4720-AB92-7417C2AB42FD}.AppStore|Any CPU.Deploy.0 = Release|Any CPU
		{D2B22C84-B6D6-4720-AB92-7417C2AB42FD}.AppStore|ARM.ActiveCfg = Release|ARM
		{D2B22C84-B6D6-4720-AB92-7417C2AB42FD}.AppStore|ARM.Build.0 = Release|ARM
		{D2B22C84-B6D6-4720-AB92-7417C2AB42FD}.AppStore|ARM.Deploy.0 = Release|ARM
		{D2B22C84-B6D6-4720-AB92-7417C2AB42FD}.AppStore|iPhone.ActiveCfg = Release|Any CPU
		{D2B22C84-B6D6-4720-AB92-7417C2AB42FD}.AppStore|iPhone.Build.0 = Release|Any CPU
		{D2B22C84-B6D6-4720-AB92-7417C2AB42FD}.AppStore|iPhone.Deploy.0 = Release|Any CPU
		{D2B22C84-B6D6-4720-AB92-7417C2AB42FD}.AppStore|iPhoneSimulator.ActiveCfg = Release|Any CPU
		{D2B22C84-B6D6-4720-AB92-7417C2AB42FD}.AppStore|iPhoneSimulator.Build.0 = Release|Any CPU
		{D2B22C84-B6D6-4720-AB92-7417C2AB42FD}.AppStore|iPhoneSimulator.Deploy.0 = Release|Any CPU
		{D2B22C84-B6D6-4720-AB92-7417C2AB42FD}.AppStore|x64.ActiveCfg = Release|Any CPU
		{D2B22C84-B6D6-4720-AB92-7417C2AB42FD}.AppStore|x64.Build.0 = Release|Any CPU
		{D2B22C84-B6D6-4720-AB92-7417C2AB42FD}.AppStore|x64.Deploy.0 = Release|Any CPU
		{D2B22C84-B6D6-4720-AB92-7417C2AB42FD}.AppStore|x86.ActiveCfg = Release|x86
		{D2B22C84-B6D6-4720-AB92-7417C2AB42FD}.AppStore|x86.Build.0 = Release|x86
		{D2B22C84-B6D6-4720-AB92-7417C2AB42FD}.AppStore|x86.Deploy.0 = Release|x86
		{D2B22C84-B6D6-4720-AB92-7417C2AB42FD}.Debug|Any CPU.ActiveCfg = Debug|Any CPU
		{D2B22C84-B6D6-4720-AB92-7417C2AB42FD}.Debug|Any CPU.Build.0 = Debug|Any CPU
		{D2B22C84-B6D6-4720-AB92-7417C2AB42FD}.Debug|Any CPU.Deploy.0 = Debug|Any CPU
		{D2B22C84-B6D6-4720-AB92-7417C2AB42FD}.Debug|ARM.ActiveCfg = Debug|ARM
		{D2B22C84-B6D6-4720-AB92-7417C2AB42FD}.Debug|ARM.Build.0 = Debug|ARM
		{D2B22C84-B6D6-4720-AB92-7417C2AB42FD}.Debug|ARM.Deploy.0 = Debug|ARM
		{D2B22C84-B6D6-4720-AB92-7417C2AB42FD}.Debug|iPhone.ActiveCfg = Debug|Any CPU
		{D2B22C84-B6D6-4720-AB92-7417C2AB42FD}.Debug|iPhone.Build.0 = Debug|Any CPU
		{D2B22C84-B6D6-4720-AB92-7417C2AB42FD}.Debug|iPhone.Deploy.0 = Debug|Any CPU
		{D2B22C84-B6D6-4720-AB92-7417C2AB42FD}.Debug|iPhoneSimulator.ActiveCfg = Debug|Any CPU
		{D2B22C84-B6D6-4720-AB92-7417C2AB42FD}.Debug|iPhoneSimulator.Build.0 = Debug|Any CPU
		{D2B22C84-B6D6-4720-AB92-7417C2AB42FD}.Debug|iPhoneSimulator.Deploy.0 = Debug|Any CPU
		{D2B22C84-B6D6-4720-AB92-7417C2AB42FD}.Debug|x64.ActiveCfg = Debug|Any CPU
		{D2B22C84-B6D6-4720-AB92-7417C2AB42FD}.Debug|x64.Build.0 = Debug|Any CPU
		{D2B22C84-B6D6-4720-AB92-7417C2AB42FD}.Debug|x64.Deploy.0 = Debug|Any CPU
		{D2B22C84-B6D6-4720-AB92-7417C2AB42FD}.Debug|x86.ActiveCfg = Debug|x86
		{D2B22C84-B6D6-4720-AB92-7417C2AB42FD}.Debug|x86.Build.0 = Debug|x86
		{D2B22C84-B6D6-4720-AB92-7417C2AB42FD}.Debug|x86.Deploy.0 = Debug|x86
		{D2B22C84-B6D6-4720-AB92-7417C2AB42FD}.Release|Any CPU.ActiveCfg = Release|Any CPU
		{D2B22C84-B6D6-4720-AB92-7417C2AB42FD}.Release|Any CPU.Build.0 = Release|Any CPU
		{D2B22C84-B6D6-4720-AB92-7417C2AB42FD}.Release|Any CPU.Deploy.0 = Release|Any CPU
		{D2B22C84-B6D6-4720-AB92-7417C2AB42FD}.Release|ARM.ActiveCfg = Release|ARM
		{D2B22C84-B6D6-4720-AB92-7417C2AB42FD}.Release|ARM.Build.0 = Release|ARM
		{D2B22C84-B6D6-4720-AB92-7417C2AB42FD}.Release|ARM.Deploy.0 = Release|ARM
		{D2B22C84-B6D6-4720-AB92-7417C2AB42FD}.Release|iPhone.ActiveCfg = Release|Any CPU
		{D2B22C84-B6D6-4720-AB92-7417C2AB42FD}.Release|iPhone.Build.0 = Release|Any CPU
		{D2B22C84-B6D6-4720-AB92-7417C2AB42FD}.Release|iPhone.Deploy.0 = Release|Any CPU
		{D2B22C84-B6D6-4720-AB92-7417C2AB42FD}.Release|iPhoneSimulator.ActiveCfg = Release|Any CPU
		{D2B22C84-B6D6-4720-AB92-7417C2AB42FD}.Release|iPhoneSimulator.Build.0 = Release|Any CPU
		{D2B22C84-B6D6-4720-AB92-7417C2AB42FD}.Release|iPhoneSimulator.Deploy.0 = Release|Any CPU
		{D2B22C84-B6D6-4720-AB92-7417C2AB42FD}.Release|x64.ActiveCfg = Release|Any CPU
		{D2B22C84-B6D6-4720-AB92-7417C2AB42FD}.Release|x64.Build.0 = Release|Any CPU
		{D2B22C84-B6D6-4720-AB92-7417C2AB42FD}.Release|x64.Deploy.0 = Release|Any CPU
		{D2B22C84-B6D6-4720-AB92-7417C2AB42FD}.Release|x86.ActiveCfg = Release|x86
		{D2B22C84-B6D6-4720-AB92-7417C2AB42FD}.Release|x86.Build.0 = Release|x86
		{D2B22C84-B6D6-4720-AB92-7417C2AB42FD}.Release|x86.Deploy.0 = Release|x86
		{F42AC733-6539-427F-B7A7-BEB8ADCA2D03}.Ad-Hoc|Any CPU.ActiveCfg = Release|x86
		{F42AC733-6539-427F-B7A7-BEB8ADCA2D03}.Ad-Hoc|Any CPU.Build.0 = Release|x86
		{F42AC733-6539-427F-B7A7-BEB8ADCA2D03}.Ad-Hoc|Any CPU.Deploy.0 = Release|x86
		{F42AC733-6539-427F-B7A7-BEB8ADCA2D03}.Ad-Hoc|ARM.ActiveCfg = Release|ARM
		{F42AC733-6539-427F-B7A7-BEB8ADCA2D03}.Ad-Hoc|ARM.Build.0 = Release|ARM
		{F42AC733-6539-427F-B7A7-BEB8ADCA2D03}.Ad-Hoc|ARM.Deploy.0 = Release|ARM
		{F42AC733-6539-427F-B7A7-BEB8ADCA2D03}.Ad-Hoc|iPhone.ActiveCfg = Release|x86
		{F42AC733-6539-427F-B7A7-BEB8ADCA2D03}.Ad-Hoc|iPhone.Build.0 = Release|x86
		{F42AC733-6539-427F-B7A7-BEB8ADCA2D03}.Ad-Hoc|iPhone.Deploy.0 = Release|x86
		{F42AC733-6539-427F-B7A7-BEB8ADCA2D03}.Ad-Hoc|iPhoneSimulator.ActiveCfg = Release|x86
		{F42AC733-6539-427F-B7A7-BEB8ADCA2D03}.Ad-Hoc|iPhoneSimulator.Build.0 = Release|x86
		{F42AC733-6539-427F-B7A7-BEB8ADCA2D03}.Ad-Hoc|iPhoneSimulator.Deploy.0 = Release|x86
		{F42AC733-6539-427F-B7A7-BEB8ADCA2D03}.Ad-Hoc|x64.ActiveCfg = Release|x64
		{F42AC733-6539-427F-B7A7-BEB8ADCA2D03}.Ad-Hoc|x64.Build.0 = Release|x64
		{F42AC733-6539-427F-B7A7-BEB8ADCA2D03}.Ad-Hoc|x64.Deploy.0 = Release|x64
		{F42AC733-6539-427F-B7A7-BEB8ADCA2D03}.Ad-Hoc|x86.ActiveCfg = Release|x86
		{F42AC733-6539-427F-B7A7-BEB8ADCA2D03}.Ad-Hoc|x86.Build.0 = Release|x86
		{F42AC733-6539-427F-B7A7-BEB8ADCA2D03}.Ad-Hoc|x86.Deploy.0 = Release|x86
		{F42AC733-6539-427F-B7A7-BEB8ADCA2D03}.AppStore|Any CPU.ActiveCfg = Release|x86
		{F42AC733-6539-427F-B7A7-BEB8ADCA2D03}.AppStore|Any CPU.Build.0 = Release|x86
		{F42AC733-6539-427F-B7A7-BEB8ADCA2D03}.AppStore|Any CPU.Deploy.0 = Release|x86
		{F42AC733-6539-427F-B7A7-BEB8ADCA2D03}.AppStore|ARM.ActiveCfg = Release|ARM
		{F42AC733-6539-427F-B7A7-BEB8ADCA2D03}.AppStore|ARM.Build.0 = Release|ARM
		{F42AC733-6539-427F-B7A7-BEB8ADCA2D03}.AppStore|ARM.Deploy.0 = Release|ARM
		{F42AC733-6539-427F-B7A7-BEB8ADCA2D03}.AppStore|iPhone.ActiveCfg = Release|x86
		{F42AC733-6539-427F-B7A7-BEB8ADCA2D03}.AppStore|iPhone.Build.0 = Release|x86
		{F42AC733-6539-427F-B7A7-BEB8ADCA2D03}.AppStore|iPhone.Deploy.0 = Release|x86
		{F42AC733-6539-427F-B7A7-BEB8ADCA2D03}.AppStore|iPhoneSimulator.ActiveCfg = Release|x86
		{F42AC733-6539-427F-B7A7-BEB8ADCA2D03}.AppStore|iPhoneSimulator.Build.0 = Release|x86
		{F42AC733-6539-427F-B7A7-BEB8ADCA2D03}.AppStore|iPhoneSimulator.Deploy.0 = Release|x86
		{F42AC733-6539-427F-B7A7-BEB8ADCA2D03}.AppStore|x64.ActiveCfg = Release|x64
		{F42AC733-6539-427F-B7A7-BEB8ADCA2D03}.AppStore|x64.Build.0 = Release|x64
		{F42AC733-6539-427F-B7A7-BEB8ADCA2D03}.AppStore|x64.Deploy.0 = Release|x64
		{F42AC733-6539-427F-B7A7-BEB8ADCA2D03}.AppStore|x86.ActiveCfg = Release|x86
		{F42AC733-6539-427F-B7A7-BEB8ADCA2D03}.AppStore|x86.Build.0 = Release|x86
		{F42AC733-6539-427F-B7A7-BEB8ADCA2D03}.AppStore|x86.Deploy.0 = Release|x86
		{F42AC733-6539-427F-B7A7-BEB8ADCA2D03}.Debug|Any CPU.ActiveCfg = Debug|x86
		{F42AC733-6539-427F-B7A7-BEB8ADCA2D03}.Debug|ARM.ActiveCfg = Debug|ARM
		{F42AC733-6539-427F-B7A7-BEB8ADCA2D03}.Debug|ARM.Build.0 = Debug|ARM
		{F42AC733-6539-427F-B7A7-BEB8ADCA2D03}.Debug|ARM.Deploy.0 = Debug|ARM
		{F42AC733-6539-427F-B7A7-BEB8ADCA2D03}.Debug|iPhone.ActiveCfg = Debug|x86
		{F42AC733-6539-427F-B7A7-BEB8ADCA2D03}.Debug|iPhoneSimulator.ActiveCfg = Debug|x86
		{F42AC733-6539-427F-B7A7-BEB8ADCA2D03}.Debug|x64.ActiveCfg = Debug|x64
		{F42AC733-6539-427F-B7A7-BEB8ADCA2D03}.Debug|x64.Build.0 = Debug|x64
		{F42AC733-6539-427F-B7A7-BEB8ADCA2D03}.Debug|x64.Deploy.0 = Debug|x64
		{F42AC733-6539-427F-B7A7-BEB8ADCA2D03}.Debug|x86.ActiveCfg = Debug|x86
		{F42AC733-6539-427F-B7A7-BEB8ADCA2D03}.Debug|x86.Build.0 = Debug|x86
		{F42AC733-6539-427F-B7A7-BEB8ADCA2D03}.Debug|x86.Deploy.0 = Debug|x86
		{F42AC733-6539-427F-B7A7-BEB8ADCA2D03}.Release|Any CPU.ActiveCfg = Release|x86
		{F42AC733-6539-427F-B7A7-BEB8ADCA2D03}.Release|ARM.ActiveCfg = Release|ARM
		{F42AC733-6539-427F-B7A7-BEB8ADCA2D03}.Release|ARM.Build.0 = Release|ARM
		{F42AC733-6539-427F-B7A7-BEB8ADCA2D03}.Release|ARM.Deploy.0 = Release|ARM
		{F42AC733-6539-427F-B7A7-BEB8ADCA2D03}.Release|iPhone.ActiveCfg = Release|x86
		{F42AC733-6539-427F-B7A7-BEB8ADCA2D03}.Release|iPhoneSimulator.ActiveCfg = Release|x86
		{F42AC733-6539-427F-B7A7-BEB8ADCA2D03}.Release|x64.ActiveCfg = Release|x64
		{F42AC733-6539-427F-B7A7-BEB8ADCA2D03}.Release|x64.Build.0 = Release|x64
		{F42AC733-6539-427F-B7A7-BEB8ADCA2D03}.Release|x64.Deploy.0 = Release|x64
		{F42AC733-6539-427F-B7A7-BEB8ADCA2D03}.Release|x86.ActiveCfg = Release|x86
		{F42AC733-6539-427F-B7A7-BEB8ADCA2D03}.Release|x86.Build.0 = Release|x86
		{F42AC733-6539-427F-B7A7-BEB8ADCA2D03}.Release|x86.Deploy.0 = Release|x86
		{AB9A08C9-26C4-4D85-8083-6E01244C8161}.Ad-Hoc|Any CPU.ActiveCfg = Release|Any CPU
		{AB9A08C9-26C4-4D85-8083-6E01244C8161}.Ad-Hoc|Any CPU.Build.0 = Release|Any CPU
		{AB9A08C9-26C4-4D85-8083-6E01244C8161}.Ad-Hoc|Any CPU.Deploy.0 = Release|Any CPU
		{AB9A08C9-26C4-4D85-8083-6E01244C8161}.Ad-Hoc|ARM.ActiveCfg = Release|ARM
		{AB9A08C9-26C4-4D85-8083-6E01244C8161}.Ad-Hoc|ARM.Build.0 = Release|ARM
		{AB9A08C9-26C4-4D85-8083-6E01244C8161}.Ad-Hoc|ARM.Deploy.0 = Release|ARM
		{AB9A08C9-26C4-4D85-8083-6E01244C8161}.Ad-Hoc|iPhone.ActiveCfg = Release|Any CPU
		{AB9A08C9-26C4-4D85-8083-6E01244C8161}.Ad-Hoc|iPhone.Build.0 = Release|Any CPU
		{AB9A08C9-26C4-4D85-8083-6E01244C8161}.Ad-Hoc|iPhone.Deploy.0 = Release|Any CPU
		{AB9A08C9-26C4-4D85-8083-6E01244C8161}.Ad-Hoc|iPhoneSimulator.ActiveCfg = Release|Any CPU
		{AB9A08C9-26C4-4D85-8083-6E01244C8161}.Ad-Hoc|iPhoneSimulator.Build.0 = Release|Any CPU
		{AB9A08C9-26C4-4D85-8083-6E01244C8161}.Ad-Hoc|iPhoneSimulator.Deploy.0 = Release|Any CPU
		{AB9A08C9-26C4-4D85-8083-6E01244C8161}.Ad-Hoc|x64.ActiveCfg = Release|x64
		{AB9A08C9-26C4-4D85-8083-6E01244C8161}.Ad-Hoc|x64.Build.0 = Release|x64
		{AB9A08C9-26C4-4D85-8083-6E01244C8161}.Ad-Hoc|x64.Deploy.0 = Release|x64
		{AB9A08C9-26C4-4D85-8083-6E01244C8161}.Ad-Hoc|x86.ActiveCfg = Release|x86
		{AB9A08C9-26C4-4D85-8083-6E01244C8161}.Ad-Hoc|x86.Build.0 = Release|x86
		{AB9A08C9-26C4-4D85-8083-6E01244C8161}.Ad-Hoc|x86.Deploy.0 = Release|x86
		{AB9A08C9-26C4-4D85-8083-6E01244C8161}.AppStore|Any CPU.ActiveCfg = Release|Any CPU
		{AB9A08C9-26C4-4D85-8083-6E01244C8161}.AppStore|Any CPU.Build.0 = Release|Any CPU
		{AB9A08C9-26C4-4D85-8083-6E01244C8161}.AppStore|Any CPU.Deploy.0 = Release|Any CPU
		{AB9A08C9-26C4-4D85-8083-6E01244C8161}.AppStore|ARM.ActiveCfg = Release|ARM
		{AB9A08C9-26C4-4D85-8083-6E01244C8161}.AppStore|ARM.Build.0 = Release|ARM
		{AB9A08C9-26C4-4D85-8083-6E01244C8161}.AppStore|ARM.Deploy.0 = Release|ARM
		{AB9A08C9-26C4-4D85-8083-6E01244C8161}.AppStore|iPhone.ActiveCfg = Release|Any CPU
		{AB9A08C9-26C4-4D85-8083-6E01244C8161}.AppStore|iPhone.Build.0 = Release|Any CPU
		{AB9A08C9-26C4-4D85-8083-6E01244C8161}.AppStore|iPhone.Deploy.0 = Release|Any CPU
		{AB9A08C9-26C4-4D85-8083-6E01244C8161}.AppStore|iPhoneSimulator.ActiveCfg = Release|Any CPU
		{AB9A08C9-26C4-4D85-8083-6E01244C8161}.AppStore|iPhoneSimulator.Build.0 = Release|Any CPU
		{AB9A08C9-26C4-4D85-8083-6E01244C8161}.AppStore|iPhoneSimulator.Deploy.0 = Release|Any CPU
		{AB9A08C9-26C4-4D85-8083-6E01244C8161}.AppStore|x64.ActiveCfg = Release|x64
		{AB9A08C9-26C4-4D85-8083-6E01244C8161}.AppStore|x64.Build.0 = Release|x64
		{AB9A08C9-26C4-4D85-8083-6E01244C8161}.AppStore|x64.Deploy.0 = Release|x64
		{AB9A08C9-26C4-4D85-8083-6E01244C8161}.AppStore|x86.ActiveCfg = Release|x86
		{AB9A08C9-26C4-4D85-8083-6E01244C8161}.AppStore|x86.Build.0 = Release|x86
		{AB9A08C9-26C4-4D85-8083-6E01244C8161}.AppStore|x86.Deploy.0 = Release|x86
		{AB9A08C9-26C4-4D85-8083-6E01244C8161}.Debug|Any CPU.ActiveCfg = Debug|Any CPU
		{AB9A08C9-26C4-4D85-8083-6E01244C8161}.Debug|Any CPU.Build.0 = Debug|Any CPU
		{AB9A08C9-26C4-4D85-8083-6E01244C8161}.Debug|Any CPU.Deploy.0 = Debug|Any CPU
		{AB9A08C9-26C4-4D85-8083-6E01244C8161}.Debug|ARM.ActiveCfg = Debug|ARM
		{AB9A08C9-26C4-4D85-8083-6E01244C8161}.Debug|ARM.Build.0 = Debug|ARM
		{AB9A08C9-26C4-4D85-8083-6E01244C8161}.Debug|ARM.Deploy.0 = Debug|ARM
		{AB9A08C9-26C4-4D85-8083-6E01244C8161}.Debug|iPhone.ActiveCfg = Debug|Any CPU
		{AB9A08C9-26C4-4D85-8083-6E01244C8161}.Debug|iPhone.Build.0 = Debug|Any CPU
		{AB9A08C9-26C4-4D85-8083-6E01244C8161}.Debug|iPhone.Deploy.0 = Debug|Any CPU
		{AB9A08C9-26C4-4D85-8083-6E01244C8161}.Debug|iPhoneSimulator.ActiveCfg = Debug|Any CPU
		{AB9A08C9-26C4-4D85-8083-6E01244C8161}.Debug|iPhoneSimulator.Build.0 = Debug|Any CPU
		{AB9A08C9-26C4-4D85-8083-6E01244C8161}.Debug|iPhoneSimulator.Deploy.0 = Debug|Any CPU
		{AB9A08C9-26C4-4D85-8083-6E01244C8161}.Debug|x64.ActiveCfg = Debug|x64
		{AB9A08C9-26C4-4D85-8083-6E01244C8161}.Debug|x64.Build.0 = Debug|x64
		{AB9A08C9-26C4-4D85-8083-6E01244C8161}.Debug|x64.Deploy.0 = Debug|x64
		{AB9A08C9-26C4-4D85-8083-6E01244C8161}.Debug|x86.ActiveCfg = Debug|x86
		{AB9A08C9-26C4-4D85-8083-6E01244C8161}.Debug|x86.Build.0 = Debug|x86
		{AB9A08C9-26C4-4D85-8083-6E01244C8161}.Debug|x86.Deploy.0 = Debug|x86
		{AB9A08C9-26C4-4D85-8083-6E01244C8161}.Release|Any CPU.ActiveCfg = Release|Any CPU
		{AB9A08C9-26C4-4D85-8083-6E01244C8161}.Release|Any CPU.Build.0 = Release|Any CPU
		{AB9A08C9-26C4-4D85-8083-6E01244C8161}.Release|Any CPU.Deploy.0 = Release|Any CPU
		{AB9A08C9-26C4-4D85-8083-6E01244C8161}.Release|ARM.ActiveCfg = Release|ARM
		{AB9A08C9-26C4-4D85-8083-6E01244C8161}.Release|ARM.Build.0 = Release|ARM
		{AB9A08C9-26C4-4D85-8083-6E01244C8161}.Release|ARM.Deploy.0 = Release|ARM
		{AB9A08C9-26C4-4D85-8083-6E01244C8161}.Release|iPhone.ActiveCfg = Release|Any CPU
		{AB9A08C9-26C4-4D85-8083-6E01244C8161}.Release|iPhone.Build.0 = Release|Any CPU
		{AB9A08C9-26C4-4D85-8083-6E01244C8161}.Release|iPhone.Deploy.0 = Release|Any CPU
		{AB9A08C9-26C4-4D85-8083-6E01244C8161}.Release|iPhoneSimulator.ActiveCfg = Release|Any CPU
		{AB9A08C9-26C4-4D85-8083-6E01244C8161}.Release|iPhoneSimulator.Build.0 = Release|Any CPU
		{AB9A08C9-26C4-4D85-8083-6E01244C8161}.Release|iPhoneSimulator.Deploy.0 = Release|Any CPU
		{AB9A08C9-26C4-4D85-8083-6E01244C8161}.Release|x64.ActiveCfg = Release|x64
		{AB9A08C9-26C4-4D85-8083-6E01244C8161}.Release|x64.Build.0 = Release|x64
		{AB9A08C9-26C4-4D85-8083-6E01244C8161}.Release|x64.Deploy.0 = Release|x64
		{AB9A08C9-26C4-4D85-8083-6E01244C8161}.Release|x86.ActiveCfg = Release|x86
		{AB9A08C9-26C4-4D85-8083-6E01244C8161}.Release|x86.Build.0 = Release|x86
		{AB9A08C9-26C4-4D85-8083-6E01244C8161}.Release|x86.Deploy.0 = Release|x86
	EndGlobalSection
	GlobalSection(SolutionProperties) = preSolution
		HideSolutionNode = FALSE
	EndGlobalSection
EndGlobal
