
Microsoft Visual Studio Solution File, Format Version 12.00
# Visual Studio 14
VisualStudioVersion = 14.0.25420.1
MinimumVisualStudioVersion = 10.0.40219.1
Project("{FAE04EC0-301F-11D3-BF4B-00C04F79EFBC}") = "WrapView.Droid", "WrapView\WrapView.Droid\WrapView.Droid.csproj", "{BA6E6303-1CFF-4412-8207-14B118E307AC}"
EndProject
Project("{FAE04EC0-301F-11D3-BF4B-00C04F79EFBC}") = "WrapView.iOS", "WrapView\WrapView.iOS\WrapView.iOS.csproj", "{77509ACA-5F71-4B88-B941-F2C4EFECFE4A}"
EndProject
Project("{FAE04EC0-301F-11D3-BF4B-00C04F79EFBC}") = "WrapView.WinPhone", "WrapView\WrapView.WinPhone\WrapView.WinPhone.csproj", "{4635FE4C-4FD1-4797-A4B3-1208A1C7E6B1}"
EndProject
Project("{FAE04EC0-301F-11D3-BF4B-00C04F79EFBC}") = "WrapView.UWP", "WrapView\WrapView.UWP\WrapView.UWP.csproj", "{AFA1B1E4-B424-429A-960F-E07356118135}"
EndProject
Project("{FAE04EC0-301F-11D3-BF4B-00C04F79EFBC}") = "WrapView.Windows", "WrapView\WrapView.Windows\WrapView.Windows.csproj", "{49298388-7BB2-472F-94BE-DDA627A5312B}"
EndProject
Project("{2150E333-8FDC-42A3-9474-1A3956D46DE8}") = "App", "App", "{4A40004D-832F-41AA-83D1-F72E39027FC5}"
EndProject
Project("{2150E333-8FDC-42A3-9474-1A3956D46DE8}") = "Control", "Control", "{982E6706-FEC7-4461-A4DB-BB05BCE7FE73}"
EndProject
Project("{FAE04EC0-301F-11D3-BF4B-00C04F79EFBC}") = "WrapView.Sample", "WrapView\WrapView.Sample\WrapView.Sample.csproj", "{AC0AF969-078E-4549-9BB5-0656EB91380B}"
EndProject
Project("{FAE04EC0-301F-11D3-BF4B-00C04F79EFBC}") = "WrapView", "WrapView\WrapView\WrapView.csproj", "{67F9D3A8-F71E-4428-913F-C37AE82CDB24}"
EndProject
Global
	GlobalSection(SolutionConfigurationPlatforms) = preSolution
		Ad-Hoc|Any CPU = Ad-Hoc|Any CPU
		Ad-Hoc|ARM = Ad-Hoc|ARM
		Ad-Hoc|iPhone = Ad-Hoc|iPhone
		Ad-Hoc|iPhoneSimulator = Ad-Hoc|iPhoneSimulator
		Ad-Hoc|x64 = Ad-Hoc|x64
		Ad-Hoc|x86 = Ad-Hoc|x86
		AppStore|Any CPU = AppStore|Any CPU
		AppStore|ARM = AppStore|ARM
		AppStore|iPhone = AppStore|iPhone
		AppStore|iPhoneSimulator = AppStore|iPhoneSimulator
		AppStore|x64 = AppStore|x64
		AppStore|x86 = AppStore|x86
		Debug|Any CPU = Debug|Any CPU
		Debug|ARM = Debug|ARM
		Debug|iPhone = Debug|iPhone
		Debug|iPhoneSimulator = Debug|iPhoneSimulator
		Debug|x64 = Debug|x64
		Debug|x86 = Debug|x86
		Release|Any CPU = Release|Any CPU
		Release|ARM = Release|ARM
		Release|iPhone = Release|iPhone
		Release|iPhoneSimulator = Release|iPhoneSimulator
		Release|x64 = Release|x64
		Release|x86 = Release|x86
	EndGlobalSection
	GlobalSection(ProjectConfigurationPlatforms) = postSolution
		{BA6E6303-1CFF-4412-8207-14B118E307AC}.Ad-Hoc|Any CPU.ActiveCfg = Release|Any CPU
		{BA6E6303-1CFF-4412-8207-14B118E307AC}.Ad-Hoc|Any CPU.Build.0 = Release|Any CPU
		{BA6E6303-1CFF-4412-8207-14B118E307AC}.Ad-Hoc|Any CPU.Deploy.0 = Release|Any CPU
		{BA6E6303-1CFF-4412-8207-14B118E307AC}.Ad-Hoc|ARM.ActiveCfg = Release|Any CPU
		{BA6E6303-1CFF-4412-8207-14B118E307AC}.Ad-Hoc|ARM.Build.0 = Release|Any CPU
		{BA6E6303-1CFF-4412-8207-14B118E307AC}.Ad-Hoc|ARM.Deploy.0 = Release|Any CPU
		{BA6E6303-1CFF-4412-8207-14B118E307AC}.Ad-Hoc|iPhone.ActiveCfg = Release|Any CPU
		{BA6E6303-1CFF-4412-8207-14B118E307AC}.Ad-Hoc|iPhone.Build.0 = Release|Any CPU
		{BA6E6303-1CFF-4412-8207-14B118E307AC}.Ad-Hoc|iPhone.Deploy.0 = Release|Any CPU
		{BA6E6303-1CFF-4412-8207-14B118E307AC}.Ad-Hoc|iPhoneSimulator.ActiveCfg = Release|Any CPU
		{BA6E6303-1CFF-4412-8207-14B118E307AC}.Ad-Hoc|iPhoneSimulator.Build.0 = Release|Any CPU
		{BA6E6303-1CFF-4412-8207-14B118E307AC}.Ad-Hoc|iPhoneSimulator.Deploy.0 = Release|Any CPU
		{BA6E6303-1CFF-4412-8207-14B118E307AC}.Ad-Hoc|x64.ActiveCfg = Release|Any CPU
		{BA6E6303-1CFF-4412-8207-14B118E307AC}.Ad-Hoc|x64.Build.0 = Release|Any CPU
		{BA6E6303-1CFF-4412-8207-14B118E307AC}.Ad-Hoc|x64.Deploy.0 = Release|Any CPU
		{BA6E6303-1CFF-4412-8207-14B118E307AC}.Ad-Hoc|x86.ActiveCfg = Release|Any CPU
		{BA6E6303-1CFF-4412-8207-14B118E307AC}.Ad-Hoc|x86.Build.0 = Release|Any CPU
		{BA6E6303-1CFF-4412-8207-14B118E307AC}.Ad-Hoc|x86.Deploy.0 = Release|Any CPU
		{BA6E6303-1CFF-4412-8207-14B118E307AC}.AppStore|Any CPU.ActiveCfg = Release|Any CPU
		{BA6E6303-1CFF-4412-8207-14B118E307AC}.AppStore|Any CPU.Build.0 = Release|Any CPU
		{BA6E6303-1CFF-4412-8207-14B118E307AC}.AppStore|Any CPU.Deploy.0 = Release|Any CPU
		{BA6E6303-1CFF-4412-8207-14B118E307AC}.AppStore|ARM.ActiveCfg = Release|Any CPU
		{BA6E6303-1CFF-4412-8207-14B118E307AC}.AppStore|ARM.Build.0 = Release|Any CPU
		{BA6E6303-1CFF-4412-8207-14B118E307AC}.AppStore|ARM.Deploy.0 = Release|Any CPU
		{BA6E6303-1CFF-4412-8207-14B118E307AC}.AppStore|iPhone.ActiveCfg = Release|Any CPU
		{BA6E6303-1CFF-4412-8207-14B118E307AC}.AppStore|iPhone.Build.0 = Release|Any CPU
		{BA6E6303-1CFF-4412-8207-14B118E307AC}.AppStore|iPhone.Deploy.0 = Release|Any CPU
		{BA6E6303-1CFF-4412-8207-14B118E307AC}.AppStore|iPhoneSimulator.ActiveCfg = Release|Any CPU
		{BA6E6303-1CFF-4412-8207-14B118E307AC}.AppStore|iPhoneSimulator.Build.0 = Release|Any CPU
		{BA6E6303-1CFF-4412-8207-14B118E307AC}.AppStore|iPhoneSimulator.Deploy.0 = Release|Any CPU
		{BA6E6303-1CFF-4412-8207-14B118E307AC}.AppStore|x64.ActiveCfg = Release|Any CPU
		{BA6E6303-1CFF-4412-8207-14B118E307AC}.AppStore|x64.Build.0 = Release|Any CPU
		{BA6E6303-1CFF-4412-8207-14B118E307AC}.AppStore|x64.Deploy.0 = Release|Any CPU
		{BA6E6303-1CFF-4412-8207-14B118E307AC}.AppStore|x86.ActiveCfg = Release|Any CPU
		{BA6E6303-1CFF-4412-8207-14B118E307AC}.AppStore|x86.Build.0 = Release|Any CPU
		{BA6E6303-1CFF-4412-8207-14B118E307AC}.AppStore|x86.Deploy.0 = Release|Any CPU
		{BA6E6303-1CFF-4412-8207-14B118E307AC}.Debug|Any CPU.ActiveCfg = Debug|Any CPU
		{BA6E6303-1CFF-4412-8207-14B118E307AC}.Debug|Any CPU.Build.0 = Debug|Any CPU
		{BA6E6303-1CFF-4412-8207-14B118E307AC}.Debug|Any CPU.Deploy.0 = Debug|Any CPU
		{BA6E6303-1CFF-4412-8207-14B118E307AC}.Debug|ARM.ActiveCfg = Debug|Any CPU
		{BA6E6303-1CFF-4412-8207-14B118E307AC}.Debug|ARM.Build.0 = Debug|Any CPU
		{BA6E6303-1CFF-4412-8207-14B118E307AC}.Debug|ARM.Deploy.0 = Debug|Any CPU
		{BA6E6303-1CFF-4412-8207-14B118E307AC}.Debug|iPhone.ActiveCfg = Debug|Any CPU
		{BA6E6303-1CFF-4412-8207-14B118E307AC}.Debug|iPhone.Build.0 = Debug|Any CPU
		{BA6E6303-1CFF-4412-8207-14B118E307AC}.Debug|iPhone.Deploy.0 = Debug|Any CPU
		{BA6E6303-1CFF-4412-8207-14B118E307AC}.Debug|iPhoneSimulator.ActiveCfg = Debug|Any CPU
		{BA6E6303-1CFF-4412-8207-14B118E307AC}.Debug|iPhoneSimulator.Build.0 = Debug|Any CPU
		{BA6E6303-1CFF-4412-8207-14B118E307AC}.Debug|iPhoneSimulator.Deploy.0 = Debug|Any CPU
		{BA6E6303-1CFF-4412-8207-14B118E307AC}.Debug|x64.ActiveCfg = Debug|Any CPU
		{BA6E6303-1CFF-4412-8207-14B118E307AC}.Debug|x64.Build.0 = Debug|Any CPU
		{BA6E6303-1CFF-4412-8207-14B118E307AC}.Debug|x64.Deploy.0 = Debug|Any CPU
		{BA6E6303-1CFF-4412-8207-14B118E307AC}.Debug|x86.ActiveCfg = Debug|Any CPU
		{BA6E6303-1CFF-4412-8207-14B118E307AC}.Debug|x86.Build.0 = Debug|Any CPU
		{BA6E6303-1CFF-4412-8207-14B118E307AC}.Debug|x86.Deploy.0 = Debug|Any CPU
		{BA6E6303-1CFF-4412-8207-14B118E307AC}.Release|Any CPU.ActiveCfg = Release|Any CPU
		{BA6E6303-1CFF-4412-8207-14B118E307AC}.Release|Any CPU.Build.0 = Release|Any CPU
		{BA6E6303-1CFF-4412-8207-14B118E307AC}.Release|Any CPU.Deploy.0 = Release|Any CPU
		{BA6E6303-1CFF-4412-8207-14B118E307AC}.Release|ARM.ActiveCfg = Release|Any CPU
		{BA6E6303-1CFF-4412-8207-14B118E307AC}.Release|ARM.Build.0 = Release|Any CPU
		{BA6E6303-1CFF-4412-8207-14B118E307AC}.Release|ARM.Deploy.0 = Release|Any CPU
		{BA6E6303-1CFF-4412-8207-14B118E307AC}.Release|iPhone.ActiveCfg = Release|Any CPU
		{BA6E6303-1CFF-4412-8207-14B118E307AC}.Release|iPhone.Build.0 = Release|Any CPU
		{BA6E6303-1CFF-4412-8207-14B118E307AC}.Release|iPhone.Deploy.0 = Release|Any CPU
		{BA6E6303-1CFF-4412-8207-14B118E307AC}.Release|iPhoneSimulator.ActiveCfg = Release|Any CPU
		{BA6E6303-1CFF-4412-8207-14B118E307AC}.Release|iPhoneSimulator.Build.0 = Release|Any CPU
		{BA6E6303-1CFF-4412-8207-14B118E307AC}.Release|iPhoneSimulator.Deploy.0 = Release|Any CPU
		{BA6E6303-1CFF-4412-8207-14B118E307AC}.Release|x64.ActiveCfg = Release|Any CPU
		{BA6E6303-1CFF-4412-8207-14B118E307AC}.Release|x64.Build.0 = Release|Any CPU
		{BA6E6303-1CFF-4412-8207-14B118E307AC}.Release|x64.Deploy.0 = Release|Any CPU
		{BA6E6303-1CFF-4412-8207-14B118E307AC}.Release|x86.ActiveCfg = Release|Any CPU
		{BA6E6303-1CFF-4412-8207-14B118E307AC}.Release|x86.Build.0 = Release|Any CPU
		{BA6E6303-1CFF-4412-8207-14B118E307AC}.Release|x86.Deploy.0 = Release|Any CPU
		{77509ACA-5F71-4B88-B941-F2C4EFECFE4A}.Ad-Hoc|Any CPU.ActiveCfg = Ad-Hoc|iPhone
		{77509ACA-5F71-4B88-B941-F2C4EFECFE4A}.Ad-Hoc|ARM.ActiveCfg = Ad-Hoc|iPhone
		{77509ACA-5F71-4B88-B941-F2C4EFECFE4A}.Ad-Hoc|iPhone.ActiveCfg = Ad-Hoc|iPhone
		{77509ACA-5F71-4B88-B941-F2C4EFECFE4A}.Ad-Hoc|iPhone.Build.0 = Ad-Hoc|iPhone
		{77509ACA-5F71-4B88-B941-F2C4EFECFE4A}.Ad-Hoc|iPhoneSimulator.ActiveCfg = Ad-Hoc|iPhoneSimulator
		{77509ACA-5F71-4B88-B941-F2C4EFECFE4A}.Ad-Hoc|iPhoneSimulator.Build.0 = Ad-Hoc|iPhoneSimulator
		{77509ACA-5F71-4B88-B941-F2C4EFECFE4A}.Ad-Hoc|x64.ActiveCfg = Ad-Hoc|iPhone
		{77509ACA-5F71-4B88-B941-F2C4EFECFE4A}.Ad-Hoc|x86.ActiveCfg = Ad-Hoc|iPhone
		{77509ACA-5F71-4B88-B941-F2C4EFECFE4A}.AppStore|Any CPU.ActiveCfg = AppStore|iPhone
		{77509ACA-5F71-4B88-B941-F2C4EFECFE4A}.AppStore|ARM.ActiveCfg = AppStore|iPhone
		{77509ACA-5F71-4B88-B941-F2C4EFECFE4A}.AppStore|iPhone.ActiveCfg = AppStore|iPhone
		{77509ACA-5F71-4B88-B941-F2C4EFECFE4A}.AppStore|iPhone.Build.0 = AppStore|iPhone
		{77509ACA-5F71-4B88-B941-F2C4EFECFE4A}.AppStore|iPhoneSimulator.ActiveCfg = AppStore|iPhoneSimulator
		{77509ACA-5F71-4B88-B941-F2C4EFECFE4A}.AppStore|iPhoneSimulator.Build.0 = AppStore|iPhoneSimulator
		{77509ACA-5F71-4B88-B941-F2C4EFECFE4A}.AppStore|x64.ActiveCfg = AppStore|iPhone
		{77509ACA-5F71-4B88-B941-F2C4EFECFE4A}.AppStore|x86.ActiveCfg = AppStore|iPhone
		{77509ACA-5F71-4B88-B941-F2C4EFECFE4A}.Debug|Any CPU.ActiveCfg = Debug|iPhone
		{77509ACA-5F71-4B88-B941-F2C4EFECFE4A}.Debug|ARM.ActiveCfg = Debug|iPhone
		{77509ACA-5F71-4B88-B941-F2C4EFECFE4A}.Debug|iPhone.ActiveCfg = Debug|iPhone
		{77509ACA-5F71-4B88-B941-F2C4EFECFE4A}.Debug|iPhone.Build.0 = Debug|iPhone
		{77509ACA-5F71-4B88-B941-F2C4EFECFE4A}.Debug|iPhoneSimulator.ActiveCfg = Debug|iPhoneSimulator
		{77509ACA-5F71-4B88-B941-F2C4EFECFE4A}.Debug|iPhoneSimulator.Build.0 = Debug|iPhoneSimulator
		{77509ACA-5F71-4B88-B941-F2C4EFECFE4A}.Debug|x64.ActiveCfg = Debug|iPhone
		{77509ACA-5F71-4B88-B941-F2C4EFECFE4A}.Debug|x86.ActiveCfg = Debug|iPhone
		{77509ACA-5F71-4B88-B941-F2C4EFECFE4A}.Release|Any CPU.ActiveCfg = Release|iPhone
		{77509ACA-5F71-4B88-B941-F2C4EFECFE4A}.Release|ARM.ActiveCfg = Release|iPhone
		{77509ACA-5F71-4B88-B941-F2C4EFECFE4A}.Release|iPhone.ActiveCfg = Release|iPhone
		{77509ACA-5F71-4B88-B941-F2C4EFECFE4A}.Release|iPhone.Build.0 = Release|iPhone
		{77509ACA-5F71-4B88-B941-F2C4EFECFE4A}.Release|iPhoneSimulator.ActiveCfg = Release|iPhoneSimulator
		{77509ACA-5F71-4B88-B941-F2C4EFECFE4A}.Release|iPhoneSimulator.Build.0 = Release|iPhoneSimulator
		{77509ACA-5F71-4B88-B941-F2C4EFECFE4A}.Release|x64.ActiveCfg = Release|iPhone
		{77509ACA-5F71-4B88-B941-F2C4EFECFE4A}.Release|x86.ActiveCfg = Release|iPhone
		{4635FE4C-4FD1-4797-A4B3-1208A1C7E6B1}.Ad-Hoc|Any CPU.ActiveCfg = Release|Any CPU
		{4635FE4C-4FD1-4797-A4B3-1208A1C7E6B1}.Ad-Hoc|Any CPU.Build.0 = Release|Any CPU
		{4635FE4C-4FD1-4797-A4B3-1208A1C7E6B1}.Ad-Hoc|Any CPU.Deploy.0 = Release|Any CPU
		{4635FE4C-4FD1-4797-A4B3-1208A1C7E6B1}.Ad-Hoc|ARM.ActiveCfg = Release|ARM
		{4635FE4C-4FD1-4797-A4B3-1208A1C7E6B1}.Ad-Hoc|ARM.Build.0 = Release|ARM
		{4635FE4C-4FD1-4797-A4B3-1208A1C7E6B1}.Ad-Hoc|ARM.Deploy.0 = Release|ARM
		{4635FE4C-4FD1-4797-A4B3-1208A1C7E6B1}.Ad-Hoc|iPhone.ActiveCfg = Release|Any CPU
		{4635FE4C-4FD1-4797-A4B3-1208A1C7E6B1}.Ad-Hoc|iPhone.Build.0 = Release|Any CPU
		{4635FE4C-4FD1-4797-A4B3-1208A1C7E6B1}.Ad-Hoc|iPhone.Deploy.0 = Release|Any CPU
		{4635FE4C-4FD1-4797-A4B3-1208A1C7E6B1}.Ad-Hoc|iPhoneSimulator.ActiveCfg = Release|Any CPU
		{4635FE4C-4FD1-4797-A4B3-1208A1C7E6B1}.Ad-Hoc|iPhoneSimulator.Build.0 = Release|Any CPU
		{4635FE4C-4FD1-4797-A4B3-1208A1C7E6B1}.Ad-Hoc|iPhoneSimulator.Deploy.0 = Release|Any CPU
		{4635FE4C-4FD1-4797-A4B3-1208A1C7E6B1}.Ad-Hoc|x64.ActiveCfg = Release|Any CPU
		{4635FE4C-4FD1-4797-A4B3-1208A1C7E6B1}.Ad-Hoc|x64.Build.0 = Release|Any CPU
		{4635FE4C-4FD1-4797-A4B3-1208A1C7E6B1}.Ad-Hoc|x64.Deploy.0 = Release|Any CPU
		{4635FE4C-4FD1-4797-A4B3-1208A1C7E6B1}.Ad-Hoc|x86.ActiveCfg = Release|x86
		{4635FE4C-4FD1-4797-A4B3-1208A1C7E6B1}.Ad-Hoc|x86.Build.0 = Release|x86
		{4635FE4C-4FD1-4797-A4B3-1208A1C7E6B1}.Ad-Hoc|x86.Deploy.0 = Release|x86
		{4635FE4C-4FD1-4797-A4B3-1208A1C7E6B1}.AppStore|Any CPU.ActiveCfg = Release|Any CPU
		{4635FE4C-4FD1-4797-A4B3-1208A1C7E6B1}.AppStore|Any CPU.Build.0 = Release|Any CPU
		{4635FE4C-4FD1-4797-A4B3-1208A1C7E6B1}.AppStore|Any CPU.Deploy.0 = Release|Any CPU
		{4635FE4C-4FD1-4797-A4B3-1208A1C7E6B1}.AppStore|ARM.ActiveCfg = Release|ARM
		{4635FE4C-4FD1-4797-A4B3-1208A1C7E6B1}.AppStore|ARM.Build.0 = Release|ARM
		{4635FE4C-4FD1-4797-A4B3-1208A1C7E6B1}.AppStore|ARM.Deploy.0 = Release|ARM
		{4635FE4C-4FD1-4797-A4B3-1208A1C7E6B1}.AppStore|iPhone.ActiveCfg = Release|Any CPU
		{4635FE4C-4FD1-4797-A4B3-1208A1C7E6B1}.AppStore|iPhone.Build.0 = Release|Any CPU
		{4635FE4C-4FD1-4797-A4B3-1208A1C7E6B1}.AppStore|iPhone.Deploy.0 = Release|Any CPU
		{4635FE4C-4FD1-4797-A4B3-1208A1C7E6B1}.AppStore|iPhoneSimulator.ActiveCfg = Release|Any CPU
		{4635FE4C-4FD1-4797-A4B3-1208A1C7E6B1}.AppStore|iPhoneSimulator.Build.0 = Release|Any CPU
		{4635FE4C-4FD1-4797-A4B3-1208A1C7E6B1}.AppStore|iPhoneSimulator.Deploy.0 = Release|Any CPU
		{4635FE4C-4FD1-4797-A4B3-1208A1C7E6B1}.AppStore|x64.ActiveCfg = Release|Any CPU
		{4635FE4C-4FD1-4797-A4B3-1208A1C7E6B1}.AppStore|x64.Build.0 = Release|Any CPU
		{4635FE4C-4FD1-4797-A4B3-1208A1C7E6B1}.AppStore|x64.Deploy.0 = Release|Any CPU
		{4635FE4C-4FD1-4797-A4B3-1208A1C7E6B1}.AppStore|x86.ActiveCfg = Release|x86
		{4635FE4C-4FD1-4797-A4B3-1208A1C7E6B1}.AppStore|x86.Build.0 = Release|x86
		{4635FE4C-4FD1-4797-A4B3-1208A1C7E6B1}.AppStore|x86.Deploy.0 = Release|x86
		{4635FE4C-4FD1-4797-A4B3-1208A1C7E6B1}.Debug|Any CPU.ActiveCfg = Debug|Any CPU
		{4635FE4C-4FD1-4797-A4B3-1208A1C7E6B1}.Debug|Any CPU.Build.0 = Debug|Any CPU
		{4635FE4C-4FD1-4797-A4B3-1208A1C7E6B1}.Debug|Any CPU.Deploy.0 = Debug|Any CPU
		{4635FE4C-4FD1-4797-A4B3-1208A1C7E6B1}.Debug|ARM.ActiveCfg = Debug|ARM
		{4635FE4C-4FD1-4797-A4B3-1208A1C7E6B1}.Debug|ARM.Build.0 = Debug|ARM
		{4635FE4C-4FD1-4797-A4B3-1208A1C7E6B1}.Debug|ARM.Deploy.0 = Debug|ARM
		{4635FE4C-4FD1-4797-A4B3-1208A1C7E6B1}.Debug|iPhone.ActiveCfg = Debug|Any CPU
		{4635FE4C-4FD1-4797-A4B3-1208A1C7E6B1}.Debug|iPhone.Build.0 = Debug|Any CPU
		{4635FE4C-4FD1-4797-A4B3-1208A1C7E6B1}.Debug|iPhone.Deploy.0 = Debug|Any CPU
		{4635FE4C-4FD1-4797-A4B3-1208A1C7E6B1}.Debug|iPhoneSimulator.ActiveCfg = Debug|Any CPU
		{4635FE4C-4FD1-4797-A4B3-1208A1C7E6B1}.Debug|iPhoneSimulator.Build.0 = Debug|Any CPU
		{4635FE4C-4FD1-4797-A4B3-1208A1C7E6B1}.Debug|iPhoneSimulator.Deploy.0 = Debug|Any CPU
		{4635FE4C-4FD1-4797-A4B3-1208A1C7E6B1}.Debug|x64.ActiveCfg = Debug|Any CPU
		{4635FE4C-4FD1-4797-A4B3-1208A1C7E6B1}.Debug|x64.Build.0 = Debug|Any CPU
		{4635FE4C-4FD1-4797-A4B3-1208A1C7E6B1}.Debug|x64.Deploy.0 = Debug|Any CPU
		{4635FE4C-4FD1-4797-A4B3-1208A1C7E6B1}.Debug|x86.ActiveCfg = Debug|x86
		{4635FE4C-4FD1-4797-A4B3-1208A1C7E6B1}.Debug|x86.Build.0 = Debug|x86
		{4635FE4C-4FD1-4797-A4B3-1208A1C7E6B1}.Debug|x86.Deploy.0 = Debug|x86
		{4635FE4C-4FD1-4797-A4B3-1208A1C7E6B1}.Release|Any CPU.ActiveCfg = Release|Any CPU
		{4635FE4C-4FD1-4797-A4B3-1208A1C7E6B1}.Release|Any CPU.Build.0 = Release|Any CPU
		{4635FE4C-4FD1-4797-A4B3-1208A1C7E6B1}.Release|Any CPU.Deploy.0 = Release|Any CPU
		{4635FE4C-4FD1-4797-A4B3-1208A1C7E6B1}.Release|ARM.ActiveCfg = Release|ARM
		{4635FE4C-4FD1-4797-A4B3-1208A1C7E6B1}.Release|ARM.Build.0 = Release|ARM
		{4635FE4C-4FD1-4797-A4B3-1208A1C7E6B1}.Release|ARM.Deploy.0 = Release|ARM
		{4635FE4C-4FD1-4797-A4B3-1208A1C7E6B1}.Release|iPhone.ActiveCfg = Release|Any CPU
		{4635FE4C-4FD1-4797-A4B3-1208A1C7E6B1}.Release|iPhone.Build.0 = Release|Any CPU
		{4635FE4C-4FD1-4797-A4B3-1208A1C7E6B1}.Release|iPhone.Deploy.0 = Release|Any CPU
		{4635FE4C-4FD1-4797-A4B3-1208A1C7E6B1}.Release|iPhoneSimulator.ActiveCfg = Release|Any CPU
		{4635FE4C-4FD1-4797-A4B3-1208A1C7E6B1}.Release|iPhoneSimulator.Build.0 = Release|Any CPU
		{4635FE4C-4FD1-4797-A4B3-1208A1C7E6B1}.Release|iPhoneSimulator.Deploy.0 = Release|Any CPU
		{4635FE4C-4FD1-4797-A4B3-1208A1C7E6B1}.Release|x64.ActiveCfg = Release|Any CPU
		{4635FE4C-4FD1-4797-A4B3-1208A1C7E6B1}.Release|x64.Build.0 = Release|Any CPU
		{4635FE4C-4FD1-4797-A4B3-1208A1C7E6B1}.Release|x64.Deploy.0 = Release|Any CPU
		{4635FE4C-4FD1-4797-A4B3-1208A1C7E6B1}.Release|x86.ActiveCfg = Release|x86
		{4635FE4C-4FD1-4797-A4B3-1208A1C7E6B1}.Release|x86.Build.0 = Release|x86
		{4635FE4C-4FD1-4797-A4B3-1208A1C7E6B1}.Release|x86.Deploy.0 = Release|x86
		{AFA1B1E4-B424-429A-960F-E07356118135}.Ad-Hoc|Any CPU.ActiveCfg = Release|x86
		{AFA1B1E4-B424-429A-960F-E07356118135}.Ad-Hoc|Any CPU.Build.0 = Release|x86
		{AFA1B1E4-B424-429A-960F-E07356118135}.Ad-Hoc|Any CPU.Deploy.0 = Release|x86
		{AFA1B1E4-B424-429A-960F-E07356118135}.Ad-Hoc|ARM.ActiveCfg = Release|ARM
		{AFA1B1E4-B424-429A-960F-E07356118135}.Ad-Hoc|ARM.Build.0 = Release|ARM
		{AFA1B1E4-B424-429A-960F-E07356118135}.Ad-Hoc|ARM.Deploy.0 = Release|ARM
		{AFA1B1E4-B424-429A-960F-E07356118135}.Ad-Hoc|iPhone.ActiveCfg = Release|x86
		{AFA1B1E4-B424-429A-960F-E07356118135}.Ad-Hoc|iPhone.Build.0 = Release|x86
		{AFA1B1E4-B424-429A-960F-E07356118135}.Ad-Hoc|iPhone.Deploy.0 = Release|x86
		{AFA1B1E4-B424-429A-960F-E07356118135}.Ad-Hoc|iPhoneSimulator.ActiveCfg = Release|x86
		{AFA1B1E4-B424-429A-960F-E07356118135}.Ad-Hoc|iPhoneSimulator.Build.0 = Release|x86
		{AFA1B1E4-B424-429A-960F-E07356118135}.Ad-Hoc|iPhoneSimulator.Deploy.0 = Release|x86
		{AFA1B1E4-B424-429A-960F-E07356118135}.Ad-Hoc|x64.ActiveCfg = Release|x64
		{AFA1B1E4-B424-429A-960F-E07356118135}.Ad-Hoc|x64.Build.0 = Release|x64
		{AFA1B1E4-B424-429A-960F-E07356118135}.Ad-Hoc|x64.Deploy.0 = Release|x64
		{AFA1B1E4-B424-429A-960F-E07356118135}.Ad-Hoc|x86.ActiveCfg = Release|x86
		{AFA1B1E4-B424-429A-960F-E07356118135}.Ad-Hoc|x86.Build.0 = Release|x86
		{AFA1B1E4-B424-429A-960F-E07356118135}.Ad-Hoc|x86.Deploy.0 = Release|x86
		{AFA1B1E4-B424-429A-960F-E07356118135}.AppStore|Any CPU.ActiveCfg = Release|x86
		{AFA1B1E4-B424-429A-960F-E07356118135}.AppStore|Any CPU.Build.0 = Release|x86
		{AFA1B1E4-B424-429A-960F-E07356118135}.AppStore|Any CPU.Deploy.0 = Release|x86
		{AFA1B1E4-B424-429A-960F-E07356118135}.AppStore|ARM.ActiveCfg = Release|ARM
		{AFA1B1E4-B424-429A-960F-E07356118135}.AppStore|ARM.Build.0 = Release|ARM
		{AFA1B1E4-B424-429A-960F-E07356118135}.AppStore|ARM.Deploy.0 = Release|ARM
		{AFA1B1E4-B424-429A-960F-E07356118135}.AppStore|iPhone.ActiveCfg = Release|x86
		{AFA1B1E4-B424-429A-960F-E07356118135}.AppStore|iPhone.Build.0 = Release|x86
		{AFA1B1E4-B424-429A-960F-E07356118135}.AppStore|iPhone.Deploy.0 = Release|x86
		{AFA1B1E4-B424-429A-960F-E07356118135}.AppStore|iPhoneSimulator.ActiveCfg = Release|x86
		{AFA1B1E4-B424-429A-960F-E07356118135}.AppStore|iPhoneSimulator.Build.0 = Release|x86
		{AFA1B1E4-B424-429A-960F-E07356118135}.AppStore|iPhoneSimulator.Deploy.0 = Release|x86
		{AFA1B1E4-B424-429A-960F-E07356118135}.AppStore|x64.ActiveCfg = Release|x64
		{AFA1B1E4-B424-429A-960F-E07356118135}.AppStore|x64.Build.0 = Release|x64
		{AFA1B1E4-B424-429A-960F-E07356118135}.AppStore|x64.Deploy.0 = Release|x64
		{AFA1B1E4-B424-429A-960F-E07356118135}.AppStore|x86.ActiveCfg = Release|x86
		{AFA1B1E4-B424-429A-960F-E07356118135}.AppStore|x86.Build.0 = Release|x86
		{AFA1B1E4-B424-429A-960F-E07356118135}.AppStore|x86.Deploy.0 = Release|x86
		{AFA1B1E4-B424-429A-960F-E07356118135}.Debug|Any CPU.ActiveCfg = Debug|x86
		{AFA1B1E4-B424-429A-960F-E07356118135}.Debug|ARM.ActiveCfg = Debug|ARM
		{AFA1B1E4-B424-429A-960F-E07356118135}.Debug|ARM.Build.0 = Debug|ARM
		{AFA1B1E4-B424-429A-960F-E07356118135}.Debug|ARM.Deploy.0 = Debug|ARM
		{AFA1B1E4-B424-429A-960F-E07356118135}.Debug|iPhone.ActiveCfg = Debug|x86
		{AFA1B1E4-B424-429A-960F-E07356118135}.Debug|iPhoneSimulator.ActiveCfg = Debug|x86
		{AFA1B1E4-B424-429A-960F-E07356118135}.Debug|x64.ActiveCfg = Debug|x64
		{AFA1B1E4-B424-429A-960F-E07356118135}.Debug|x64.Build.0 = Debug|x64
		{AFA1B1E4-B424-429A-960F-E07356118135}.Debug|x64.Deploy.0 = Debug|x64
		{AFA1B1E4-B424-429A-960F-E07356118135}.Debug|x86.ActiveCfg = Debug|x86
		{AFA1B1E4-B424-429A-960F-E07356118135}.Debug|x86.Build.0 = Debug|x86
		{AFA1B1E4-B424-429A-960F-E07356118135}.Debug|x86.Deploy.0 = Debug|x86
		{AFA1B1E4-B424-429A-960F-E07356118135}.Release|Any CPU.ActiveCfg = Release|x86
		{AFA1B1E4-B424-429A-960F-E07356118135}.Release|ARM.ActiveCfg = Release|ARM
		{AFA1B1E4-B424-429A-960F-E07356118135}.Release|ARM.Build.0 = Release|ARM
		{AFA1B1E4-B424-429A-960F-E07356118135}.Release|ARM.Deploy.0 = Release|ARM
		{AFA1B1E4-B424-429A-960F-E07356118135}.Release|iPhone.ActiveCfg = Release|x86
		{AFA1B1E4-B424-429A-960F-E07356118135}.Release|iPhoneSimulator.ActiveCfg = Release|x86
		{AFA1B1E4-B424-429A-960F-E07356118135}.Release|x64.ActiveCfg = Release|x64
		{AFA1B1E4-B424-429A-960F-E07356118135}.Release|x64.Build.0 = Release|x64
		{AFA1B1E4-B424-429A-960F-E07356118135}.Release|x64.Deploy.0 = Release|x64
		{AFA1B1E4-B424-429A-960F-E07356118135}.Release|x86.ActiveCfg = Release|x86
		{AFA1B1E4-B424-429A-960F-E07356118135}.Release|x86.Build.0 = Release|x86
		{AFA1B1E4-B424-429A-960F-E07356118135}.Release|x86.Deploy.0 = Release|x86
		{49298388-7BB2-472F-94BE-DDA627A5312B}.Ad-Hoc|Any CPU.ActiveCfg = Release|Any CPU
		{49298388-7BB2-472F-94BE-DDA627A5312B}.Ad-Hoc|Any CPU.Build.0 = Release|Any CPU
		{49298388-7BB2-472F-94BE-DDA627A5312B}.Ad-Hoc|Any CPU.Deploy.0 = Release|Any CPU
		{49298388-7BB2-472F-94BE-DDA627A5312B}.Ad-Hoc|ARM.ActiveCfg = Release|ARM
		{49298388-7BB2-472F-94BE-DDA627A5312B}.Ad-Hoc|ARM.Build.0 = Release|ARM
		{49298388-7BB2-472F-94BE-DDA627A5312B}.Ad-Hoc|ARM.Deploy.0 = Release|ARM
		{49298388-7BB2-472F-94BE-DDA627A5312B}.Ad-Hoc|iPhone.ActiveCfg = Release|Any CPU
		{49298388-7BB2-472F-94BE-DDA627A5312B}.Ad-Hoc|iPhone.Build.0 = Release|Any CPU
		{49298388-7BB2-472F-94BE-DDA627A5312B}.Ad-Hoc|iPhone.Deploy.0 = Release|Any CPU
		{49298388-7BB2-472F-94BE-DDA627A5312B}.Ad-Hoc|iPhoneSimulator.ActiveCfg = Release|Any CPU
		{49298388-7BB2-472F-94BE-DDA627A5312B}.Ad-Hoc|iPhoneSimulator.Build.0 = Release|Any CPU
		{49298388-7BB2-472F-94BE-DDA627A5312B}.Ad-Hoc|iPhoneSimulator.Deploy.0 = Release|Any CPU
		{49298388-7BB2-472F-94BE-DDA627A5312B}.Ad-Hoc|x64.ActiveCfg = Release|x64
		{49298388-7BB2-472F-94BE-DDA627A5312B}.Ad-Hoc|x64.Build.0 = Release|x64
		{49298388-7BB2-472F-94BE-DDA627A5312B}.Ad-Hoc|x64.Deploy.0 = Release|x64
		{49298388-7BB2-472F-94BE-DDA627A5312B}.Ad-Hoc|x86.ActiveCfg = Release|x86
		{49298388-7BB2-472F-94BE-DDA627A5312B}.Ad-Hoc|x86.Build.0 = Release|x86
		{49298388-7BB2-472F-94BE-DDA627A5312B}.Ad-Hoc|x86.Deploy.0 = Release|x86
		{49298388-7BB2-472F-94BE-DDA627A5312B}.AppStore|Any CPU.ActiveCfg = Release|Any CPU
		{49298388-7BB2-472F-94BE-DDA627A5312B}.AppStore|Any CPU.Build.0 = Release|Any CPU
		{49298388-7BB2-472F-94BE-DDA627A5312B}.AppStore|Any CPU.Deploy.0 = Release|Any CPU
		{49298388-7BB2-472F-94BE-DDA627A5312B}.AppStore|ARM.ActiveCfg = Release|ARM
		{49298388-7BB2-472F-94BE-DDA627A5312B}.AppStore|ARM.Build.0 = Release|ARM
		{49298388-7BB2-472F-94BE-DDA627A5312B}.AppStore|ARM.Deploy.0 = Release|ARM
		{49298388-7BB2-472F-94BE-DDA627A5312B}.AppStore|iPhone.ActiveCfg = Release|Any CPU
		{49298388-7BB2-472F-94BE-DDA627A5312B}.AppStore|iPhone.Build.0 = Release|Any CPU
		{49298388-7BB2-472F-94BE-DDA627A5312B}.AppStore|iPhone.Deploy.0 = Release|Any CPU
		{49298388-7BB2-472F-94BE-DDA627A5312B}.AppStore|iPhoneSimulator.ActiveCfg = Release|Any CPU
		{49298388-7BB2-472F-94BE-DDA627A5312B}.AppStore|iPhoneSimulator.Build.0 = Release|Any CPU
		{49298388-7BB2-472F-94BE-DDA627A5312B}.AppStore|iPhoneSimulator.Deploy.0 = Release|Any CPU
		{49298388-7BB2-472F-94BE-DDA627A5312B}.AppStore|x64.ActiveCfg = Release|x64
		{49298388-7BB2-472F-94BE-DDA627A5312B}.AppStore|x64.Build.0 = Release|x64
		{49298388-7BB2-472F-94BE-DDA627A5312B}.AppStore|x64.Deploy.0 = Release|x64
		{49298388-7BB2-472F-94BE-DDA627A5312B}.AppStore|x86.ActiveCfg = Release|x86
		{49298388-7BB2-472F-94BE-DDA627A5312B}.AppStore|x86.Build.0 = Release|x86
		{49298388-7BB2-472F-94BE-DDA627A5312B}.AppStore|x86.Deploy.0 = Release|x86
		{49298388-7BB2-472F-94BE-DDA627A5312B}.Debug|Any CPU.ActiveCfg = Debug|Any CPU
		{49298388-7BB2-472F-94BE-DDA627A5312B}.Debug|Any CPU.Build.0 = Debug|Any CPU
		{49298388-7BB2-472F-94BE-DDA627A5312B}.Debug|Any CPU.Deploy.0 = Debug|Any CPU
		{49298388-7BB2-472F-94BE-DDA627A5312B}.Debug|ARM.ActiveCfg = Debug|ARM
		{49298388-7BB2-472F-94BE-DDA627A5312B}.Debug|ARM.Build.0 = Debug|ARM
		{49298388-7BB2-472F-94BE-DDA627A5312B}.Debug|ARM.Deploy.0 = Debug|ARM
		{49298388-7BB2-472F-94BE-DDA627A5312B}.Debug|iPhone.ActiveCfg = Debug|Any CPU
		{49298388-7BB2-472F-94BE-DDA627A5312B}.Debug|iPhone.Build.0 = Debug|Any CPU
		{49298388-7BB2-472F-94BE-DDA627A5312B}.Debug|iPhone.Deploy.0 = Debug|Any CPU
		{49298388-7BB2-472F-94BE-DDA627A5312B}.Debug|iPhoneSimulator.ActiveCfg = Debug|Any CPU
		{49298388-7BB2-472F-94BE-DDA627A5312B}.Debug|iPhoneSimulator.Build.0 = Debug|Any CPU
		{49298388-7BB2-472F-94BE-DDA627A5312B}.Debug|iPhoneSimulator.Deploy.0 = Debug|Any CPU
		{49298388-7BB2-472F-94BE-DDA627A5312B}.Debug|x64.ActiveCfg = Debug|x64
		{49298388-7BB2-472F-94BE-DDA627A5312B}.Debug|x64.Build.0 = Debug|x64
		{49298388-7BB2-472F-94BE-DDA627A5312B}.Debug|x64.Deploy.0 = Debug|x64
		{49298388-7BB2-472F-94BE-DDA627A5312B}.Debug|x86.ActiveCfg = Debug|x86
		{49298388-7BB2-472F-94BE-DDA627A5312B}.Debug|x86.Build.0 = Debug|x86
		{49298388-7BB2-472F-94BE-DDA627A5312B}.Debug|x86.Deploy.0 = Debug|x86
		{49298388-7BB2-472F-94BE-DDA627A5312B}.Release|Any CPU.ActiveCfg = Release|Any CPU
		{49298388-7BB2-472F-94BE-DDA627A5312B}.Release|Any CPU.Build.0 = Release|Any CPU
		{49298388-7BB2-472F-94BE-DDA627A5312B}.Release|Any CPU.Deploy.0 = Release|Any CPU
		{49298388-7BB2-472F-94BE-DDA627A5312B}.Release|ARM.ActiveCfg = Release|ARM
		{49298388-7BB2-472F-94BE-DDA627A5312B}.Release|ARM.Build.0 = Release|ARM
		{49298388-7BB2-472F-94BE-DDA627A5312B}.Release|ARM.Deploy.0 = Release|ARM
		{49298388-7BB2-472F-94BE-DDA627A5312B}.Release|iPhone.ActiveCfg = Release|Any CPU
		{49298388-7BB2-472F-94BE-DDA627A5312B}.Release|iPhone.Build.0 = Release|Any CPU
		{49298388-7BB2-472F-94BE-DDA627A5312B}.Release|iPhone.Deploy.0 = Release|Any CPU
		{49298388-7BB2-472F-94BE-DDA627A5312B}.Release|iPhoneSimulator.ActiveCfg = Release|Any CPU
		{49298388-7BB2-472F-94BE-DDA627A5312B}.Release|iPhoneSimulator.Build.0 = Release|Any CPU
		{49298388-7BB2-472F-94BE-DDA627A5312B}.Release|iPhoneSimulator.Deploy.0 = Release|Any CPU
		{49298388-7BB2-472F-94BE-DDA627A5312B}.Release|x64.ActiveCfg = Release|x64
		{49298388-7BB2-472F-94BE-DDA627A5312B}.Release|x64.Build.0 = Release|x64
		{49298388-7BB2-472F-94BE-DDA627A5312B}.Release|x64.Deploy.0 = Release|x64
		{49298388-7BB2-472F-94BE-DDA627A5312B}.Release|x86.ActiveCfg = Release|x86
		{49298388-7BB2-472F-94BE-DDA627A5312B}.Release|x86.Build.0 = Release|x86
		{49298388-7BB2-472F-94BE-DDA627A5312B}.Release|x86.Deploy.0 = Release|x86
		{AC0AF969-078E-4549-9BB5-0656EB91380B}.Ad-Hoc|Any CPU.ActiveCfg = Release|Any CPU
		{AC0AF969-078E-4549-9BB5-0656EB91380B}.Ad-Hoc|Any CPU.Build.0 = Release|Any CPU
		{AC0AF969-078E-4549-9BB5-0656EB91380B}.Ad-Hoc|ARM.ActiveCfg = Release|Any CPU
		{AC0AF969-078E-4549-9BB5-0656EB91380B}.Ad-Hoc|ARM.Build.0 = Release|Any CPU
		{AC0AF969-078E-4549-9BB5-0656EB91380B}.Ad-Hoc|iPhone.ActiveCfg = Release|Any CPU
		{AC0AF969-078E-4549-9BB5-0656EB91380B}.Ad-Hoc|iPhone.Build.0 = Release|Any CPU
		{AC0AF969-078E-4549-9BB5-0656EB91380B}.Ad-Hoc|iPhoneSimulator.ActiveCfg = Release|Any CPU
		{AC0AF969-078E-4549-9BB5-0656EB91380B}.Ad-Hoc|iPhoneSimulator.Build.0 = Release|Any CPU
		{AC0AF969-078E-4549-9BB5-0656EB91380B}.Ad-Hoc|x64.ActiveCfg = Release|Any CPU
		{AC0AF969-078E-4549-9BB5-0656EB91380B}.Ad-Hoc|x64.Build.0 = Release|Any CPU
		{AC0AF969-078E-4549-9BB5-0656EB91380B}.Ad-Hoc|x86.ActiveCfg = Release|Any CPU
		{AC0AF969-078E-4549-9BB5-0656EB91380B}.Ad-Hoc|x86.Build.0 = Release|Any CPU
		{AC0AF969-078E-4549-9BB5-0656EB91380B}.AppStore|Any CPU.ActiveCfg = Release|Any CPU
		{AC0AF969-078E-4549-9BB5-0656EB91380B}.AppStore|Any CPU.Build.0 = Release|Any CPU
		{AC0AF969-078E-4549-9BB5-0656EB91380B}.AppStore|ARM.ActiveCfg = Release|Any CPU
		{AC0AF969-078E-4549-9BB5-0656EB91380B}.AppStore|ARM.Build.0 = Release|Any CPU
		{AC0AF969-078E-4549-9BB5-0656EB91380B}.AppStore|iPhone.ActiveCfg = Release|Any CPU
		{AC0AF969-078E-4549-9BB5-0656EB91380B}.AppStore|iPhone.Build.0 = Release|Any CPU
		{AC0AF969-078E-4549-9BB5-0656EB91380B}.AppStore|iPhoneSimulator.ActiveCfg = Release|Any CPU
		{AC0AF969-078E-4549-9BB5-0656EB91380B}.AppStore|iPhoneSimulator.Build.0 = Release|Any CPU
		{AC0AF969-078E-4549-9BB5-0656EB91380B}.AppStore|x64.ActiveCfg = Release|Any CPU
		{AC0AF969-078E-4549-9BB5-0656EB91380B}.AppStore|x64.Build.0 = Release|Any CPU
		{AC0AF969-078E-4549-9BB5-0656EB91380B}.AppStore|x86.ActiveCfg = Release|Any CPU
		{AC0AF969-078E-4549-9BB5-0656EB91380B}.AppStore|x86.Build.0 = Release|Any CPU
		{AC0AF969-078E-4549-9BB5-0656EB91380B}.Debug|Any CPU.ActiveCfg = Debug|Any CPU
		{AC0AF969-078E-4549-9BB5-0656EB91380B}.Debug|Any CPU.Build.0 = Debug|Any CPU
		{AC0AF969-078E-4549-9BB5-0656EB91380B}.Debug|ARM.ActiveCfg = Debug|Any CPU
		{AC0AF969-078E-4549-9BB5-0656EB91380B}.Debug|ARM.Build.0 = Debug|Any CPU
		{AC0AF969-078E-4549-9BB5-0656EB91380B}.Debug|iPhone.ActiveCfg = Debug|Any CPU
		{AC0AF969-078E-4549-9BB5-0656EB91380B}.Debug|iPhone.Build.0 = Debug|Any CPU
		{AC0AF969-078E-4549-9BB5-0656EB91380B}.Debug|iPhoneSimulator.ActiveCfg = Debug|Any CPU
		{AC0AF969-078E-4549-9BB5-0656EB91380B}.Debug|iPhoneSimulator.Build.0 = Debug|Any CPU
		{AC0AF969-078E-4549-9BB5-0656EB91380B}.Debug|x64.ActiveCfg = Debug|Any CPU
		{AC0AF969-078E-4549-9BB5-0656EB91380B}.Debug|x64.Build.0 = Debug|Any CPU
		{AC0AF969-078E-4549-9BB5-0656EB91380B}.Debug|x86.ActiveCfg = Debug|Any CPU
		{AC0AF969-078E-4549-9BB5-0656EB91380B}.Debug|x86.Build.0 = Debug|Any CPU
		{AC0AF969-078E-4549-9BB5-0656EB91380B}.Release|Any CPU.ActiveCfg = Release|Any CPU
		{AC0AF969-078E-4549-9BB5-0656EB91380B}.Release|Any CPU.Build.0 = Release|Any CPU
		{AC0AF969-078E-4549-9BB5-0656EB91380B}.Release|ARM.ActiveCfg = Release|Any CPU
		{AC0AF969-078E-4549-9BB5-0656EB91380B}.Release|ARM.Build.0 = Release|Any CPU
		{AC0AF969-078E-4549-9BB5-0656EB91380B}.Release|iPhone.ActiveCfg = Release|Any CPU
		{AC0AF969-078E-4549-9BB5-0656EB91380B}.Release|iPhone.Build.0 = Release|Any CPU
		{AC0AF969-078E-4549-9BB5-0656EB91380B}.Release|iPhoneSimulator.ActiveCfg = Release|Any CPU
		{AC0AF969-078E-4549-9BB5-0656EB91380B}.Release|iPhoneSimulator.Build.0 = Release|Any CPU
		{AC0AF969-078E-4549-9BB5-0656EB91380B}.Release|x64.ActiveCfg = Release|Any CPU
		{AC0AF969-078E-4549-9BB5-0656EB91380B}.Release|x64.Build.0 = Release|Any CPU
		{AC0AF969-078E-4549-9BB5-0656EB91380B}.Release|x86.ActiveCfg = Release|Any CPU
		{AC0AF969-078E-4549-9BB5-0656EB91380B}.Release|x86.Build.0 = Release|Any CPU
		{67F9D3A8-F71E-4428-913F-C37AE82CDB24}.Ad-Hoc|Any CPU.ActiveCfg = Release|Any CPU
		{67F9D3A8-F71E-4428-913F-C37AE82CDB24}.Ad-Hoc|Any CPU.Build.0 = Release|Any CPU
		{67F9D3A8-F71E-4428-913F-C37AE82CDB24}.Ad-Hoc|ARM.ActiveCfg = Release|Any CPU
		{67F9D3A8-F71E-4428-913F-C37AE82CDB24}.Ad-Hoc|ARM.Build.0 = Release|Any CPU
		{67F9D3A8-F71E-4428-913F-C37AE82CDB24}.Ad-Hoc|iPhone.ActiveCfg = Release|Any CPU
		{67F9D3A8-F71E-4428-913F-C37AE82CDB24}.Ad-Hoc|iPhone.Build.0 = Release|Any CPU
		{67F9D3A8-F71E-4428-913F-C37AE82CDB24}.Ad-Hoc|iPhoneSimulator.ActiveCfg = Release|Any CPU
		{67F9D3A8-F71E-4428-913F-C37AE82CDB24}.Ad-Hoc|iPhoneSimulator.Build.0 = Release|Any CPU
		{67F9D3A8-F71E-4428-913F-C37AE82CDB24}.Ad-Hoc|x64.ActiveCfg = Release|Any CPU
		{67F9D3A8-F71E-4428-913F-C37AE82CDB24}.Ad-Hoc|x64.Build.0 = Release|Any CPU
		{67F9D3A8-F71E-4428-913F-C37AE82CDB24}.Ad-Hoc|x86.ActiveCfg = Release|Any CPU
		{67F9D3A8-F71E-4428-913F-C37AE82CDB24}.Ad-Hoc|x86.Build.0 = Release|Any CPU
		{67F9D3A8-F71E-4428-913F-C37AE82CDB24}.AppStore|Any CPU.ActiveCfg = Release|Any CPU
		{67F9D3A8-F71E-4428-913F-C37AE82CDB24}.AppStore|Any CPU.Build.0 = Release|Any CPU
		{67F9D3A8-F71E-4428-913F-C37AE82CDB24}.AppStore|ARM.ActiveCfg = Release|Any CPU
		{67F9D3A8-F71E-4428-913F-C37AE82CDB24}.AppStore|ARM.Build.0 = Release|Any CPU
		{67F9D3A8-F71E-4428-913F-C37AE82CDB24}.AppStore|iPhone.ActiveCfg = Release|Any CPU
		{67F9D3A8-F71E-4428-913F-C37AE82CDB24}.AppStore|iPhone.Build.0 = Release|Any CPU
		{67F9D3A8-F71E-4428-913F-C37AE82CDB24}.AppStore|iPhoneSimulator.ActiveCfg = Release|Any CPU
		{67F9D3A8-F71E-4428-913F-C37AE82CDB24}.AppStore|iPhoneSimulator.Build.0 = Release|Any CPU
		{67F9D3A8-F71E-4428-913F-C37AE82CDB24}.AppStore|x64.ActiveCfg = Release|Any CPU
		{67F9D3A8-F71E-4428-913F-C37AE82CDB24}.AppStore|x64.Build.0 = Release|Any CPU
		{67F9D3A8-F71E-4428-913F-C37AE82CDB24}.AppStore|x86.ActiveCfg = Release|Any CPU
		{67F9D3A8-F71E-4428-913F-C37AE82CDB24}.AppStore|x86.Build.0 = Release|Any CPU
		{67F9D3A8-F71E-4428-913F-C37AE82CDB24}.Debug|Any CPU.ActiveCfg = Debug|Any CPU
		{67F9D3A8-F71E-4428-913F-C37AE82CDB24}.Debug|Any CPU.Build.0 = Debug|Any CPU
		{67F9D3A8-F71E-4428-913F-C37AE82CDB24}.Debug|ARM.ActiveCfg = Debug|Any CPU
		{67F9D3A8-F71E-4428-913F-C37AE82CDB24}.Debug|ARM.Build.0 = Debug|Any CPU
		{67F9D3A8-F71E-4428-913F-C37AE82CDB24}.Debug|iPhone.ActiveCfg = Debug|Any CPU
		{67F9D3A8-F71E-4428-913F-C37AE82CDB24}.Debug|iPhone.Build.0 = Debug|Any CPU
		{67F9D3A8-F71E-4428-913F-C37AE82CDB24}.Debug|iPhoneSimulator.ActiveCfg = Debug|Any CPU
		{67F9D3A8-F71E-4428-913F-C37AE82CDB24}.Debug|iPhoneSimulator.Build.0 = Debug|Any CPU
		{67F9D3A8-F71E-4428-913F-C37AE82CDB24}.Debug|x64.ActiveCfg = Debug|Any CPU
		{67F9D3A8-F71E-4428-913F-C37AE82CDB24}.Debug|x64.Build.0 = Debug|Any CPU
		{67F9D3A8-F71E-4428-913F-C37AE82CDB24}.Debug|x86.ActiveCfg = Debug|Any CPU
		{67F9D3A8-F71E-4428-913F-C37AE82CDB24}.Debug|x86.Build.0 = Debug|Any CPU
		{67F9D3A8-F71E-4428-913F-C37AE82CDB24}.Release|Any CPU.ActiveCfg = Release|Any CPU
		{67F9D3A8-F71E-4428-913F-C37AE82CDB24}.Release|Any CPU.Build.0 = Release|Any CPU
		{67F9D3A8-F71E-4428-913F-C37AE82CDB24}.Release|ARM.ActiveCfg = Release|Any CPU
		{67F9D3A8-F71E-4428-913F-C37AE82CDB24}.Release|ARM.Build.0 = Release|Any CPU
		{67F9D3A8-F71E-4428-913F-C37AE82CDB24}.Release|iPhone.ActiveCfg = Release|Any CPU
		{67F9D3A8-F71E-4428-913F-C37AE82CDB24}.Release|iPhone.Build.0 = Release|Any CPU
		{67F9D3A8-F71E-4428-913F-C37AE82CDB24}.Release|iPhoneSimulator.ActiveCfg = Release|Any CPU
		{67F9D3A8-F71E-4428-913F-C37AE82CDB24}.Release|iPhoneSimulator.Build.0 = Release|Any CPU
		{67F9D3A8-F71E-4428-913F-C37AE82CDB24}.Release|x64.ActiveCfg = Release|Any CPU
		{67F9D3A8-F71E-4428-913F-C37AE82CDB24}.Release|x64.Build.0 = Release|Any CPU
		{67F9D3A8-F71E-4428-913F-C37AE82CDB24}.Release|x86.ActiveCfg = Release|Any CPU
		{67F9D3A8-F71E-4428-913F-C37AE82CDB24}.Release|x86.Build.0 = Release|Any CPU
	EndGlobalSection
	GlobalSection(SolutionProperties) = preSolution
		HideSolutionNode = FALSE
	EndGlobalSection
	GlobalSection(NestedProjects) = preSolution
		{BA6E6303-1CFF-4412-8207-14B118E307AC} = {4A40004D-832F-41AA-83D1-F72E39027FC5}
		{77509ACA-5F71-4B88-B941-F2C4EFECFE4A} = {4A40004D-832F-41AA-83D1-F72E39027FC5}
		{4635FE4C-4FD1-4797-A4B3-1208A1C7E6B1} = {4A40004D-832F-41AA-83D1-F72E39027FC5}
		{AFA1B1E4-B424-429A-960F-E07356118135} = {4A40004D-832F-41AA-83D1-F72E39027FC5}
		{49298388-7BB2-472F-94BE-DDA627A5312B} = {4A40004D-832F-41AA-83D1-F72E39027FC5}
		{AC0AF969-078E-4549-9BB5-0656EB91380B} = {4A40004D-832F-41AA-83D1-F72E39027FC5}
		{67F9D3A8-F71E-4428-913F-C37AE82CDB24} = {982E6706-FEC7-4461-A4DB-BB05BCE7FE73}
	EndGlobalSection
EndGlobal
