
Microsoft Visual Studio Solution File, Format Version 12.00
# Visual Studio 14
VisualStudioVersion = 14.0.25420.1
MinimumVisualStudioVersion = 10.0.40219.1
Project("{FAE04EC0-301F-11D3-BF4B-00C04F79EFBC}") = "ToggleButton.Droid", "ToggleButton\ToggleButton.Droid\ToggleButton.Droid.csproj", "{753DAC83-40BD-4FDA-8AF5-7CBF417171EA}"
EndProject
Project("{FAE04EC0-301F-11D3-BF4B-00C04F79EFBC}") = "ToggleButton.iOS", "ToggleButton\ToggleButton.iOS\ToggleButton.iOS.csproj", "{E699B8D8-8473-4892-94A1-68854F3A8E22}"
EndProject
Project("{FAE04EC0-301F-11D3-BF4B-00C04F79EFBC}") = "ToggleButton.WinPhone", "ToggleButton\ToggleButton.WinPhone\ToggleButton.WinPhone.csproj", "{C9EB7D42-31DA-4821-B406-25E37323C2F0}"
EndProject
Project("{FAE04EC0-301F-11D3-BF4B-00C04F79EFBC}") = "ToggleButton.UWP", "ToggleButton\ToggleButton.UWP\ToggleButton.UWP.csproj", "{3531A68A-BC73-4931-9B35-ABC5E9064129}"
EndProject
Project("{FAE04EC0-301F-11D3-BF4B-00C04F79EFBC}") = "ToggleButton.Windows", "ToggleButton\ToggleButton.Windows\ToggleButton.Windows.csproj", "{C7AE0868-3C82-4E32-8BB9-D9C497EB1D2D}"
EndProject
Project("{2150E333-8FDC-42A3-9474-1A3956D46DE8}") = "App", "App", "{C5F50A52-AB96-4394-AC9B-74E6071E18D6}"
EndProject
Project("{2150E333-8FDC-42A3-9474-1A3956D46DE8}") = "Control", "Control", "{1A192A91-F0CD-445C-9C0C-BD9E6199FE50}"
EndProject
Project("{FAE04EC0-301F-11D3-BF4B-00C04F79EFBC}") = "ToggleButton", "ToggleButton\ToggleButton\ToggleButton.csproj", "{67F9D3A8-F71E-4428-913F-C37AE82CDB24}"
EndProject
Project("{FAE04EC0-301F-11D3-BF4B-00C04F79EFBC}") = "ToggleButton.Sample", "ToggleButton\ToggleButton.Sample\ToggleButton.Sample.csproj", "{6A2DBAB8-F6DA-4C16-AE1E-E13540EF98AF}"
EndProject
Global
	GlobalSection(SolutionConfigurationPlatforms) = preSolution
		Ad-Hoc|Any CPU = Ad-Hoc|Any CPU
		Ad-Hoc|ARM = Ad-Hoc|ARM
		Ad-Hoc|iPhone = Ad-Hoc|iPhone
		Ad-Hoc|iPhoneSimulator = Ad-Hoc|iPhoneSimulator
		Ad-Hoc|x64 = Ad-Hoc|x64
		Ad-Hoc|x86 = Ad-Hoc|x86
		AppStore|Any CPU = AppStore|Any CPU
		AppStore|ARM = AppStore|ARM
		AppStore|iPhone = AppStore|iPhone
		AppStore|iPhoneSimulator = AppStore|iPhoneSimulator
		AppStore|x64 = AppStore|x64
		AppStore|x86 = AppStore|x86
		Debug|Any CPU = Debug|Any CPU
		Debug|ARM = Debug|ARM
		Debug|iPhone = Debug|iPhone
		Debug|iPhoneSimulator = Debug|iPhoneSimulator
		Debug|x64 = Debug|x64
		Debug|x86 = Debug|x86
		Release|Any CPU = Release|Any CPU
		Release|ARM = Release|ARM
		Release|iPhone = Release|iPhone
		Release|iPhoneSimulator = Release|iPhoneSimulator
		Release|x64 = Release|x64
		Release|x86 = Release|x86
	EndGlobalSection
	GlobalSection(ProjectConfigurationPlatforms) = postSolution
		{753DAC83-40BD-4FDA-8AF5-7CBF417171EA}.Ad-Hoc|Any CPU.ActiveCfg = Release|Any CPU
		{753DAC83-40BD-4FDA-8AF5-7CBF417171EA}.Ad-Hoc|Any CPU.Build.0 = Release|Any CPU
		{753DAC83-40BD-4FDA-8AF5-7CBF417171EA}.Ad-Hoc|Any CPU.Deploy.0 = Release|Any CPU
		{753DAC83-40BD-4FDA-8AF5-7CBF417171EA}.Ad-Hoc|ARM.ActiveCfg = Release|Any CPU
		{753DAC83-40BD-4FDA-8AF5-7CBF417171EA}.Ad-Hoc|ARM.Build.0 = Release|Any CPU
		{753DAC83-40BD-4FDA-8AF5-7CBF417171EA}.Ad-Hoc|ARM.Deploy.0 = Release|Any CPU
		{753DAC83-40BD-4FDA-8AF5-7CBF417171EA}.Ad-Hoc|iPhone.ActiveCfg = Release|Any CPU
		{753DAC83-40BD-4FDA-8AF5-7CBF417171EA}.Ad-Hoc|iPhone.Build.0 = Release|Any CPU
		{753DAC83-40BD-4FDA-8AF5-7CBF417171EA}.Ad-Hoc|iPhone.Deploy.0 = Release|Any CPU
		{753DAC83-40BD-4FDA-8AF5-7CBF417171EA}.Ad-Hoc|iPhoneSimulator.ActiveCfg = Release|Any CPU
		{753DAC83-40BD-4FDA-8AF5-7CBF417171EA}.Ad-Hoc|iPhoneSimulator.Build.0 = Release|Any CPU
		{753DAC83-40BD-4FDA-8AF5-7CBF417171EA}.Ad-Hoc|iPhoneSimulator.Deploy.0 = Release|Any CPU
		{753DAC83-40BD-4FDA-8AF5-7CBF417171EA}.Ad-Hoc|x64.ActiveCfg = Release|Any CPU
		{753DAC83-40BD-4FDA-8AF5-7CBF417171EA}.Ad-Hoc|x64.Build.0 = Release|Any CPU
		{753DAC83-40BD-4FDA-8AF5-7CBF417171EA}.Ad-Hoc|x64.Deploy.0 = Release|Any CPU
		{753DAC83-40BD-4FDA-8AF5-7CBF417171EA}.Ad-Hoc|x86.ActiveCfg = Release|Any CPU
		{753DAC83-40BD-4FDA-8AF5-7CBF417171EA}.Ad-Hoc|x86.Build.0 = Release|Any CPU
		{753DAC83-40BD-4FDA-8AF5-7CBF417171EA}.Ad-Hoc|x86.Deploy.0 = Release|Any CPU
		{753DAC83-40BD-4FDA-8AF5-7CBF417171EA}.AppStore|Any CPU.ActiveCfg = Release|Any CPU
		{753DAC83-40BD-4FDA-8AF5-7CBF417171EA}.AppStore|Any CPU.Build.0 = Release|Any CPU
		{753DAC83-40BD-4FDA-8AF5-7CBF417171EA}.AppStore|Any CPU.Deploy.0 = Release|Any CPU
		{753DAC83-40BD-4FDA-8AF5-7CBF417171EA}.AppStore|ARM.ActiveCfg = Release|Any CPU
		{753DAC83-40BD-4FDA-8AF5-7CBF417171EA}.AppStore|ARM.Build.0 = Release|Any CPU
		{753DAC83-40BD-4FDA-8AF5-7CBF417171EA}.AppStore|ARM.Deploy.0 = Release|Any CPU
		{753DAC83-40BD-4FDA-8AF5-7CBF417171EA}.AppStore|iPhone.ActiveCfg = Release|Any CPU
		{753DAC83-40BD-4FDA-8AF5-7CBF417171EA}.AppStore|iPhone.Build.0 = Release|Any CPU
		{753DAC83-40BD-4FDA-8AF5-7CBF417171EA}.AppStore|iPhone.Deploy.0 = Release|Any CPU
		{753DAC83-40BD-4FDA-8AF5-7CBF417171EA}.AppStore|iPhoneSimulator.ActiveCfg = Release|Any CPU
		{753DAC83-40BD-4FDA-8AF5-7CBF417171EA}.AppStore|iPhoneSimulator.Build.0 = Release|Any CPU
		{753DAC83-40BD-4FDA-8AF5-7CBF417171EA}.AppStore|iPhoneSimulator.Deploy.0 = Release|Any CPU
		{753DAC83-40BD-4FDA-8AF5-7CBF417171EA}.AppStore|x64.ActiveCfg = Release|Any CPU
		{753DAC83-40BD-4FDA-8AF5-7CBF417171EA}.AppStore|x64.Build.0 = Release|Any CPU
		{753DAC83-40BD-4FDA-8AF5-7CBF417171EA}.AppStore|x64.Deploy.0 = Release|Any CPU
		{753DAC83-40BD-4FDA-8AF5-7CBF417171EA}.AppStore|x86.ActiveCfg = Release|Any CPU
		{753DAC83-40BD-4FDA-8AF5-7CBF417171EA}.AppStore|x86.Build.0 = Release|Any CPU
		{753DAC83-40BD-4FDA-8AF5-7CBF417171EA}.AppStore|x86.Deploy.0 = Release|Any CPU
		{753DAC83-40BD-4FDA-8AF5-7CBF417171EA}.Debug|Any CPU.ActiveCfg = Debug|Any CPU
		{753DAC83-40BD-4FDA-8AF5-7CBF417171EA}.Debug|Any CPU.Build.0 = Debug|Any CPU
		{753DAC83-40BD-4FDA-8AF5-7CBF417171EA}.Debug|Any CPU.Deploy.0 = Debug|Any CPU
		{753DAC83-40BD-4FDA-8AF5-7CBF417171EA}.Debug|ARM.ActiveCfg = Debug|Any CPU
		{753DAC83-40BD-4FDA-8AF5-7CBF417171EA}.Debug|ARM.Build.0 = Debug|Any CPU
		{753DAC83-40BD-4FDA-8AF5-7CBF417171EA}.Debug|ARM.Deploy.0 = Debug|Any CPU
		{753DAC83-40BD-4FDA-8AF5-7CBF417171EA}.Debug|iPhone.ActiveCfg = Debug|Any CPU
		{753DAC83-40BD-4FDA-8AF5-7CBF417171EA}.Debug|iPhone.Build.0 = Debug|Any CPU
		{753DAC83-40BD-4FDA-8AF5-7CBF417171EA}.Debug|iPhone.Deploy.0 = Debug|Any CPU
		{753DAC83-40BD-4FDA-8AF5-7CBF417171EA}.Debug|iPhoneSimulator.ActiveCfg = Debug|Any CPU
		{753DAC83-40BD-4FDA-8AF5-7CBF417171EA}.Debug|iPhoneSimulator.Build.0 = Debug|Any CPU
		{753DAC83-40BD-4FDA-8AF5-7CBF417171EA}.Debug|iPhoneSimulator.Deploy.0 = Debug|Any CPU
		{753DAC83-40BD-4FDA-8AF5-7CBF417171EA}.Debug|x64.ActiveCfg = Debug|Any CPU
		{753DAC83-40BD-4FDA-8AF5-7CBF417171EA}.Debug|x64.Build.0 = Debug|Any CPU
		{753DAC83-40BD-4FDA-8AF5-7CBF417171EA}.Debug|x64.Deploy.0 = Debug|Any CPU
		{753DAC83-40BD-4FDA-8AF5-7CBF417171EA}.Debug|x86.ActiveCfg = Debug|Any CPU
		{753DAC83-40BD-4FDA-8AF5-7CBF417171EA}.Debug|x86.Build.0 = Debug|Any CPU
		{753DAC83-40BD-4FDA-8AF5-7CBF417171EA}.Debug|x86.Deploy.0 = Debug|Any CPU
		{753DAC83-40BD-4FDA-8AF5-7CBF417171EA}.Release|Any CPU.ActiveCfg = Release|Any CPU
		{753DAC83-40BD-4FDA-8AF5-7CBF417171EA}.Release|Any CPU.Build.0 = Release|Any CPU
		{753DAC83-40BD-4FDA-8AF5-7CBF417171EA}.Release|Any CPU.Deploy.0 = Release|Any CPU
		{753DAC83-40BD-4FDA-8AF5-7CBF417171EA}.Release|ARM.ActiveCfg = Release|Any CPU
		{753DAC83-40BD-4FDA-8AF5-7CBF417171EA}.Release|ARM.Build.0 = Release|Any CPU
		{753DAC83-40BD-4FDA-8AF5-7CBF417171EA}.Release|ARM.Deploy.0 = Release|Any CPU
		{753DAC83-40BD-4FDA-8AF5-7CBF417171EA}.Release|iPhone.ActiveCfg = Release|Any CPU
		{753DAC83-40BD-4FDA-8AF5-7CBF417171EA}.Release|iPhone.Build.0 = Release|Any CPU
		{753DAC83-40BD-4FDA-8AF5-7CBF417171EA}.Release|iPhone.Deploy.0 = Release|Any CPU
		{753DAC83-40BD-4FDA-8AF5-7CBF417171EA}.Release|iPhoneSimulator.ActiveCfg = Release|Any CPU
		{753DAC83-40BD-4FDA-8AF5-7CBF417171EA}.Release|iPhoneSimulator.Build.0 = Release|Any CPU
		{753DAC83-40BD-4FDA-8AF5-7CBF417171EA}.Release|iPhoneSimulator.Deploy.0 = Release|Any CPU
		{753DAC83-40BD-4FDA-8AF5-7CBF417171EA}.Release|x64.ActiveCfg = Release|Any CPU
		{753DAC83-40BD-4FDA-8AF5-7CBF417171EA}.Release|x64.Build.0 = Release|Any CPU
		{753DAC83-40BD-4FDA-8AF5-7CBF417171EA}.Release|x64.Deploy.0 = Release|Any CPU
		{753DAC83-40BD-4FDA-8AF5-7CBF417171EA}.Release|x86.ActiveCfg = Release|Any CPU
		{753DAC83-40BD-4FDA-8AF5-7CBF417171EA}.Release|x86.Build.0 = Release|Any CPU
		{753DAC83-40BD-4FDA-8AF5-7CBF417171EA}.Release|x86.Deploy.0 = Release|Any CPU
		{E699B8D8-8473-4892-94A1-68854F3A8E22}.Ad-Hoc|Any CPU.ActiveCfg = Ad-Hoc|iPhone
		{E699B8D8-8473-4892-94A1-68854F3A8E22}.Ad-Hoc|ARM.ActiveCfg = Ad-Hoc|iPhone
		{E699B8D8-8473-4892-94A1-68854F3A8E22}.Ad-Hoc|iPhone.ActiveCfg = Ad-Hoc|iPhone
		{E699B8D8-8473-4892-94A1-68854F3A8E22}.Ad-Hoc|iPhone.Build.0 = Ad-Hoc|iPhone
		{E699B8D8-8473-4892-94A1-68854F3A8E22}.Ad-Hoc|iPhoneSimulator.ActiveCfg = Ad-Hoc|iPhoneSimulator
		{E699B8D8-8473-4892-94A1-68854F3A8E22}.Ad-Hoc|iPhoneSimulator.Build.0 = Ad-Hoc|iPhoneSimulator
		{E699B8D8-8473-4892-94A1-68854F3A8E22}.Ad-Hoc|x64.ActiveCfg = Ad-Hoc|iPhone
		{E699B8D8-8473-4892-94A1-68854F3A8E22}.Ad-Hoc|x86.ActiveCfg = Ad-Hoc|iPhone
		{E699B8D8-8473-4892-94A1-68854F3A8E22}.AppStore|Any CPU.ActiveCfg = AppStore|iPhone
		{E699B8D8-8473-4892-94A1-68854F3A8E22}.AppStore|ARM.ActiveCfg = AppStore|iPhone
		{E699B8D8-8473-4892-94A1-68854F3A8E22}.AppStore|iPhone.ActiveCfg = AppStore|iPhone
		{E699B8D8-8473-4892-94A1-68854F3A8E22}.AppStore|iPhone.Build.0 = AppStore|iPhone
		{E699B8D8-8473-4892-94A1-68854F3A8E22}.AppStore|iPhoneSimulator.ActiveCfg = AppStore|iPhoneSimulator
		{E699B8D8-8473-4892-94A1-68854F3A8E22}.AppStore|iPhoneSimulator.Build.0 = AppStore|iPhoneSimulator
		{E699B8D8-8473-4892-94A1-68854F3A8E22}.AppStore|x64.ActiveCfg = AppStore|iPhone
		{E699B8D8-8473-4892-94A1-68854F3A8E22}.AppStore|x86.ActiveCfg = AppStore|iPhone
		{E699B8D8-8473-4892-94A1-68854F3A8E22}.Debug|Any CPU.ActiveCfg = Debug|iPhone
		{E699B8D8-8473-4892-94A1-68854F3A8E22}.Debug|ARM.ActiveCfg = Debug|iPhone
		{E699B8D8-8473-4892-94A1-68854F3A8E22}.Debug|iPhone.ActiveCfg = Debug|iPhone
		{E699B8D8-8473-4892-94A1-68854F3A8E22}.Debug|iPhone.Build.0 = Debug|iPhone
		{E699B8D8-8473-4892-94A1-68854F3A8E22}.Debug|iPhoneSimulator.ActiveCfg = Debug|iPhoneSimulator
		{E699B8D8-8473-4892-94A1-68854F3A8E22}.Debug|iPhoneSimulator.Build.0 = Debug|iPhoneSimulator
		{E699B8D8-8473-4892-94A1-68854F3A8E22}.Debug|x64.ActiveCfg = Debug|iPhone
		{E699B8D8-8473-4892-94A1-68854F3A8E22}.Debug|x86.ActiveCfg = Debug|iPhone
		{E699B8D8-8473-4892-94A1-68854F3A8E22}.Release|Any CPU.ActiveCfg = Release|iPhone
		{E699B8D8-8473-4892-94A1-68854F3A8E22}.Release|ARM.ActiveCfg = Release|iPhone
		{E699B8D8-8473-4892-94A1-68854F3A8E22}.Release|iPhone.ActiveCfg = Release|iPhone
		{E699B8D8-8473-4892-94A1-68854F3A8E22}.Release|iPhone.Build.0 = Release|iPhone
		{E699B8D8-8473-4892-94A1-68854F3A8E22}.Release|iPhoneSimulator.ActiveCfg = Release|iPhoneSimulator
		{E699B8D8-8473-4892-94A1-68854F3A8E22}.Release|iPhoneSimulator.Build.0 = Release|iPhoneSimulator
		{E699B8D8-8473-4892-94A1-68854F3A8E22}.Release|x64.ActiveCfg = Release|iPhone
		{E699B8D8-8473-4892-94A1-68854F3A8E22}.Release|x86.ActiveCfg = Release|iPhone
		{C9EB7D42-31DA-4821-B406-25E37323C2F0}.Ad-Hoc|Any CPU.ActiveCfg = Release|Any CPU
		{C9EB7D42-31DA-4821-B406-25E37323C2F0}.Ad-Hoc|Any CPU.Build.0 = Release|Any CPU
		{C9EB7D42-31DA-4821-B406-25E37323C2F0}.Ad-Hoc|Any CPU.Deploy.0 = Release|Any CPU
		{C9EB7D42-31DA-4821-B406-25E37323C2F0}.Ad-Hoc|ARM.ActiveCfg = Release|ARM
		{C9EB7D42-31DA-4821-B406-25E37323C2F0}.Ad-Hoc|ARM.Build.0 = Release|ARM
		{C9EB7D42-31DA-4821-B406-25E37323C2F0}.Ad-Hoc|ARM.Deploy.0 = Release|ARM
		{C9EB7D42-31DA-4821-B406-25E37323C2F0}.Ad-Hoc|iPhone.ActiveCfg = Release|Any CPU
		{C9EB7D42-31DA-4821-B406-25E37323C2F0}.Ad-Hoc|iPhone.Build.0 = Release|Any CPU
		{C9EB7D42-31DA-4821-B406-25E37323C2F0}.Ad-Hoc|iPhone.Deploy.0 = Release|Any CPU
		{C9EB7D42-31DA-4821-B406-25E37323C2F0}.Ad-Hoc|iPhoneSimulator.ActiveCfg = Release|Any CPU
		{C9EB7D42-31DA-4821-B406-25E37323C2F0}.Ad-Hoc|iPhoneSimulator.Build.0 = Release|Any CPU
		{C9EB7D42-31DA-4821-B406-25E37323C2F0}.Ad-Hoc|iPhoneSimulator.Deploy.0 = Release|Any CPU
		{C9EB7D42-31DA-4821-B406-25E37323C2F0}.Ad-Hoc|x64.ActiveCfg = Release|Any CPU
		{C9EB7D42-31DA-4821-B406-25E37323C2F0}.Ad-Hoc|x64.Build.0 = Release|Any CPU
		{C9EB7D42-31DA-4821-B406-25E37323C2F0}.Ad-Hoc|x64.Deploy.0 = Release|Any CPU
		{C9EB7D42-31DA-4821-B406-25E37323C2F0}.Ad-Hoc|x86.ActiveCfg = Release|x86
		{C9EB7D42-31DA-4821-B406-25E37323C2F0}.Ad-Hoc|x86.Build.0 = Release|x86
		{C9EB7D42-31DA-4821-B406-25E37323C2F0}.Ad-Hoc|x86.Deploy.0 = Release|x86
		{C9EB7D42-31DA-4821-B406-25E37323C2F0}.AppStore|Any CPU.ActiveCfg = Release|Any CPU
		{C9EB7D42-31DA-4821-B406-25E37323C2F0}.AppStore|Any CPU.Build.0 = Release|Any CPU
		{C9EB7D42-31DA-4821-B406-25E37323C2F0}.AppStore|Any CPU.Deploy.0 = Release|Any CPU
		{C9EB7D42-31DA-4821-B406-25E37323C2F0}.AppStore|ARM.ActiveCfg = Release|ARM
		{C9EB7D42-31DA-4821-B406-25E37323C2F0}.AppStore|ARM.Build.0 = Release|ARM
		{C9EB7D42-31DA-4821-B406-25E37323C2F0}.AppStore|ARM.Deploy.0 = Release|ARM
		{C9EB7D42-31DA-4821-B406-25E37323C2F0}.AppStore|iPhone.ActiveCfg = Release|Any CPU
		{C9EB7D42-31DA-4821-B406-25E37323C2F0}.AppStore|iPhone.Build.0 = Release|Any CPU
		{C9EB7D42-31DA-4821-B406-25E37323C2F0}.AppStore|iPhone.Deploy.0 = Release|Any CPU
		{C9EB7D42-31DA-4821-B406-25E37323C2F0}.AppStore|iPhoneSimulator.ActiveCfg = Release|Any CPU
		{C9EB7D42-31DA-4821-B406-25E37323C2F0}.AppStore|iPhoneSimulator.Build.0 = Release|Any CPU
		{C9EB7D42-31DA-4821-B406-25E37323C2F0}.AppStore|iPhoneSimulator.Deploy.0 = Release|Any CPU
		{C9EB7D42-31DA-4821-B406-25E37323C2F0}.AppStore|x64.ActiveCfg = Release|Any CPU
		{C9EB7D42-31DA-4821-B406-25E37323C2F0}.AppStore|x64.Build.0 = Release|Any CPU
		{C9EB7D42-31DA-4821-B406-25E37323C2F0}.AppStore|x64.Deploy.0 = Release|Any CPU
		{C9EB7D42-31DA-4821-B406-25E37323C2F0}.AppStore|x86.ActiveCfg = Release|x86
		{C9EB7D42-31DA-4821-B406-25E37323C2F0}.AppStore|x86.Build.0 = Release|x86
		{C9EB7D42-31DA-4821-B406-25E37323C2F0}.AppStore|x86.Deploy.0 = Release|x86
		{C9EB7D42-31DA-4821-B406-25E37323C2F0}.Debug|Any CPU.ActiveCfg = Debug|Any CPU
		{C9EB7D42-31DA-4821-B406-25E37323C2F0}.Debug|Any CPU.Build.0 = Debug|Any CPU
		{C9EB7D42-31DA-4821-B406-25E37323C2F0}.Debug|Any CPU.Deploy.0 = Debug|Any CPU
		{C9EB7D42-31DA-4821-B406-25E37323C2F0}.Debug|ARM.ActiveCfg = Debug|ARM
		{C9EB7D42-31DA-4821-B406-25E37323C2F0}.Debug|ARM.Build.0 = Debug|ARM
		{C9EB7D42-31DA-4821-B406-25E37323C2F0}.Debug|ARM.Deploy.0 = Debug|ARM
		{C9EB7D42-31DA-4821-B406-25E37323C2F0}.Debug|iPhone.ActiveCfg = Debug|Any CPU
		{C9EB7D42-31DA-4821-B406-25E37323C2F0}.Debug|iPhone.Build.0 = Debug|Any CPU
		{C9EB7D42-31DA-4821-B406-25E37323C2F0}.Debug|iPhone.Deploy.0 = Debug|Any CPU
		{C9EB7D42-31DA-4821-B406-25E37323C2F0}.Debug|iPhoneSimulator.ActiveCfg = Debug|Any CPU
		{C9EB7D42-31DA-4821-B406-25E37323C2F0}.Debug|iPhoneSimulator.Build.0 = Debug|Any CPU
		{C9EB7D42-31DA-4821-B406-25E37323C2F0}.Debug|iPhoneSimulator.Deploy.0 = Debug|Any CPU
		{C9EB7D42-31DA-4821-B406-25E37323C2F0}.Debug|x64.ActiveCfg = Debug|Any CPU
		{C9EB7D42-31DA-4821-B406-25E37323C2F0}.Debug|x64.Build.0 = Debug|Any CPU
		{C9EB7D42-31DA-4821-B406-25E37323C2F0}.Debug|x64.Deploy.0 = Debug|Any CPU
		{C9EB7D42-31DA-4821-B406-25E37323C2F0}.Debug|x86.ActiveCfg = Debug|x86
		{C9EB7D42-31DA-4821-B406-25E37323C2F0}.Debug|x86.Build.0 = Debug|x86
		{C9EB7D42-31DA-4821-B406-25E37323C2F0}.Debug|x86.Deploy.0 = Debug|x86
		{C9EB7D42-31DA-4821-B406-25E37323C2F0}.Release|Any CPU.ActiveCfg = Release|Any CPU
		{C9EB7D42-31DA-4821-B406-25E37323C2F0}.Release|Any CPU.Build.0 = Release|Any CPU
		{C9EB7D42-31DA-4821-B406-25E37323C2F0}.Release|Any CPU.Deploy.0 = Release|Any CPU
		{C9EB7D42-31DA-4821-B406-25E37323C2F0}.Release|ARM.ActiveCfg = Release|ARM
		{C9EB7D42-31DA-4821-B406-25E37323C2F0}.Release|ARM.Build.0 = Release|ARM
		{C9EB7D42-31DA-4821-B406-25E37323C2F0}.Release|ARM.Deploy.0 = Release|ARM
		{C9EB7D42-31DA-4821-B406-25E37323C2F0}.Release|iPhone.ActiveCfg = Release|Any CPU
		{C9EB7D42-31DA-4821-B406-25E37323C2F0}.Release|iPhone.Build.0 = Release|Any CPU
		{C9EB7D42-31DA-4821-B406-25E37323C2F0}.Release|iPhone.Deploy.0 = Release|Any CPU
		{C9EB7D42-31DA-4821-B406-25E37323C2F0}.Release|iPhoneSimulator.ActiveCfg = Release|Any CPU
		{C9EB7D42-31DA-4821-B406-25E37323C2F0}.Release|iPhoneSimulator.Build.0 = Release|Any CPU
		{C9EB7D42-31DA-4821-B406-25E37323C2F0}.Release|iPhoneSimulator.Deploy.0 = Release|Any CPU
		{C9EB7D42-31DA-4821-B406-25E37323C2F0}.Release|x64.ActiveCfg = Release|Any CPU
		{C9EB7D42-31DA-4821-B406-25E37323C2F0}.Release|x64.Build.0 = Release|Any CPU
		{C9EB7D42-31DA-4821-B406-25E37323C2F0}.Release|x64.Deploy.0 = Release|Any CPU
		{C9EB7D42-31DA-4821-B406-25E37323C2F0}.Release|x86.ActiveCfg = Release|x86
		{C9EB7D42-31DA-4821-B406-25E37323C2F0}.Release|x86.Build.0 = Release|x86
		{C9EB7D42-31DA-4821-B406-25E37323C2F0}.Release|x86.Deploy.0 = Release|x86
		{3531A68A-BC73-4931-9B35-ABC5E9064129}.Ad-Hoc|Any CPU.ActiveCfg = Release|x86
		{3531A68A-BC73-4931-9B35-ABC5E9064129}.Ad-Hoc|Any CPU.Build.0 = Release|x86
		{3531A68A-BC73-4931-9B35-ABC5E9064129}.Ad-Hoc|Any CPU.Deploy.0 = Release|x86
		{3531A68A-BC73-4931-9B35-ABC5E9064129}.Ad-Hoc|ARM.ActiveCfg = Release|ARM
		{3531A68A-BC73-4931-9B35-ABC5E9064129}.Ad-Hoc|ARM.Build.0 = Release|ARM
		{3531A68A-BC73-4931-9B35-ABC5E9064129}.Ad-Hoc|ARM.Deploy.0 = Release|ARM
		{3531A68A-BC73-4931-9B35-ABC5E9064129}.Ad-Hoc|iPhone.ActiveCfg = Release|x86
		{3531A68A-BC73-4931-9B35-ABC5E9064129}.Ad-Hoc|iPhone.Build.0 = Release|x86
		{3531A68A-BC73-4931-9B35-ABC5E9064129}.Ad-Hoc|iPhone.Deploy.0 = Release|x86
		{3531A68A-BC73-4931-9B35-ABC5E9064129}.Ad-Hoc|iPhoneSimulator.ActiveCfg = Release|x86
		{3531A68A-BC73-4931-9B35-ABC5E9064129}.Ad-Hoc|iPhoneSimulator.Build.0 = Release|x86
		{3531A68A-BC73-4931-9B35-ABC5E9064129}.Ad-Hoc|iPhoneSimulator.Deploy.0 = Release|x86
		{3531A68A-BC73-4931-9B35-ABC5E9064129}.Ad-Hoc|x64.ActiveCfg = Release|x64
		{3531A68A-BC73-4931-9B35-ABC5E9064129}.Ad-Hoc|x64.Build.0 = Release|x64
		{3531A68A-BC73-4931-9B35-ABC5E9064129}.Ad-Hoc|x64.Deploy.0 = Release|x64
		{3531A68A-BC73-4931-9B35-ABC5E9064129}.Ad-Hoc|x86.ActiveCfg = Release|x86
		{3531A68A-BC73-4931-9B35-ABC5E9064129}.Ad-Hoc|x86.Build.0 = Release|x86
		{3531A68A-BC73-4931-9B35-ABC5E9064129}.Ad-Hoc|x86.Deploy.0 = Release|x86
		{3531A68A-BC73-4931-9B35-ABC5E9064129}.AppStore|Any CPU.ActiveCfg = Release|x86
		{3531A68A-BC73-4931-9B35-ABC5E9064129}.AppStore|Any CPU.Build.0 = Release|x86
		{3531A68A-BC73-4931-9B35-ABC5E9064129}.AppStore|Any CPU.Deploy.0 = Release|x86
		{3531A68A-BC73-4931-9B35-ABC5E9064129}.AppStore|ARM.ActiveCfg = Release|ARM
		{3531A68A-BC73-4931-9B35-ABC5E9064129}.AppStore|ARM.Build.0 = Release|ARM
		{3531A68A-BC73-4931-9B35-ABC5E9064129}.AppStore|ARM.Deploy.0 = Release|ARM
		{3531A68A-BC73-4931-9B35-ABC5E9064129}.AppStore|iPhone.ActiveCfg = Release|x86
		{3531A68A-BC73-4931-9B35-ABC5E9064129}.AppStore|iPhone.Build.0 = Release|x86
		{3531A68A-BC73-4931-9B35-ABC5E9064129}.AppStore|iPhone.Deploy.0 = Release|x86
		{3531A68A-BC73-4931-9B35-ABC5E9064129}.AppStore|iPhoneSimulator.ActiveCfg = Release|x86
		{3531A68A-BC73-4931-9B35-ABC5E9064129}.AppStore|iPhoneSimulator.Build.0 = Release|x86
		{3531A68A-BC73-4931-9B35-ABC5E9064129}.AppStore|iPhoneSimulator.Deploy.0 = Release|x86
		{3531A68A-BC73-4931-9B35-ABC5E9064129}.AppStore|x64.ActiveCfg = Release|x64
		{3531A68A-BC73-4931-9B35-ABC5E9064129}.AppStore|x64.Build.0 = Release|x64
		{3531A68A-BC73-4931-9B35-ABC5E9064129}.AppStore|x64.Deploy.0 = Release|x64
		{3531A68A-BC73-4931-9B35-ABC5E9064129}.AppStore|x86.ActiveCfg = Release|x86
		{3531A68A-BC73-4931-9B35-ABC5E9064129}.AppStore|x86.Build.0 = Release|x86
		{3531A68A-BC73-4931-9B35-ABC5E9064129}.AppStore|x86.Deploy.0 = Release|x86
		{3531A68A-BC73-4931-9B35-ABC5E9064129}.Debug|Any CPU.ActiveCfg = Debug|x86
		{3531A68A-BC73-4931-9B35-ABC5E9064129}.Debug|ARM.ActiveCfg = Debug|ARM
		{3531A68A-BC73-4931-9B35-ABC5E9064129}.Debug|ARM.Build.0 = Debug|ARM
		{3531A68A-BC73-4931-9B35-ABC5E9064129}.Debug|ARM.Deploy.0 = Debug|ARM
		{3531A68A-BC73-4931-9B35-ABC5E9064129}.Debug|iPhone.ActiveCfg = Debug|x86
		{3531A68A-BC73-4931-9B35-ABC5E9064129}.Debug|iPhoneSimulator.ActiveCfg = Debug|x86
		{3531A68A-BC73-4931-9B35-ABC5E9064129}.Debug|x64.ActiveCfg = Debug|x64
		{3531A68A-BC73-4931-9B35-ABC5E9064129}.Debug|x64.Build.0 = Debug|x64
		{3531A68A-BC73-4931-9B35-ABC5E9064129}.Debug|x64.Deploy.0 = Debug|x64
		{3531A68A-BC73-4931-9B35-ABC5E9064129}.Debug|x86.ActiveCfg = Debug|x86
		{3531A68A-BC73-4931-9B35-ABC5E9064129}.Debug|x86.Build.0 = Debug|x86
		{3531A68A-BC73-4931-9B35-ABC5E9064129}.Debug|x86.Deploy.0 = Debug|x86
		{3531A68A-BC73-4931-9B35-ABC5E9064129}.Release|Any CPU.ActiveCfg = Release|x86
		{3531A68A-BC73-4931-9B35-ABC5E9064129}.Release|ARM.ActiveCfg = Release|ARM
		{3531A68A-BC73-4931-9B35-ABC5E9064129}.Release|ARM.Build.0 = Release|ARM
		{3531A68A-BC73-4931-9B35-ABC5E9064129}.Release|ARM.Deploy.0 = Release|ARM
		{3531A68A-BC73-4931-9B35-ABC5E9064129}.Release|iPhone.ActiveCfg = Release|x86
		{3531A68A-BC73-4931-9B35-ABC5E9064129}.Release|iPhoneSimulator.ActiveCfg = Release|x86
		{3531A68A-BC73-4931-9B35-ABC5E9064129}.Release|x64.ActiveCfg = Release|x64
		{3531A68A-BC73-4931-9B35-ABC5E9064129}.Release|x64.Build.0 = Release|x64
		{3531A68A-BC73-4931-9B35-ABC5E9064129}.Release|x64.Deploy.0 = Release|x64
		{3531A68A-BC73-4931-9B35-ABC5E9064129}.Release|x86.ActiveCfg = Release|x86
		{3531A68A-BC73-4931-9B35-ABC5E9064129}.Release|x86.Build.0 = Release|x86
		{3531A68A-BC73-4931-9B35-ABC5E9064129}.Release|x86.Deploy.0 = Release|x86
		{C7AE0868-3C82-4E32-8BB9-D9C497EB1D2D}.Ad-Hoc|Any CPU.ActiveCfg = Release|Any CPU
		{C7AE0868-3C82-4E32-8BB9-D9C497EB1D2D}.Ad-Hoc|Any CPU.Build.0 = Release|Any CPU
		{C7AE0868-3C82-4E32-8BB9-D9C497EB1D2D}.Ad-Hoc|Any CPU.Deploy.0 = Release|Any CPU
		{C7AE0868-3C82-4E32-8BB9-D9C497EB1D2D}.Ad-Hoc|ARM.ActiveCfg = Release|ARM
		{C7AE0868-3C82-4E32-8BB9-D9C497EB1D2D}.Ad-Hoc|ARM.Build.0 = Release|ARM
		{C7AE0868-3C82-4E32-8BB9-D9C497EB1D2D}.Ad-Hoc|ARM.Deploy.0 = Release|ARM
		{C7AE0868-3C82-4E32-8BB9-D9C497EB1D2D}.Ad-Hoc|iPhone.ActiveCfg = Release|Any CPU
		{C7AE0868-3C82-4E32-8BB9-D9C497EB1D2D}.Ad-Hoc|iPhone.Build.0 = Release|Any CPU
		{C7AE0868-3C82-4E32-8BB9-D9C497EB1D2D}.Ad-Hoc|iPhone.Deploy.0 = Release|Any CPU
		{C7AE0868-3C82-4E32-8BB9-D9C497EB1D2D}.Ad-Hoc|iPhoneSimulator.ActiveCfg = Release|Any CPU
		{C7AE0868-3C82-4E32-8BB9-D9C497EB1D2D}.Ad-Hoc|iPhoneSimulator.Build.0 = Release|Any CPU
		{C7AE0868-3C82-4E32-8BB9-D9C497EB1D2D}.Ad-Hoc|iPhoneSimulator.Deploy.0 = Release|Any CPU
		{C7AE0868-3C82-4E32-8BB9-D9C497EB1D2D}.Ad-Hoc|x64.ActiveCfg = Release|x64
		{C7AE0868-3C82-4E32-8BB9-D9C497EB1D2D}.Ad-Hoc|x64.Build.0 = Release|x64
		{C7AE0868-3C82-4E32-8BB9-D9C497EB1D2D}.Ad-Hoc|x64.Deploy.0 = Release|x64
		{C7AE0868-3C82-4E32-8BB9-D9C497EB1D2D}.Ad-Hoc|x86.ActiveCfg = Release|x86
		{C7AE0868-3C82-4E32-8BB9-D9C497EB1D2D}.Ad-Hoc|x86.Build.0 = Release|x86
		{C7AE0868-3C82-4E32-8BB9-D9C497EB1D2D}.Ad-Hoc|x86.Deploy.0 = Release|x86
		{C7AE0868-3C82-4E32-8BB9-D9C497EB1D2D}.AppStore|Any CPU.ActiveCfg = Release|Any CPU
		{C7AE0868-3C82-4E32-8BB9-D9C497EB1D2D}.AppStore|Any CPU.Build.0 = Release|Any CPU
		{C7AE0868-3C82-4E32-8BB9-D9C497EB1D2D}.AppStore|Any CPU.Deploy.0 = Release|Any CPU
		{C7AE0868-3C82-4E32-8BB9-D9C497EB1D2D}.AppStore|ARM.ActiveCfg = Release|ARM
		{C7AE0868-3C82-4E32-8BB9-D9C497EB1D2D}.AppStore|ARM.Build.0 = Release|ARM
		{C7AE0868-3C82-4E32-8BB9-D9C497EB1D2D}.AppStore|ARM.Deploy.0 = Release|ARM
		{C7AE0868-3C82-4E32-8BB9-D9C497EB1D2D}.AppStore|iPhone.ActiveCfg = Release|Any CPU
		{C7AE0868-3C82-4E32-8BB9-D9C497EB1D2D}.AppStore|iPhone.Build.0 = Release|Any CPU
		{C7AE0868-3C82-4E32-8BB9-D9C497EB1D2D}.AppStore|iPhone.Deploy.0 = Release|Any CPU
		{C7AE0868-3C82-4E32-8BB9-D9C497EB1D2D}.AppStore|iPhoneSimulator.ActiveCfg = Release|Any CPU
		{C7AE0868-3C82-4E32-8BB9-D9C497EB1D2D}.AppStore|iPhoneSimulator.Build.0 = Release|Any CPU
		{C7AE0868-3C82-4E32-8BB9-D9C497EB1D2D}.AppStore|iPhoneSimulator.Deploy.0 = Release|Any CPU
		{C7AE0868-3C82-4E32-8BB9-D9C497EB1D2D}.AppStore|x64.ActiveCfg = Release|x64
		{C7AE0868-3C82-4E32-8BB9-D9C497EB1D2D}.AppStore|x64.Build.0 = Release|x64
		{C7AE0868-3C82-4E32-8BB9-D9C497EB1D2D}.AppStore|x64.Deploy.0 = Release|x64
		{C7AE0868-3C82-4E32-8BB9-D9C497EB1D2D}.AppStore|x86.ActiveCfg = Release|x86
		{C7AE0868-3C82-4E32-8BB9-D9C497EB1D2D}.AppStore|x86.Build.0 = Release|x86
		{C7AE0868-3C82-4E32-8BB9-D9C497EB1D2D}.AppStore|x86.Deploy.0 = Release|x86
		{C7AE0868-3C82-4E32-8BB9-D9C497EB1D2D}.Debug|Any CPU.ActiveCfg = Debug|Any CPU
		{C7AE0868-3C82-4E32-8BB9-D9C497EB1D2D}.Debug|Any CPU.Build.0 = Debug|Any CPU
		{C7AE0868-3C82-4E32-8BB9-D9C497EB1D2D}.Debug|Any CPU.Deploy.0 = Debug|Any CPU
		{C7AE0868-3C82-4E32-8BB9-D9C497EB1D2D}.Debug|ARM.ActiveCfg = Debug|ARM
		{C7AE0868-3C82-4E32-8BB9-D9C497EB1D2D}.Debug|ARM.Build.0 = Debug|ARM
		{C7AE0868-3C82-4E32-8BB9-D9C497EB1D2D}.Debug|ARM.Deploy.0 = Debug|ARM
		{C7AE0868-3C82-4E32-8BB9-D9C497EB1D2D}.Debug|iPhone.ActiveCfg = Debug|Any CPU
		{C7AE0868-3C82-4E32-8BB9-D9C497EB1D2D}.Debug|iPhone.Build.0 = Debug|Any CPU
		{C7AE0868-3C82-4E32-8BB9-D9C497EB1D2D}.Debug|iPhone.Deploy.0 = Debug|Any CPU
		{C7AE0868-3C82-4E32-8BB9-D9C497EB1D2D}.Debug|iPhoneSimulator.ActiveCfg = Debug|Any CPU
		{C7AE0868-3C82-4E32-8BB9-D9C497EB1D2D}.Debug|iPhoneSimulator.Build.0 = Debug|Any CPU
		{C7AE0868-3C82-4E32-8BB9-D9C497EB1D2D}.Debug|iPhoneSimulator.Deploy.0 = Debug|Any CPU
		{C7AE0868-3C82-4E32-8BB9-D9C497EB1D2D}.Debug|x64.ActiveCfg = Debug|x64
		{C7AE0868-3C82-4E32-8BB9-D9C497EB1D2D}.Debug|x64.Build.0 = Debug|x64
		{C7AE0868-3C82-4E32-8BB9-D9C497EB1D2D}.Debug|x64.Deploy.0 = Debug|x64
		{C7AE0868-3C82-4E32-8BB9-D9C497EB1D2D}.Debug|x86.ActiveCfg = Debug|x86
		{C7AE0868-3C82-4E32-8BB9-D9C497EB1D2D}.Debug|x86.Build.0 = Debug|x86
		{C7AE0868-3C82-4E32-8BB9-D9C497EB1D2D}.Debug|x86.Deploy.0 = Debug|x86
		{C7AE0868-3C82-4E32-8BB9-D9C497EB1D2D}.Release|Any CPU.ActiveCfg = Release|Any CPU
		{C7AE0868-3C82-4E32-8BB9-D9C497EB1D2D}.Release|Any CPU.Build.0 = Release|Any CPU
		{C7AE0868-3C82-4E32-8BB9-D9C497EB1D2D}.Release|Any CPU.Deploy.0 = Release|Any CPU
		{C7AE0868-3C82-4E32-8BB9-D9C497EB1D2D}.Release|ARM.ActiveCfg = Release|ARM
		{C7AE0868-3C82-4E32-8BB9-D9C497EB1D2D}.Release|ARM.Build.0 = Release|ARM
		{C7AE0868-3C82-4E32-8BB9-D9C497EB1D2D}.Release|ARM.Deploy.0 = Release|ARM
		{C7AE0868-3C82-4E32-8BB9-D9C497EB1D2D}.Release|iPhone.ActiveCfg = Release|Any CPU
		{C7AE0868-3C82-4E32-8BB9-D9C497EB1D2D}.Release|iPhone.Build.0 = Release|Any CPU
		{C7AE0868-3C82-4E32-8BB9-D9C497EB1D2D}.Release|iPhone.Deploy.0 = Release|Any CPU
		{C7AE0868-3C82-4E32-8BB9-D9C497EB1D2D}.Release|iPhoneSimulator.ActiveCfg = Release|Any CPU
		{C7AE0868-3C82-4E32-8BB9-D9C497EB1D2D}.Release|iPhoneSimulator.Build.0 = Release|Any CPU
		{C7AE0868-3C82-4E32-8BB9-D9C497EB1D2D}.Release|iPhoneSimulator.Deploy.0 = Release|Any CPU
		{C7AE0868-3C82-4E32-8BB9-D9C497EB1D2D}.Release|x64.ActiveCfg = Release|x64
		{C7AE0868-3C82-4E32-8BB9-D9C497EB1D2D}.Release|x64.Build.0 = Release|x64
		{C7AE0868-3C82-4E32-8BB9-D9C497EB1D2D}.Release|x64.Deploy.0 = Release|x64
		{C7AE0868-3C82-4E32-8BB9-D9C497EB1D2D}.Release|x86.ActiveCfg = Release|x86
		{C7AE0868-3C82-4E32-8BB9-D9C497EB1D2D}.Release|x86.Build.0 = Release|x86
		{C7AE0868-3C82-4E32-8BB9-D9C497EB1D2D}.Release|x86.Deploy.0 = Release|x86
		{67F9D3A8-F71E-4428-913F-C37AE82CDB24}.Ad-Hoc|Any CPU.ActiveCfg = Release|Any CPU
		{67F9D3A8-F71E-4428-913F-C37AE82CDB24}.Ad-Hoc|Any CPU.Build.0 = Release|Any CPU
		{67F9D3A8-F71E-4428-913F-C37AE82CDB24}.Ad-Hoc|ARM.ActiveCfg = Release|Any CPU
		{67F9D3A8-F71E-4428-913F-C37AE82CDB24}.Ad-Hoc|ARM.Build.0 = Release|Any CPU
		{67F9D3A8-F71E-4428-913F-C37AE82CDB24}.Ad-Hoc|iPhone.ActiveCfg = Release|Any CPU
		{67F9D3A8-F71E-4428-913F-C37AE82CDB24}.Ad-Hoc|iPhone.Build.0 = Release|Any CPU
		{67F9D3A8-F71E-4428-913F-C37AE82CDB24}.Ad-Hoc|iPhoneSimulator.ActiveCfg = Release|Any CPU
		{67F9D3A8-F71E-4428-913F-C37AE82CDB24}.Ad-Hoc|iPhoneSimulator.Build.0 = Release|Any CPU
		{67F9D3A8-F71E-4428-913F-C37AE82CDB24}.Ad-Hoc|x64.ActiveCfg = Release|Any CPU
		{67F9D3A8-F71E-4428-913F-C37AE82CDB24}.Ad-Hoc|x64.Build.0 = Release|Any CPU
		{67F9D3A8-F71E-4428-913F-C37AE82CDB24}.Ad-Hoc|x86.ActiveCfg = Release|Any CPU
		{67F9D3A8-F71E-4428-913F-C37AE82CDB24}.Ad-Hoc|x86.Build.0 = Release|Any CPU
		{67F9D3A8-F71E-4428-913F-C37AE82CDB24}.AppStore|Any CPU.ActiveCfg = Release|Any CPU
		{67F9D3A8-F71E-4428-913F-C37AE82CDB24}.AppStore|Any CPU.Build.0 = Release|Any CPU
		{67F9D3A8-F71E-4428-913F-C37AE82CDB24}.AppStore|ARM.ActiveCfg = Release|Any CPU
		{67F9D3A8-F71E-4428-913F-C37AE82CDB24}.AppStore|ARM.Build.0 = Release|Any CPU
		{67F9D3A8-F71E-4428-913F-C37AE82CDB24}.AppStore|iPhone.ActiveCfg = Release|Any CPU
		{67F9D3A8-F71E-4428-913F-C37AE82CDB24}.AppStore|iPhone.Build.0 = Release|Any CPU
		{67F9D3A8-F71E-4428-913F-C37AE82CDB24}.AppStore|iPhoneSimulator.ActiveCfg = Release|Any CPU
		{67F9D3A8-F71E-4428-913F-C37AE82CDB24}.AppStore|iPhoneSimulator.Build.0 = Release|Any CPU
		{67F9D3A8-F71E-4428-913F-C37AE82CDB24}.AppStore|x64.ActiveCfg = Release|Any CPU
		{67F9D3A8-F71E-4428-913F-C37AE82CDB24}.AppStore|x64.Build.0 = Release|Any CPU
		{67F9D3A8-F71E-4428-913F-C37AE82CDB24}.AppStore|x86.ActiveCfg = Release|Any CPU
		{67F9D3A8-F71E-4428-913F-C37AE82CDB24}.AppStore|x86.Build.0 = Release|Any CPU
		{67F9D3A8-F71E-4428-913F-C37AE82CDB24}.Debug|Any CPU.ActiveCfg = Debug|Any CPU
		{67F9D3A8-F71E-4428-913F-C37AE82CDB24}.Debug|Any CPU.Build.0 = Debug|Any CPU
		{67F9D3A8-F71E-4428-913F-C37AE82CDB24}.Debug|ARM.ActiveCfg = Debug|Any CPU
		{67F9D3A8-F71E-4428-913F-C37AE82CDB24}.Debug|ARM.Build.0 = Debug|Any CPU
		{67F9D3A8-F71E-4428-913F-C37AE82CDB24}.Debug|iPhone.ActiveCfg = Debug|Any CPU
		{67F9D3A8-F71E-4428-913F-C37AE82CDB24}.Debug|iPhone.Build.0 = Debug|Any CPU
		{67F9D3A8-F71E-4428-913F-C37AE82CDB24}.Debug|iPhoneSimulator.ActiveCfg = Debug|Any CPU
		{67F9D3A8-F71E-4428-913F-C37AE82CDB24}.Debug|iPhoneSimulator.Build.0 = Debug|Any CPU
		{67F9D3A8-F71E-4428-913F-C37AE82CDB24}.Debug|x64.ActiveCfg = Debug|Any CPU
		{67F9D3A8-F71E-4428-913F-C37AE82CDB24}.Debug|x64.Build.0 = Debug|Any CPU
		{67F9D3A8-F71E-4428-913F-C37AE82CDB24}.Debug|x86.ActiveCfg = Debug|Any CPU
		{67F9D3A8-F71E-4428-913F-C37AE82CDB24}.Debug|x86.Build.0 = Debug|Any CPU
		{67F9D3A8-F71E-4428-913F-C37AE82CDB24}.Release|Any CPU.ActiveCfg = Release|Any CPU
		{67F9D3A8-F71E-4428-913F-C37AE82CDB24}.Release|Any CPU.Build.0 = Release|Any CPU
		{67F9D3A8-F71E-4428-913F-C37AE82CDB24}.Release|ARM.ActiveCfg = Release|Any CPU
		{67F9D3A8-F71E-4428-913F-C37AE82CDB24}.Release|ARM.Build.0 = Release|Any CPU
		{67F9D3A8-F71E-4428-913F-C37AE82CDB24}.Release|iPhone.ActiveCfg = Release|Any CPU
		{67F9D3A8-F71E-4428-913F-C37AE82CDB24}.Release|iPhone.Build.0 = Release|Any CPU
		{67F9D3A8-F71E-4428-913F-C37AE82CDB24}.Release|iPhoneSimulator.ActiveCfg = Release|Any CPU
		{67F9D3A8-F71E-4428-913F-C37AE82CDB24}.Release|iPhoneSimulator.Build.0 = Release|Any CPU
		{67F9D3A8-F71E-4428-913F-C37AE82CDB24}.Release|x64.ActiveCfg = Release|Any CPU
		{67F9D3A8-F71E-4428-913F-C37AE82CDB24}.Release|x64.Build.0 = Release|Any CPU
		{67F9D3A8-F71E-4428-913F-C37AE82CDB24}.Release|x86.ActiveCfg = Release|Any CPU
		{67F9D3A8-F71E-4428-913F-C37AE82CDB24}.Release|x86.Build.0 = Release|Any CPU
		{6A2DBAB8-F6DA-4C16-AE1E-E13540EF98AF}.Ad-Hoc|Any CPU.ActiveCfg = Release|Any CPU
		{6A2DBAB8-F6DA-4C16-AE1E-E13540EF98AF}.Ad-Hoc|Any CPU.Build.0 = Release|Any CPU
		{6A2DBAB8-F6DA-4C16-AE1E-E13540EF98AF}.Ad-Hoc|ARM.ActiveCfg = Release|Any CPU
		{6A2DBAB8-F6DA-4C16-AE1E-E13540EF98AF}.Ad-Hoc|ARM.Build.0 = Release|Any CPU
		{6A2DBAB8-F6DA-4C16-AE1E-E13540EF98AF}.Ad-Hoc|iPhone.ActiveCfg = Release|Any CPU
		{6A2DBAB8-F6DA-4C16-AE1E-E13540EF98AF}.Ad-Hoc|iPhone.Build.0 = Release|Any CPU
		{6A2DBAB8-F6DA-4C16-AE1E-E13540EF98AF}.Ad-Hoc|iPhoneSimulator.ActiveCfg = Release|Any CPU
		{6A2DBAB8-F6DA-4C16-AE1E-E13540EF98AF}.Ad-Hoc|iPhoneSimulator.Build.0 = Release|Any CPU
		{6A2DBAB8-F6DA-4C16-AE1E-E13540EF98AF}.Ad-Hoc|x64.ActiveCfg = Release|Any CPU
		{6A2DBAB8-F6DA-4C16-AE1E-E13540EF98AF}.Ad-Hoc|x64.Build.0 = Release|Any CPU
		{6A2DBAB8-F6DA-4C16-AE1E-E13540EF98AF}.Ad-Hoc|x86.ActiveCfg = Release|Any CPU
		{6A2DBAB8-F6DA-4C16-AE1E-E13540EF98AF}.Ad-Hoc|x86.Build.0 = Release|Any CPU
		{6A2DBAB8-F6DA-4C16-AE1E-E13540EF98AF}.AppStore|Any CPU.ActiveCfg = Release|Any CPU
		{6A2DBAB8-F6DA-4C16-AE1E-E13540EF98AF}.AppStore|Any CPU.Build.0 = Release|Any CPU
		{6A2DBAB8-F6DA-4C16-AE1E-E13540EF98AF}.AppStore|ARM.ActiveCfg = Release|Any CPU
		{6A2DBAB8-F6DA-4C16-AE1E-E13540EF98AF}.AppStore|ARM.Build.0 = Release|Any CPU
		{6A2DBAB8-F6DA-4C16-AE1E-E13540EF98AF}.AppStore|iPhone.ActiveCfg = Release|Any CPU
		{6A2DBAB8-F6DA-4C16-AE1E-E13540EF98AF}.AppStore|iPhone.Build.0 = Release|Any CPU
		{6A2DBAB8-F6DA-4C16-AE1E-E13540EF98AF}.AppStore|iPhoneSimulator.ActiveCfg = Release|Any CPU
		{6A2DBAB8-F6DA-4C16-AE1E-E13540EF98AF}.AppStore|iPhoneSimulator.Build.0 = Release|Any CPU
		{6A2DBAB8-F6DA-4C16-AE1E-E13540EF98AF}.AppStore|x64.ActiveCfg = Release|Any CPU
		{6A2DBAB8-F6DA-4C16-AE1E-E13540EF98AF}.AppStore|x64.Build.0 = Release|Any CPU
		{6A2DBAB8-F6DA-4C16-AE1E-E13540EF98AF}.AppStore|x86.ActiveCfg = Release|Any CPU
		{6A2DBAB8-F6DA-4C16-AE1E-E13540EF98AF}.AppStore|x86.Build.0 = Release|Any CPU
		{6A2DBAB8-F6DA-4C16-AE1E-E13540EF98AF}.Debug|Any CPU.ActiveCfg = Debug|Any CPU
		{6A2DBAB8-F6DA-4C16-AE1E-E13540EF98AF}.Debug|Any CPU.Build.0 = Debug|Any CPU
		{6A2DBAB8-F6DA-4C16-AE1E-E13540EF98AF}.Debug|ARM.ActiveCfg = Debug|Any CPU
		{6A2DBAB8-F6DA-4C16-AE1E-E13540EF98AF}.Debug|ARM.Build.0 = Debug|Any CPU
		{6A2DBAB8-F6DA-4C16-AE1E-E13540EF98AF}.Debug|iPhone.ActiveCfg = Debug|Any CPU
		{6A2DBAB8-F6DA-4C16-AE1E-E13540EF98AF}.Debug|iPhone.Build.0 = Debug|Any CPU
		{6A2DBAB8-F6DA-4C16-AE1E-E13540EF98AF}.Debug|iPhoneSimulator.ActiveCfg = Debug|Any CPU
		{6A2DBAB8-F6DA-4C16-AE1E-E13540EF98AF}.Debug|iPhoneSimulator.Build.0 = Debug|Any CPU
		{6A2DBAB8-F6DA-4C16-AE1E-E13540EF98AF}.Debug|x64.ActiveCfg = Debug|Any CPU
		{6A2DBAB8-F6DA-4C16-AE1E-E13540EF98AF}.Debug|x64.Build.0 = Debug|Any CPU
		{6A2DBAB8-F6DA-4C16-AE1E-E13540EF98AF}.Debug|x86.ActiveCfg = Debug|Any CPU
		{6A2DBAB8-F6DA-4C16-AE1E-E13540EF98AF}.Debug|x86.Build.0 = Debug|Any CPU
		{6A2DBAB8-F6DA-4C16-AE1E-E13540EF98AF}.Release|Any CPU.ActiveCfg = Release|Any CPU
		{6A2DBAB8-F6DA-4C16-AE1E-E13540EF98AF}.Release|Any CPU.Build.0 = Release|Any CPU
		{6A2DBAB8-F6DA-4C16-AE1E-E13540EF98AF}.Release|ARM.ActiveCfg = Release|Any CPU
		{6A2DBAB8-F6DA-4C16-AE1E-E13540EF98AF}.Release|ARM.Build.0 = Release|Any CPU
		{6A2DBAB8-F6DA-4C16-AE1E-E13540EF98AF}.Release|iPhone.ActiveCfg = Release|Any CPU
		{6A2DBAB8-F6DA-4C16-AE1E-E13540EF98AF}.Release|iPhone.Build.0 = Release|Any CPU
		{6A2DBAB8-F6DA-4C16-AE1E-E13540EF98AF}.Release|iPhoneSimulator.ActiveCfg = Release|Any CPU
		{6A2DBAB8-F6DA-4C16-AE1E-E13540EF98AF}.Release|iPhoneSimulator.Build.0 = Release|Any CPU
		{6A2DBAB8-F6DA-4C16-AE1E-E13540EF98AF}.Release|x64.ActiveCfg = Release|Any CPU
		{6A2DBAB8-F6DA-4C16-AE1E-E13540EF98AF}.Release|x64.Build.0 = Release|Any CPU
		{6A2DBAB8-F6DA-4C16-AE1E-E13540EF98AF}.Release|x86.ActiveCfg = Release|Any CPU
		{6A2DBAB8-F6DA-4C16-AE1E-E13540EF98AF}.Release|x86.Build.0 = Release|Any CPU
	EndGlobalSection
	GlobalSection(SolutionProperties) = preSolution
		HideSolutionNode = FALSE
	EndGlobalSection
	GlobalSection(NestedProjects) = preSolution
		{753DAC83-40BD-4FDA-8AF5-7CBF417171EA} = {C5F50A52-AB96-4394-AC9B-74E6071E18D6}
		{E699B8D8-8473-4892-94A1-68854F3A8E22} = {C5F50A52-AB96-4394-AC9B-74E6071E18D6}
		{C9EB7D42-31DA-4821-B406-25E37323C2F0} = {C5F50A52-AB96-4394-AC9B-74E6071E18D6}
		{3531A68A-BC73-4931-9B35-ABC5E9064129} = {C5F50A52-AB96-4394-AC9B-74E6071E18D6}
		{C7AE0868-3C82-4E32-8BB9-D9C497EB1D2D} = {C5F50A52-AB96-4394-AC9B-74E6071E18D6}
		{67F9D3A8-F71E-4428-913F-C37AE82CDB24} = {1A192A91-F0CD-445C-9C0C-BD9E6199FE50}
		{6A2DBAB8-F6DA-4C16-AE1E-E13540EF98AF} = {C5F50A52-AB96-4394-AC9B-74E6071E18D6}
	EndGlobalSection
EndGlobal
