
Microsoft Visual Studio Solution File, Format Version 12.00
# Visual Studio 14
VisualStudioVersion = 14.0.25420.1
MinimumVisualStudioVersion = 10.0.40219.1
Project("{FAE04EC0-301F-11D3-BF4B-00C04F79EFBC}") = "CustomOnPlatform", "CustomOnPlatform\CustomOnPlatform\CustomOnPlatform.csproj", "{2A2B1E67-1B76-4E7C-A647-26655438D303}"
EndProject
Project("{FAE04EC0-301F-11D3-BF4B-00C04F79EFBC}") = "CustomOnPlatform.Droid", "CustomOnPlatform\CustomOnPlatform.Droid\CustomOnPlatform.Droid.csproj", "{07E6B08F-97EB-4068-B679-8DCCC3118478}"
EndProject
Project("{FAE04EC0-301F-11D3-BF4B-00C04F79EFBC}") = "CustomOnPlatform.iOS", "CustomOnPlatform\CustomOnPlatform.iOS\CustomOnPlatform.iOS.csproj", "{8B7141B9-7A72-4DA3-B91F-41FBC6B179F8}"
EndProject
Project("{FAE04EC0-301F-11D3-BF4B-00C04F79EFBC}") = "CustomOnPlatform.WinPhone", "CustomOnPlatform\CustomOnPlatform.WinPhone\CustomOnPlatform.WinPhone.csproj", "{6C9F8177-28AE-415B-A90B-DEC1D013E58C}"
EndProject
Project("{FAE04EC0-301F-11D3-BF4B-00C04F79EFBC}") = "CustomOnPlatform.UWP", "CustomOnPlatform\CustomOnPlatform.UWP\CustomOnPlatform.UWP.csproj", "{A23E09BD-0C60-4390-BEAA-403221E5AADB}"
EndProject
Project("{FAE04EC0-301F-11D3-BF4B-00C04F79EFBC}") = "CustomOnPlatform.Windows", "CustomOnPlatform\CustomOnPlatform.Windows\CustomOnPlatform.Windows.csproj", "{7105109A-6690-49DA-BD1D-28A566AF064F}"
EndProject
Global
	GlobalSection(SolutionConfigurationPlatforms) = preSolution
		Ad-Hoc|Any CPU = Ad-Hoc|Any CPU
		Ad-Hoc|ARM = Ad-Hoc|ARM
		Ad-Hoc|iPhone = Ad-Hoc|iPhone
		Ad-Hoc|iPhoneSimulator = Ad-Hoc|iPhoneSimulator
		Ad-Hoc|x64 = Ad-Hoc|x64
		Ad-Hoc|x86 = Ad-Hoc|x86
		AppStore|Any CPU = AppStore|Any CPU
		AppStore|ARM = AppStore|ARM
		AppStore|iPhone = AppStore|iPhone
		AppStore|iPhoneSimulator = AppStore|iPhoneSimulator
		AppStore|x64 = AppStore|x64
		AppStore|x86 = AppStore|x86
		Debug|Any CPU = Debug|Any CPU
		Debug|ARM = Debug|ARM
		Debug|iPhone = Debug|iPhone
		Debug|iPhoneSimulator = Debug|iPhoneSimulator
		Debug|x64 = Debug|x64
		Debug|x86 = Debug|x86
		Release|Any CPU = Release|Any CPU
		Release|ARM = Release|ARM
		Release|iPhone = Release|iPhone
		Release|iPhoneSimulator = Release|iPhoneSimulator
		Release|x64 = Release|x64
		Release|x86 = Release|x86
	EndGlobalSection
	GlobalSection(ProjectConfigurationPlatforms) = postSolution
		{2A2B1E67-1B76-4E7C-A647-26655438D303}.Ad-Hoc|Any CPU.ActiveCfg = Release|Any CPU
		{2A2B1E67-1B76-4E7C-A647-26655438D303}.Ad-Hoc|Any CPU.Build.0 = Release|Any CPU
		{2A2B1E67-1B76-4E7C-A647-26655438D303}.Ad-Hoc|ARM.ActiveCfg = Release|Any CPU
		{2A2B1E67-1B76-4E7C-A647-26655438D303}.Ad-Hoc|ARM.Build.0 = Release|Any CPU
		{2A2B1E67-1B76-4E7C-A647-26655438D303}.Ad-Hoc|iPhone.ActiveCfg = Release|Any CPU
		{2A2B1E67-1B76-4E7C-A647-26655438D303}.Ad-Hoc|iPhone.Build.0 = Release|Any CPU
		{2A2B1E67-1B76-4E7C-A647-26655438D303}.Ad-Hoc|iPhoneSimulator.ActiveCfg = Release|Any CPU
		{2A2B1E67-1B76-4E7C-A647-26655438D303}.Ad-Hoc|iPhoneSimulator.Build.0 = Release|Any CPU
		{2A2B1E67-1B76-4E7C-A647-26655438D303}.Ad-Hoc|x64.ActiveCfg = Release|Any CPU
		{2A2B1E67-1B76-4E7C-A647-26655438D303}.Ad-Hoc|x64.Build.0 = Release|Any CPU
		{2A2B1E67-1B76-4E7C-A647-26655438D303}.Ad-Hoc|x86.ActiveCfg = Release|Any CPU
		{2A2B1E67-1B76-4E7C-A647-26655438D303}.Ad-Hoc|x86.Build.0 = Release|Any CPU
		{2A2B1E67-1B76-4E7C-A647-26655438D303}.AppStore|Any CPU.ActiveCfg = Release|Any CPU
		{2A2B1E67-1B76-4E7C-A647-26655438D303}.AppStore|Any CPU.Build.0 = Release|Any CPU
		{2A2B1E67-1B76-4E7C-A647-26655438D303}.AppStore|ARM.ActiveCfg = Release|Any CPU
		{2A2B1E67-1B76-4E7C-A647-26655438D303}.AppStore|ARM.Build.0 = Release|Any CPU
		{2A2B1E67-1B76-4E7C-A647-26655438D303}.AppStore|iPhone.ActiveCfg = Release|Any CPU
		{2A2B1E67-1B76-4E7C-A647-26655438D303}.AppStore|iPhone.Build.0 = Release|Any CPU
		{2A2B1E67-1B76-4E7C-A647-26655438D303}.AppStore|iPhoneSimulator.ActiveCfg = Release|Any CPU
		{2A2B1E67-1B76-4E7C-A647-26655438D303}.AppStore|iPhoneSimulator.Build.0 = Release|Any CPU
		{2A2B1E67-1B76-4E7C-A647-26655438D303}.AppStore|x64.ActiveCfg = Release|Any CPU
		{2A2B1E67-1B76-4E7C-A647-26655438D303}.AppStore|x64.Build.0 = Release|Any CPU
		{2A2B1E67-1B76-4E7C-A647-26655438D303}.AppStore|x86.ActiveCfg = Release|Any CPU
		{2A2B1E67-1B76-4E7C-A647-26655438D303}.AppStore|x86.Build.0 = Release|Any CPU
		{2A2B1E67-1B76-4E7C-A647-26655438D303}.Debug|Any CPU.ActiveCfg = Debug|Any CPU
		{2A2B1E67-1B76-4E7C-A647-26655438D303}.Debug|Any CPU.Build.0 = Debug|Any CPU
		{2A2B1E67-1B76-4E7C-A647-26655438D303}.Debug|ARM.ActiveCfg = Debug|Any CPU
		{2A2B1E67-1B76-4E7C-A647-26655438D303}.Debug|ARM.Build.0 = Debug|Any CPU
		{2A2B1E67-1B76-4E7C-A647-26655438D303}.Debug|iPhone.ActiveCfg = Debug|Any CPU
		{2A2B1E67-1B76-4E7C-A647-26655438D303}.Debug|iPhone.Build.0 = Debug|Any CPU
		{2A2B1E67-1B76-4E7C-A647-26655438D303}.Debug|iPhoneSimulator.ActiveCfg = Debug|Any CPU
		{2A2B1E67-1B76-4E7C-A647-26655438D303}.Debug|iPhoneSimulator.Build.0 = Debug|Any CPU
		{2A2B1E67-1B76-4E7C-A647-26655438D303}.Debug|x64.ActiveCfg = Debug|Any CPU
		{2A2B1E67-1B76-4E7C-A647-26655438D303}.Debug|x64.Build.0 = Debug|Any CPU
		{2A2B1E67-1B76-4E7C-A647-26655438D303}.Debug|x86.ActiveCfg = Debug|Any CPU
		{2A2B1E67-1B76-4E7C-A647-26655438D303}.Debug|x86.Build.0 = Debug|Any CPU
		{2A2B1E67-1B76-4E7C-A647-26655438D303}.Release|Any CPU.ActiveCfg = Release|Any CPU
		{2A2B1E67-1B76-4E7C-A647-26655438D303}.Release|Any CPU.Build.0 = Release|Any CPU
		{2A2B1E67-1B76-4E7C-A647-26655438D303}.Release|ARM.ActiveCfg = Release|Any CPU
		{2A2B1E67-1B76-4E7C-A647-26655438D303}.Release|ARM.Build.0 = Release|Any CPU
		{2A2B1E67-1B76-4E7C-A647-26655438D303}.Release|iPhone.ActiveCfg = Release|Any CPU
		{2A2B1E67-1B76-4E7C-A647-26655438D303}.Release|iPhone.Build.0 = Release|Any CPU
		{2A2B1E67-1B76-4E7C-A647-26655438D303}.Release|iPhoneSimulator.ActiveCfg = Release|Any CPU
		{2A2B1E67-1B76-4E7C-A647-26655438D303}.Release|iPhoneSimulator.Build.0 = Release|Any CPU
		{2A2B1E67-1B76-4E7C-A647-26655438D303}.Release|x64.ActiveCfg = Release|Any CPU
		{2A2B1E67-1B76-4E7C-A647-26655438D303}.Release|x64.Build.0 = Release|Any CPU
		{2A2B1E67-1B76-4E7C-A647-26655438D303}.Release|x86.ActiveCfg = Release|Any CPU
		{2A2B1E67-1B76-4E7C-A647-26655438D303}.Release|x86.Build.0 = Release|Any CPU
		{07E6B08F-97EB-4068-B679-8DCCC3118478}.Ad-Hoc|Any CPU.ActiveCfg = Release|Any CPU
		{07E6B08F-97EB-4068-B679-8DCCC3118478}.Ad-Hoc|Any CPU.Build.0 = Release|Any CPU
		{07E6B08F-97EB-4068-B679-8DCCC3118478}.Ad-Hoc|Any CPU.Deploy.0 = Release|Any CPU
		{07E6B08F-97EB-4068-B679-8DCCC3118478}.Ad-Hoc|ARM.ActiveCfg = Release|Any CPU
		{07E6B08F-97EB-4068-B679-8DCCC3118478}.Ad-Hoc|ARM.Build.0 = Release|Any CPU
		{07E6B08F-97EB-4068-B679-8DCCC3118478}.Ad-Hoc|ARM.Deploy.0 = Release|Any CPU
		{07E6B08F-97EB-4068-B679-8DCCC3118478}.Ad-Hoc|iPhone.ActiveCfg = Release|Any CPU
		{07E6B08F-97EB-4068-B679-8DCCC3118478}.Ad-Hoc|iPhone.Build.0 = Release|Any CPU
		{07E6B08F-97EB-4068-B679-8DCCC3118478}.Ad-Hoc|iPhone.Deploy.0 = Release|Any CPU
		{07E6B08F-97EB-4068-B679-8DCCC3118478}.Ad-Hoc|iPhoneSimulator.ActiveCfg = Release|Any CPU
		{07E6B08F-97EB-4068-B679-8DCCC3118478}.Ad-Hoc|iPhoneSimulator.Build.0 = Release|Any CPU
		{07E6B08F-97EB-4068-B679-8DCCC3118478}.Ad-Hoc|iPhoneSimulator.Deploy.0 = Release|Any CPU
		{07E6B08F-97EB-4068-B679-8DCCC3118478}.Ad-Hoc|x64.ActiveCfg = Release|Any CPU
		{07E6B08F-97EB-4068-B679-8DCCC3118478}.Ad-Hoc|x64.Build.0 = Release|Any CPU
		{07E6B08F-97EB-4068-B679-8DCCC3118478}.Ad-Hoc|x64.Deploy.0 = Release|Any CPU
		{07E6B08F-97EB-4068-B679-8DCCC3118478}.Ad-Hoc|x86.ActiveCfg = Release|Any CPU
		{07E6B08F-97EB-4068-B679-8DCCC3118478}.Ad-Hoc|x86.Build.0 = Release|Any CPU
		{07E6B08F-97EB-4068-B679-8DCCC3118478}.Ad-Hoc|x86.Deploy.0 = Release|Any CPU
		{07E6B08F-97EB-4068-B679-8DCCC3118478}.AppStore|Any CPU.ActiveCfg = Release|Any CPU
		{07E6B08F-97EB-4068-B679-8DCCC3118478}.AppStore|Any CPU.Build.0 = Release|Any CPU
		{07E6B08F-97EB-4068-B679-8DCCC3118478}.AppStore|Any CPU.Deploy.0 = Release|Any CPU
		{07E6B08F-97EB-4068-B679-8DCCC3118478}.AppStore|ARM.ActiveCfg = Release|Any CPU
		{07E6B08F-97EB-4068-B679-8DCCC3118478}.AppStore|ARM.Build.0 = Release|Any CPU
		{07E6B08F-97EB-4068-B679-8DCCC3118478}.AppStore|ARM.Deploy.0 = Release|Any CPU
		{07E6B08F-97EB-4068-B679-8DCCC3118478}.AppStore|iPhone.ActiveCfg = Release|Any CPU
		{07E6B08F-97EB-4068-B679-8DCCC3118478}.AppStore|iPhone.Build.0 = Release|Any CPU
		{07E6B08F-97EB-4068-B679-8DCCC3118478}.AppStore|iPhone.Deploy.0 = Release|Any CPU
		{07E6B08F-97EB-4068-B679-8DCCC3118478}.AppStore|iPhoneSimulator.ActiveCfg = Release|Any CPU
		{07E6B08F-97EB-4068-B679-8DCCC3118478}.AppStore|iPhoneSimulator.Build.0 = Release|Any CPU
		{07E6B08F-97EB-4068-B679-8DCCC3118478}.AppStore|iPhoneSimulator.Deploy.0 = Release|Any CPU
		{07E6B08F-97EB-4068-B679-8DCCC3118478}.AppStore|x64.ActiveCfg = Release|Any CPU
		{07E6B08F-97EB-4068-B679-8DCCC3118478}.AppStore|x64.Build.0 = Release|Any CPU
		{07E6B08F-97EB-4068-B679-8DCCC3118478}.AppStore|x64.Deploy.0 = Release|Any CPU
		{07E6B08F-97EB-4068-B679-8DCCC3118478}.AppStore|x86.ActiveCfg = Release|Any CPU
		{07E6B08F-97EB-4068-B679-8DCCC3118478}.AppStore|x86.Build.0 = Release|Any CPU
		{07E6B08F-97EB-4068-B679-8DCCC3118478}.AppStore|x86.Deploy.0 = Release|Any CPU
		{07E6B08F-97EB-4068-B679-8DCCC3118478}.Debug|Any CPU.ActiveCfg = Debug|Any CPU
		{07E6B08F-97EB-4068-B679-8DCCC3118478}.Debug|Any CPU.Build.0 = Debug|Any CPU
		{07E6B08F-97EB-4068-B679-8DCCC3118478}.Debug|Any CPU.Deploy.0 = Debug|Any CPU
		{07E6B08F-97EB-4068-B679-8DCCC3118478}.Debug|ARM.ActiveCfg = Debug|Any CPU
		{07E6B08F-97EB-4068-B679-8DCCC3118478}.Debug|ARM.Build.0 = Debug|Any CPU
		{07E6B08F-97EB-4068-B679-8DCCC3118478}.Debug|ARM.Deploy.0 = Debug|Any CPU
		{07E6B08F-97EB-4068-B679-8DCCC3118478}.Debug|iPhone.ActiveCfg = Debug|Any CPU
		{07E6B08F-97EB-4068-B679-8DCCC3118478}.Debug|iPhone.Build.0 = Debug|Any CPU
		{07E6B08F-97EB-4068-B679-8DCCC3118478}.Debug|iPhone.Deploy.0 = Debug|Any CPU
		{07E6B08F-97EB-4068-B679-8DCCC3118478}.Debug|iPhoneSimulator.ActiveCfg = Debug|Any CPU
		{07E6B08F-97EB-4068-B679-8DCCC3118478}.Debug|iPhoneSimulator.Build.0 = Debug|Any CPU
		{07E6B08F-97EB-4068-B679-8DCCC3118478}.Debug|iPhoneSimulator.Deploy.0 = Debug|Any CPU
		{07E6B08F-97EB-4068-B679-8DCCC3118478}.Debug|x64.ActiveCfg = Debug|Any CPU
		{07E6B08F-97EB-4068-B679-8DCCC3118478}.Debug|x64.Build.0 = Debug|Any CPU
		{07E6B08F-97EB-4068-B679-8DCCC3118478}.Debug|x64.Deploy.0 = Debug|Any CPU
		{07E6B08F-97EB-4068-B679-8DCCC3118478}.Debug|x86.ActiveCfg = Debug|Any CPU
		{07E6B08F-97EB-4068-B679-8DCCC3118478}.Debug|x86.Build.0 = Debug|Any CPU
		{07E6B08F-97EB-4068-B679-8DCCC3118478}.Debug|x86.Deploy.0 = Debug|Any CPU
		{07E6B08F-97EB-4068-B679-8DCCC3118478}.Release|Any CPU.ActiveCfg = Release|Any CPU
		{07E6B08F-97EB-4068-B679-8DCCC3118478}.Release|Any CPU.Build.0 = Release|Any CPU
		{07E6B08F-97EB-4068-B679-8DCCC3118478}.Release|Any CPU.Deploy.0 = Release|Any CPU
		{07E6B08F-97EB-4068-B679-8DCCC3118478}.Release|ARM.ActiveCfg = Release|Any CPU
		{07E6B08F-97EB-4068-B679-8DCCC3118478}.Release|ARM.Build.0 = Release|Any CPU
		{07E6B08F-97EB-4068-B679-8DCCC3118478}.Release|ARM.Deploy.0 = Release|Any CPU
		{07E6B08F-97EB-4068-B679-8DCCC3118478}.Release|iPhone.ActiveCfg = Release|Any CPU
		{07E6B08F-97EB-4068-B679-8DCCC3118478}.Release|iPhone.Build.0 = Release|Any CPU
		{07E6B08F-97EB-4068-B679-8DCCC3118478}.Release|iPhone.Deploy.0 = Release|Any CPU
		{07E6B08F-97EB-4068-B679-8DCCC3118478}.Release|iPhoneSimulator.ActiveCfg = Release|Any CPU
		{07E6B08F-97EB-4068-B679-8DCCC3118478}.Release|iPhoneSimulator.Build.0 = Release|Any CPU
		{07E6B08F-97EB-4068-B679-8DCCC3118478}.Release|iPhoneSimulator.Deploy.0 = Release|Any CPU
		{07E6B08F-97EB-4068-B679-8DCCC3118478}.Release|x64.ActiveCfg = Release|Any CPU
		{07E6B08F-97EB-4068-B679-8DCCC3118478}.Release|x64.Build.0 = Release|Any CPU
		{07E6B08F-97EB-4068-B679-8DCCC3118478}.Release|x64.Deploy.0 = Release|Any CPU
		{07E6B08F-97EB-4068-B679-8DCCC3118478}.Release|x86.ActiveCfg = Release|Any CPU
		{07E6B08F-97EB-4068-B679-8DCCC3118478}.Release|x86.Build.0 = Release|Any CPU
		{07E6B08F-97EB-4068-B679-8DCCC3118478}.Release|x86.Deploy.0 = Release|Any CPU
		{8B7141B9-7A72-4DA3-B91F-41FBC6B179F8}.Ad-Hoc|Any CPU.ActiveCfg = Ad-Hoc|iPhone
		{8B7141B9-7A72-4DA3-B91F-41FBC6B179F8}.Ad-Hoc|ARM.ActiveCfg = Ad-Hoc|iPhone
		{8B7141B9-7A72-4DA3-B91F-41FBC6B179F8}.Ad-Hoc|iPhone.ActiveCfg = Ad-Hoc|iPhone
		{8B7141B9-7A72-4DA3-B91F-41FBC6B179F8}.Ad-Hoc|iPhone.Build.0 = Ad-Hoc|iPhone
		{8B7141B9-7A72-4DA3-B91F-41FBC6B179F8}.Ad-Hoc|iPhoneSimulator.ActiveCfg = Ad-Hoc|iPhoneSimulator
		{8B7141B9-7A72-4DA3-B91F-41FBC6B179F8}.Ad-Hoc|iPhoneSimulator.Build.0 = Ad-Hoc|iPhoneSimulator
		{8B7141B9-7A72-4DA3-B91F-41FBC6B179F8}.Ad-Hoc|x64.ActiveCfg = Ad-Hoc|iPhone
		{8B7141B9-7A72-4DA3-B91F-41FBC6B179F8}.Ad-Hoc|x86.ActiveCfg = Ad-Hoc|iPhone
		{8B7141B9-7A72-4DA3-B91F-41FBC6B179F8}.AppStore|Any CPU.ActiveCfg = AppStore|iPhone
		{8B7141B9-7A72-4DA3-B91F-41FBC6B179F8}.AppStore|ARM.ActiveCfg = AppStore|iPhone
		{8B7141B9-7A72-4DA3-B91F-41FBC6B179F8}.AppStore|iPhone.ActiveCfg = AppStore|iPhone
		{8B7141B9-7A72-4DA3-B91F-41FBC6B179F8}.AppStore|iPhone.Build.0 = AppStore|iPhone
		{8B7141B9-7A72-4DA3-B91F-41FBC6B179F8}.AppStore|iPhoneSimulator.ActiveCfg = AppStore|iPhoneSimulator
		{8B7141B9-7A72-4DA3-B91F-41FBC6B179F8}.AppStore|iPhoneSimulator.Build.0 = AppStore|iPhoneSimulator
		{8B7141B9-7A72-4DA3-B91F-41FBC6B179F8}.AppStore|x64.ActiveCfg = AppStore|iPhone
		{8B7141B9-7A72-4DA3-B91F-41FBC6B179F8}.AppStore|x86.ActiveCfg = AppStore|iPhone
		{8B7141B9-7A72-4DA3-B91F-41FBC6B179F8}.Debug|Any CPU.ActiveCfg = Debug|iPhone
		{8B7141B9-7A72-4DA3-B91F-41FBC6B179F8}.Debug|Any CPU.Build.0 = Debug|iPhone
		{8B7141B9-7A72-4DA3-B91F-41FBC6B179F8}.Debug|ARM.ActiveCfg = Debug|iPhone
		{8B7141B9-7A72-4DA3-B91F-41FBC6B179F8}.Debug|iPhone.ActiveCfg = Debug|iPhone
		{8B7141B9-7A72-4DA3-B91F-41FBC6B179F8}.Debug|iPhone.Build.0 = Debug|iPhone
		{8B7141B9-7A72-4DA3-B91F-41FBC6B179F8}.Debug|iPhoneSimulator.ActiveCfg = Debug|iPhoneSimulator
		{8B7141B9-7A72-4DA3-B91F-41FBC6B179F8}.Debug|iPhoneSimulator.Build.0 = Debug|iPhoneSimulator
		{8B7141B9-7A72-4DA3-B91F-41FBC6B179F8}.Debug|x64.ActiveCfg = Debug|iPhone
		{8B7141B9-7A72-4DA3-B91F-41FBC6B179F8}.Debug|x86.ActiveCfg = Debug|iPhone
		{8B7141B9-7A72-4DA3-B91F-41FBC6B179F8}.Release|Any CPU.ActiveCfg = Release|iPhone
		{8B7141B9-7A72-4DA3-B91F-41FBC6B179F8}.Release|ARM.ActiveCfg = Release|iPhone
		{8B7141B9-7A72-4DA3-B91F-41FBC6B179F8}.Release|iPhone.ActiveCfg = Release|iPhone
		{8B7141B9-7A72-4DA3-B91F-41FBC6B179F8}.Release|iPhone.Build.0 = Release|iPhone
		{8B7141B9-7A72-4DA3-B91F-41FBC6B179F8}.Release|iPhoneSimulator.ActiveCfg = Release|iPhoneSimulator
		{8B7141B9-7A72-4DA3-B91F-41FBC6B179F8}.Release|iPhoneSimulator.Build.0 = Release|iPhoneSimulator
		{8B7141B9-7A72-4DA3-B91F-41FBC6B179F8}.Release|x64.ActiveCfg = Release|iPhone
		{8B7141B9-7A72-4DA3-B91F-41FBC6B179F8}.Release|x86.ActiveCfg = Release|iPhone
		{6C9F8177-28AE-415B-A90B-DEC1D013E58C}.Ad-Hoc|Any CPU.ActiveCfg = Release|Any CPU
		{6C9F8177-28AE-415B-A90B-DEC1D013E58C}.Ad-Hoc|Any CPU.Build.0 = Release|Any CPU
		{6C9F8177-28AE-415B-A90B-DEC1D013E58C}.Ad-Hoc|Any CPU.Deploy.0 = Release|Any CPU
		{6C9F8177-28AE-415B-A90B-DEC1D013E58C}.Ad-Hoc|ARM.ActiveCfg = Release|ARM
		{6C9F8177-28AE-415B-A90B-DEC1D013E58C}.Ad-Hoc|ARM.Build.0 = Release|ARM
		{6C9F8177-28AE-415B-A90B-DEC1D013E58C}.Ad-Hoc|ARM.Deploy.0 = Release|ARM
		{6C9F8177-28AE-415B-A90B-DEC1D013E58C}.Ad-Hoc|iPhone.ActiveCfg = Release|Any CPU
		{6C9F8177-28AE-415B-A90B-DEC1D013E58C}.Ad-Hoc|iPhone.Build.0 = Release|Any CPU
		{6C9F8177-28AE-415B-A90B-DEC1D013E58C}.Ad-Hoc|iPhone.Deploy.0 = Release|Any CPU
		{6C9F8177-28AE-415B-A90B-DEC1D013E58C}.Ad-Hoc|iPhoneSimulator.ActiveCfg = Release|Any CPU
		{6C9F8177-28AE-415B-A90B-DEC1D013E58C}.Ad-Hoc|iPhoneSimulator.Build.0 = Release|Any CPU
		{6C9F8177-28AE-415B-A90B-DEC1D013E58C}.Ad-Hoc|iPhoneSimulator.Deploy.0 = Release|Any CPU
		{6C9F8177-28AE-415B-A90B-DEC1D013E58C}.Ad-Hoc|x64.ActiveCfg = Release|Any CPU
		{6C9F8177-28AE-415B-A90B-DEC1D013E58C}.Ad-Hoc|x64.Build.0 = Release|Any CPU
		{6C9F8177-28AE-415B-A90B-DEC1D013E58C}.Ad-Hoc|x64.Deploy.0 = Release|Any CPU
		{6C9F8177-28AE-415B-A90B-DEC1D013E58C}.Ad-Hoc|x86.ActiveCfg = Release|x86
		{6C9F8177-28AE-415B-A90B-DEC1D013E58C}.Ad-Hoc|x86.Build.0 = Release|x86
		{6C9F8177-28AE-415B-A90B-DEC1D013E58C}.Ad-Hoc|x86.Deploy.0 = Release|x86
		{6C9F8177-28AE-415B-A90B-DEC1D013E58C}.AppStore|Any CPU.ActiveCfg = Release|Any CPU
		{6C9F8177-28AE-415B-A90B-DEC1D013E58C}.AppStore|Any CPU.Build.0 = Release|Any CPU
		{6C9F8177-28AE-415B-A90B-DEC1D013E58C}.AppStore|Any CPU.Deploy.0 = Release|Any CPU
		{6C9F8177-28AE-415B-A90B-DEC1D013E58C}.AppStore|ARM.ActiveCfg = Release|ARM
		{6C9F8177-28AE-415B-A90B-DEC1D013E58C}.AppStore|ARM.Build.0 = Release|ARM
		{6C9F8177-28AE-415B-A90B-DEC1D013E58C}.AppStore|ARM.Deploy.0 = Release|ARM
		{6C9F8177-28AE-415B-A90B-DEC1D013E58C}.AppStore|iPhone.ActiveCfg = Release|Any CPU
		{6C9F8177-28AE-415B-A90B-DEC1D013E58C}.AppStore|iPhone.Build.0 = Release|Any CPU
		{6C9F8177-28AE-415B-A90B-DEC1D013E58C}.AppStore|iPhone.Deploy.0 = Release|Any CPU
		{6C9F8177-28AE-415B-A90B-DEC1D013E58C}.AppStore|iPhoneSimulator.ActiveCfg = Release|Any CPU
		{6C9F8177-28AE-415B-A90B-DEC1D013E58C}.AppStore|iPhoneSimulator.Build.0 = Release|Any CPU
		{6C9F8177-28AE-415B-A90B-DEC1D013E58C}.AppStore|iPhoneSimulator.Deploy.0 = Release|Any CPU
		{6C9F8177-28AE-415B-A90B-DEC1D013E58C}.AppStore|x64.ActiveCfg = Release|Any CPU
		{6C9F8177-28AE-415B-A90B-DEC1D013E58C}.AppStore|x64.Build.0 = Release|Any CPU
		{6C9F8177-28AE-415B-A90B-DEC1D013E58C}.AppStore|x64.Deploy.0 = Release|Any CPU
		{6C9F8177-28AE-415B-A90B-DEC1D013E58C}.AppStore|x86.ActiveCfg = Release|x86
		{6C9F8177-28AE-415B-A90B-DEC1D013E58C}.AppStore|x86.Build.0 = Release|x86
		{6C9F8177-28AE-415B-A90B-DEC1D013E58C}.AppStore|x86.Deploy.0 = Release|x86
		{6C9F8177-28AE-415B-A90B-DEC1D013E58C}.Debug|Any CPU.ActiveCfg = Debug|Any CPU
		{6C9F8177-28AE-415B-A90B-DEC1D013E58C}.Debug|Any CPU.Build.0 = Debug|Any CPU
		{6C9F8177-28AE-415B-A90B-DEC1D013E58C}.Debug|Any CPU.Deploy.0 = Debug|Any CPU
		{6C9F8177-28AE-415B-A90B-DEC1D013E58C}.Debug|ARM.ActiveCfg = Debug|ARM
		{6C9F8177-28AE-415B-A90B-DEC1D013E58C}.Debug|ARM.Build.0 = Debug|ARM
		{6C9F8177-28AE-415B-A90B-DEC1D013E58C}.Debug|ARM.Deploy.0 = Debug|ARM
		{6C9F8177-28AE-415B-A90B-DEC1D013E58C}.Debug|iPhone.ActiveCfg = Debug|Any CPU
		{6C9F8177-28AE-415B-A90B-DEC1D013E58C}.Debug|iPhone.Build.0 = Debug|Any CPU
		{6C9F8177-28AE-415B-A90B-DEC1D013E58C}.Debug|iPhone.Deploy.0 = Debug|Any CPU
		{6C9F8177-28AE-415B-A90B-DEC1D013E58C}.Debug|iPhoneSimulator.ActiveCfg = Debug|Any CPU
		{6C9F8177-28AE-415B-A90B-DEC1D013E58C}.Debug|iPhoneSimulator.Build.0 = Debug|Any CPU
		{6C9F8177-28AE-415B-A90B-DEC1D013E58C}.Debug|iPhoneSimulator.Deploy.0 = Debug|Any CPU
		{6C9F8177-28AE-415B-A90B-DEC1D013E58C}.Debug|x64.ActiveCfg = Debug|Any CPU
		{6C9F8177-28AE-415B-A90B-DEC1D013E58C}.Debug|x64.Build.0 = Debug|Any CPU
		{6C9F8177-28AE-415B-A90B-DEC1D013E58C}.Debug|x64.Deploy.0 = Debug|Any CPU
		{6C9F8177-28AE-415B-A90B-DEC1D013E58C}.Debug|x86.ActiveCfg = Debug|x86
		{6C9F8177-28AE-415B-A90B-DEC1D013E58C}.Debug|x86.Build.0 = Debug|x86
		{6C9F8177-28AE-415B-A90B-DEC1D013E58C}.Debug|x86.Deploy.0 = Debug|x86
		{6C9F8177-28AE-415B-A90B-DEC1D013E58C}.Release|Any CPU.ActiveCfg = Release|Any CPU
		{6C9F8177-28AE-415B-A90B-DEC1D013E58C}.Release|Any CPU.Build.0 = Release|Any CPU
		{6C9F8177-28AE-415B-A90B-DEC1D013E58C}.Release|Any CPU.Deploy.0 = Release|Any CPU
		{6C9F8177-28AE-415B-A90B-DEC1D013E58C}.Release|ARM.ActiveCfg = Release|ARM
		{6C9F8177-28AE-415B-A90B-DEC1D013E58C}.Release|ARM.Build.0 = Release|ARM
		{6C9F8177-28AE-415B-A90B-DEC1D013E58C}.Release|ARM.Deploy.0 = Release|ARM
		{6C9F8177-28AE-415B-A90B-DEC1D013E58C}.Release|iPhone.ActiveCfg = Release|Any CPU
		{6C9F8177-28AE-415B-A90B-DEC1D013E58C}.Release|iPhone.Build.0 = Release|Any CPU
		{6C9F8177-28AE-415B-A90B-DEC1D013E58C}.Release|iPhone.Deploy.0 = Release|Any CPU
		{6C9F8177-28AE-415B-A90B-DEC1D013E58C}.Release|iPhoneSimulator.ActiveCfg = Release|Any CPU
		{6C9F8177-28AE-415B-A90B-DEC1D013E58C}.Release|iPhoneSimulator.Build.0 = Release|Any CPU
		{6C9F8177-28AE-415B-A90B-DEC1D013E58C}.Release|iPhoneSimulator.Deploy.0 = Release|Any CPU
		{6C9F8177-28AE-415B-A90B-DEC1D013E58C}.Release|x64.ActiveCfg = Release|Any CPU
		{6C9F8177-28AE-415B-A90B-DEC1D013E58C}.Release|x64.Build.0 = Release|Any CPU
		{6C9F8177-28AE-415B-A90B-DEC1D013E58C}.Release|x64.Deploy.0 = Release|Any CPU
		{6C9F8177-28AE-415B-A90B-DEC1D013E58C}.Release|x86.ActiveCfg = Release|x86
		{6C9F8177-28AE-415B-A90B-DEC1D013E58C}.Release|x86.Build.0 = Release|x86
		{6C9F8177-28AE-415B-A90B-DEC1D013E58C}.Release|x86.Deploy.0 = Release|x86
		{A23E09BD-0C60-4390-BEAA-403221E5AADB}.Ad-Hoc|Any CPU.ActiveCfg = Release|x86
		{A23E09BD-0C60-4390-BEAA-403221E5AADB}.Ad-Hoc|Any CPU.Build.0 = Release|x86
		{A23E09BD-0C60-4390-BEAA-403221E5AADB}.Ad-Hoc|Any CPU.Deploy.0 = Release|x86
		{A23E09BD-0C60-4390-BEAA-403221E5AADB}.Ad-Hoc|ARM.ActiveCfg = Release|ARM
		{A23E09BD-0C60-4390-BEAA-403221E5AADB}.Ad-Hoc|ARM.Build.0 = Release|ARM
		{A23E09BD-0C60-4390-BEAA-403221E5AADB}.Ad-Hoc|ARM.Deploy.0 = Release|ARM
		{A23E09BD-0C60-4390-BEAA-403221E5AADB}.Ad-Hoc|iPhone.ActiveCfg = Release|x86
		{A23E09BD-0C60-4390-BEAA-403221E5AADB}.Ad-Hoc|iPhone.Build.0 = Release|x86
		{A23E09BD-0C60-4390-BEAA-403221E5AADB}.Ad-Hoc|iPhone.Deploy.0 = Release|x86
		{A23E09BD-0C60-4390-BEAA-403221E5AADB}.Ad-Hoc|iPhoneSimulator.ActiveCfg = Release|x86
		{A23E09BD-0C60-4390-BEAA-403221E5AADB}.Ad-Hoc|iPhoneSimulator.Build.0 = Release|x86
		{A23E09BD-0C60-4390-BEAA-403221E5AADB}.Ad-Hoc|iPhoneSimulator.Deploy.0 = Release|x86
		{A23E09BD-0C60-4390-BEAA-403221E5AADB}.Ad-Hoc|x64.ActiveCfg = Release|x64
		{A23E09BD-0C60-4390-BEAA-403221E5AADB}.Ad-Hoc|x64.Build.0 = Release|x64
		{A23E09BD-0C60-4390-BEAA-403221E5AADB}.Ad-Hoc|x64.Deploy.0 = Release|x64
		{A23E09BD-0C60-4390-BEAA-403221E5AADB}.Ad-Hoc|x86.ActiveCfg = Release|x86
		{A23E09BD-0C60-4390-BEAA-403221E5AADB}.Ad-Hoc|x86.Build.0 = Release|x86
		{A23E09BD-0C60-4390-BEAA-403221E5AADB}.Ad-Hoc|x86.Deploy.0 = Release|x86
		{A23E09BD-0C60-4390-BEAA-403221E5AADB}.AppStore|Any CPU.ActiveCfg = Release|x86
		{A23E09BD-0C60-4390-BEAA-403221E5AADB}.AppStore|Any CPU.Build.0 = Release|x86
		{A23E09BD-0C60-4390-BEAA-403221E5AADB}.AppStore|Any CPU.Deploy.0 = Release|x86
		{A23E09BD-0C60-4390-BEAA-403221E5AADB}.AppStore|ARM.ActiveCfg = Release|ARM
		{A23E09BD-0C60-4390-BEAA-403221E5AADB}.AppStore|ARM.Build.0 = Release|ARM
		{A23E09BD-0C60-4390-BEAA-403221E5AADB}.AppStore|ARM.Deploy.0 = Release|ARM
		{A23E09BD-0C60-4390-BEAA-403221E5AADB}.AppStore|iPhone.ActiveCfg = Release|x86
		{A23E09BD-0C60-4390-BEAA-403221E5AADB}.AppStore|iPhone.Build.0 = Release|x86
		{A23E09BD-0C60-4390-BEAA-403221E5AADB}.AppStore|iPhone.Deploy.0 = Release|x86
		{A23E09BD-0C60-4390-BEAA-403221E5AADB}.AppStore|iPhoneSimulator.ActiveCfg = Release|x86
		{A23E09BD-0C60-4390-BEAA-403221E5AADB}.AppStore|iPhoneSimulator.Build.0 = Release|x86
		{A23E09BD-0C60-4390-BEAA-403221E5AADB}.AppStore|iPhoneSimulator.Deploy.0 = Release|x86
		{A23E09BD-0C60-4390-BEAA-403221E5AADB}.AppStore|x64.ActiveCfg = Release|x64
		{A23E09BD-0C60-4390-BEAA-403221E5AADB}.AppStore|x64.Build.0 = Release|x64
		{A23E09BD-0C60-4390-BEAA-403221E5AADB}.AppStore|x64.Deploy.0 = Release|x64
		{A23E09BD-0C60-4390-BEAA-403221E5AADB}.AppStore|x86.ActiveCfg = Release|x86
		{A23E09BD-0C60-4390-BEAA-403221E5AADB}.AppStore|x86.Build.0 = Release|x86
		{A23E09BD-0C60-4390-BEAA-403221E5AADB}.AppStore|x86.Deploy.0 = Release|x86
		{A23E09BD-0C60-4390-BEAA-403221E5AADB}.Debug|Any CPU.ActiveCfg = Debug|x86
		{A23E09BD-0C60-4390-BEAA-403221E5AADB}.Debug|Any CPU.Build.0 = Debug|x86
		{A23E09BD-0C60-4390-BEAA-403221E5AADB}.Debug|Any CPU.Deploy.0 = Debug|x86
		{A23E09BD-0C60-4390-BEAA-403221E5AADB}.Debug|ARM.ActiveCfg = Debug|ARM
		{A23E09BD-0C60-4390-BEAA-403221E5AADB}.Debug|ARM.Build.0 = Debug|ARM
		{A23E09BD-0C60-4390-BEAA-403221E5AADB}.Debug|ARM.Deploy.0 = Debug|ARM
		{A23E09BD-0C60-4390-BEAA-403221E5AADB}.Debug|iPhone.ActiveCfg = Debug|x86
		{A23E09BD-0C60-4390-BEAA-403221E5AADB}.Debug|iPhoneSimulator.ActiveCfg = Debug|x86
		{A23E09BD-0C60-4390-BEAA-403221E5AADB}.Debug|x64.ActiveCfg = Debug|x64
		{A23E09BD-0C60-4390-BEAA-403221E5AADB}.Debug|x64.Build.0 = Debug|x64
		{A23E09BD-0C60-4390-BEAA-403221E5AADB}.Debug|x64.Deploy.0 = Debug|x64
		{A23E09BD-0C60-4390-BEAA-403221E5AADB}.Debug|x86.ActiveCfg = Debug|x86
		{A23E09BD-0C60-4390-BEAA-403221E5AADB}.Debug|x86.Build.0 = Debug|x86
		{A23E09BD-0C60-4390-BEAA-403221E5AADB}.Debug|x86.Deploy.0 = Debug|x86
		{A23E09BD-0C60-4390-BEAA-403221E5AADB}.Release|Any CPU.ActiveCfg = Release|x86
		{A23E09BD-0C60-4390-BEAA-403221E5AADB}.Release|ARM.ActiveCfg = Release|ARM
		{A23E09BD-0C60-4390-BEAA-403221E5AADB}.Release|ARM.Build.0 = Release|ARM
		{A23E09BD-0C60-4390-BEAA-403221E5AADB}.Release|ARM.Deploy.0 = Release|ARM
		{A23E09BD-0C60-4390-BEAA-403221E5AADB}.Release|iPhone.ActiveCfg = Release|x86
		{A23E09BD-0C60-4390-BEAA-403221E5AADB}.Release|iPhoneSimulator.ActiveCfg = Release|x86
		{A23E09BD-0C60-4390-BEAA-403221E5AADB}.Release|x64.ActiveCfg = Release|x64
		{A23E09BD-0C60-4390-BEAA-403221E5AADB}.Release|x64.Build.0 = Release|x64
		{A23E09BD-0C60-4390-BEAA-403221E5AADB}.Release|x64.Deploy.0 = Release|x64
		{A23E09BD-0C60-4390-BEAA-403221E5AADB}.Release|x86.ActiveCfg = Release|x86
		{A23E09BD-0C60-4390-BEAA-403221E5AADB}.Release|x86.Build.0 = Release|x86
		{A23E09BD-0C60-4390-BEAA-403221E5AADB}.Release|x86.Deploy.0 = Release|x86
		{7105109A-6690-49DA-BD1D-28A566AF064F}.Ad-Hoc|Any CPU.ActiveCfg = Release|Any CPU
		{7105109A-6690-49DA-BD1D-28A566AF064F}.Ad-Hoc|Any CPU.Build.0 = Release|Any CPU
		{7105109A-6690-49DA-BD1D-28A566AF064F}.Ad-Hoc|Any CPU.Deploy.0 = Release|Any CPU
		{7105109A-6690-49DA-BD1D-28A566AF064F}.Ad-Hoc|ARM.ActiveCfg = Release|ARM
		{7105109A-6690-49DA-BD1D-28A566AF064F}.Ad-Hoc|ARM.Build.0 = Release|ARM
		{7105109A-6690-49DA-BD1D-28A566AF064F}.Ad-Hoc|ARM.Deploy.0 = Release|ARM
		{7105109A-6690-49DA-BD1D-28A566AF064F}.Ad-Hoc|iPhone.ActiveCfg = Release|Any CPU
		{7105109A-6690-49DA-BD1D-28A566AF064F}.Ad-Hoc|iPhone.Build.0 = Release|Any CPU
		{7105109A-6690-49DA-BD1D-28A566AF064F}.Ad-Hoc|iPhone.Deploy.0 = Release|Any CPU
		{7105109A-6690-49DA-BD1D-28A566AF064F}.Ad-Hoc|iPhoneSimulator.ActiveCfg = Release|Any CPU
		{7105109A-6690-49DA-BD1D-28A566AF064F}.Ad-Hoc|iPhoneSimulator.Build.0 = Release|Any CPU
		{7105109A-6690-49DA-BD1D-28A566AF064F}.Ad-Hoc|iPhoneSimulator.Deploy.0 = Release|Any CPU
		{7105109A-6690-49DA-BD1D-28A566AF064F}.Ad-Hoc|x64.ActiveCfg = Release|x64
		{7105109A-6690-49DA-BD1D-28A566AF064F}.Ad-Hoc|x64.Build.0 = Release|x64
		{7105109A-6690-49DA-BD1D-28A566AF064F}.Ad-Hoc|x64.Deploy.0 = Release|x64
		{7105109A-6690-49DA-BD1D-28A566AF064F}.Ad-Hoc|x86.ActiveCfg = Release|x86
		{7105109A-6690-49DA-BD1D-28A566AF064F}.Ad-Hoc|x86.Build.0 = Release|x86
		{7105109A-6690-49DA-BD1D-28A566AF064F}.Ad-Hoc|x86.Deploy.0 = Release|x86
		{7105109A-6690-49DA-BD1D-28A566AF064F}.AppStore|Any CPU.ActiveCfg = Release|Any CPU
		{7105109A-6690-49DA-BD1D-28A566AF064F}.AppStore|Any CPU.Build.0 = Release|Any CPU
		{7105109A-6690-49DA-BD1D-28A566AF064F}.AppStore|Any CPU.Deploy.0 = Release|Any CPU
		{7105109A-6690-49DA-BD1D-28A566AF064F}.AppStore|ARM.ActiveCfg = Release|ARM
		{7105109A-6690-49DA-BD1D-28A566AF064F}.AppStore|ARM.Build.0 = Release|ARM
		{7105109A-6690-49DA-BD1D-28A566AF064F}.AppStore|ARM.Deploy.0 = Release|ARM
		{7105109A-6690-49DA-BD1D-28A566AF064F}.AppStore|iPhone.ActiveCfg = Release|Any CPU
		{7105109A-6690-49DA-BD1D-28A566AF064F}.AppStore|iPhone.Build.0 = Release|Any CPU
		{7105109A-6690-49DA-BD1D-28A566AF064F}.AppStore|iPhone.Deploy.0 = Release|Any CPU
		{7105109A-6690-49DA-BD1D-28A566AF064F}.AppStore|iPhoneSimulator.ActiveCfg = Release|Any CPU
		{7105109A-6690-49DA-BD1D-28A566AF064F}.AppStore|iPhoneSimulator.Build.0 = Release|Any CPU
		{7105109A-6690-49DA-BD1D-28A566AF064F}.AppStore|iPhoneSimulator.Deploy.0 = Release|Any CPU
		{7105109A-6690-49DA-BD1D-28A566AF064F}.AppStore|x64.ActiveCfg = Release|x64
		{7105109A-6690-49DA-BD1D-28A566AF064F}.AppStore|x64.Build.0 = Release|x64
		{7105109A-6690-49DA-BD1D-28A566AF064F}.AppStore|x64.Deploy.0 = Release|x64
		{7105109A-6690-49DA-BD1D-28A566AF064F}.AppStore|x86.ActiveCfg = Release|x86
		{7105109A-6690-49DA-BD1D-28A566AF064F}.AppStore|x86.Build.0 = Release|x86
		{7105109A-6690-49DA-BD1D-28A566AF064F}.AppStore|x86.Deploy.0 = Release|x86
		{7105109A-6690-49DA-BD1D-28A566AF064F}.Debug|Any CPU.ActiveCfg = Debug|Any CPU
		{7105109A-6690-49DA-BD1D-28A566AF064F}.Debug|Any CPU.Build.0 = Debug|Any CPU
		{7105109A-6690-49DA-BD1D-28A566AF064F}.Debug|Any CPU.Deploy.0 = Debug|Any CPU
		{7105109A-6690-49DA-BD1D-28A566AF064F}.Debug|ARM.ActiveCfg = Debug|ARM
		{7105109A-6690-49DA-BD1D-28A566AF064F}.Debug|ARM.Build.0 = Debug|ARM
		{7105109A-6690-49DA-BD1D-28A566AF064F}.Debug|ARM.Deploy.0 = Debug|ARM
		{7105109A-6690-49DA-BD1D-28A566AF064F}.Debug|iPhone.ActiveCfg = Debug|Any CPU
		{7105109A-6690-49DA-BD1D-28A566AF064F}.Debug|iPhone.Build.0 = Debug|Any CPU
		{7105109A-6690-49DA-BD1D-28A566AF064F}.Debug|iPhone.Deploy.0 = Debug|Any CPU
		{7105109A-6690-49DA-BD1D-28A566AF064F}.Debug|iPhoneSimulator.ActiveCfg = Debug|Any CPU
		{7105109A-6690-49DA-BD1D-28A566AF064F}.Debug|iPhoneSimulator.Build.0 = Debug|Any CPU
		{7105109A-6690-49DA-BD1D-28A566AF064F}.Debug|iPhoneSimulator.Deploy.0 = Debug|Any CPU
		{7105109A-6690-49DA-BD1D-28A566AF064F}.Debug|x64.ActiveCfg = Debug|x64
		{7105109A-6690-49DA-BD1D-28A566AF064F}.Debug|x64.Build.0 = Debug|x64
		{7105109A-6690-49DA-BD1D-28A566AF064F}.Debug|x64.Deploy.0 = Debug|x64
		{7105109A-6690-49DA-BD1D-28A566AF064F}.Debug|x86.ActiveCfg = Debug|x86
		{7105109A-6690-49DA-BD1D-28A566AF064F}.Debug|x86.Build.0 = Debug|x86
		{7105109A-6690-49DA-BD1D-28A566AF064F}.Debug|x86.Deploy.0 = Debug|x86
		{7105109A-6690-49DA-BD1D-28A566AF064F}.Release|Any CPU.ActiveCfg = Release|Any CPU
		{7105109A-6690-49DA-BD1D-28A566AF064F}.Release|Any CPU.Build.0 = Release|Any CPU
		{7105109A-6690-49DA-BD1D-28A566AF064F}.Release|Any CPU.Deploy.0 = Release|Any CPU
		{7105109A-6690-49DA-BD1D-28A566AF064F}.Release|ARM.ActiveCfg = Release|ARM
		{7105109A-6690-49DA-BD1D-28A566AF064F}.Release|ARM.Build.0 = Release|ARM
		{7105109A-6690-49DA-BD1D-28A566AF064F}.Release|ARM.Deploy.0 = Release|ARM
		{7105109A-6690-49DA-BD1D-28A566AF064F}.Release|iPhone.ActiveCfg = Release|Any CPU
		{7105109A-6690-49DA-BD1D-28A566AF064F}.Release|iPhone.Build.0 = Release|Any CPU
		{7105109A-6690-49DA-BD1D-28A566AF064F}.Release|iPhone.Deploy.0 = Release|Any CPU
		{7105109A-6690-49DA-BD1D-28A566AF064F}.Release|iPhoneSimulator.ActiveCfg = Release|Any CPU
		{7105109A-6690-49DA-BD1D-28A566AF064F}.Release|iPhoneSimulator.Build.0 = Release|Any CPU
		{7105109A-6690-49DA-BD1D-28A566AF064F}.Release|iPhoneSimulator.Deploy.0 = Release|Any CPU
		{7105109A-6690-49DA-BD1D-28A566AF064F}.Release|x64.ActiveCfg = Release|x64
		{7105109A-6690-49DA-BD1D-28A566AF064F}.Release|x64.Build.0 = Release|x64
		{7105109A-6690-49DA-BD1D-28A566AF064F}.Release|x64.Deploy.0 = Release|x64
		{7105109A-6690-49DA-BD1D-28A566AF064F}.Release|x86.ActiveCfg = Release|x86
		{7105109A-6690-49DA-BD1D-28A566AF064F}.Release|x86.Build.0 = Release|x86
		{7105109A-6690-49DA-BD1D-28A566AF064F}.Release|x86.Deploy.0 = Release|x86
	EndGlobalSection
	GlobalSection(SolutionProperties) = preSolution
		HideSolutionNode = FALSE
	EndGlobalSection
EndGlobal
